<?xml version="1.0" encoding="utf-8"?>
<Project ToolsVersion="4.0" xmlns="http://schemas.microsoft.com/developer/msbuild/2003">
  <ItemGroup>
    <ClCompile Include="dllmain.cpp" />
    <ClCompile Include="Src\CKPE.Fallout4.Runner.cpp">
      <Filter>API</Filter>
    </ClCompile>
    <ClCompile Include="Src\CKPE.Fallout4.VersionLists.cpp">
      <Filter>API</Filter>
    </ClCompile>
    <ClCompile Include="Src\Patches\CKPE.Fallout4.Patch.AllowMultipleWindowAndMaster.cpp">
      <Filter>Patches</Filter>
    </ClCompile>
    <ClCompile Include="Src\Patches\CKPE.Fallout4.Patch.EncounterZone.cpp">
      <Filter>Patches</Filter>
    </ClCompile>
    <ClCompile Include="Src\Patches\CKPE.Fallout4.Patch.FixDeleteTintToRace.cpp">
      <Filter>Patches</Filter>
    </ClCompile>
    <ClCompile Include="Src\Patches\CKPE.Fallout4.Patch.Console.cpp">
      <Filter>Patches</Filter>
    </ClCompile>
    <ClCompile Include="Src\Patches\CKPE.Fallout4.Patch.MemoryManager.cpp">
      <Filter>Patches</Filter>
    </ClCompile>
    <ClCompile Include="Src\Patches\CKPE.Fallout4.Patch.Facegen.cpp">
      <Filter>Patches</Filter>
    </ClCompile>
    <ClCompile Include="Src\Patches\CKPE.Fallout4.Patch.D3D11.cpp">
      <Filter>Patches</Filter>
    </ClCompile>
    <ClCompile Include="Src\CKPE.Fallout4.D3D11ImagespaceAA.cpp">
      <Filter>API</Filter>
    </ClCompile>
    <ClCompile Include="Src\CKPE.Fallout4.D3D11Shaders.cpp">
      <Filter>API</Filter>
    </ClCompile>
    <ClCompile Include="..\Dependencies\DirectXTex\src\ScreenGrab11.cpp">
      <Filter>_depend</Filter>
    </ClCompile>
    <ClCompile Include="Src\Patches\CKPE.Fallout4.Patch.FixSmoothValue.cpp">
      <Filter>Patches</Filter>
    </ClCompile>
    <ClCompile Include="Src\Patches\CKPE.Fallout4.Patch.FixCrashSpellEaxDur.cpp">
      <Filter>Patches</Filter>
    </ClCompile>
    <ClCompile Include="Src\Patches\CKPE.Fallout4.Patch.FixCrashNoRootMat.cpp">
      <Filter>Patches</Filter>
    </ClCompile>
    <ClCompile Include="Src\Patches\CKPE.Fallout4.Patch.FixCrashMapMarkerCmd.cpp">
      <Filter>Patches</Filter>
    </ClCompile>
    <ClCompile Include="Src\Patches\CKPE.Fallout4.Patch.FixBNet.cpp">
      <Filter>Patches</Filter>
    </ClCompile>
    <ClCompile Include="Src\Patches\CKPE.Fallout4.Patch.FixBadPictureInRender.cpp">
      <Filter>Patches</Filter>
    </ClCompile>
    <ClCompile Include="Src\Patches\CKPE.Fallout4.Patch.EnableGoInSelGame.cpp">
      <Filter>Patches</Filter>
    </ClCompile>
    <ClCompile Include="Src\Patches\CKPE.Fallout4.Patch.DontMatchForms.cpp">
      <Filter>Patches</Filter>
    </ClCompile>
    <ClCompile Include="Src\Patches\CKPE.Fallout4.Patch.CrashConditionItemGetCrime.cpp">
      <Filter>Patches</Filter>
    </ClCompile>
    <ClCompile Include="Src\Patches\CKPE.Fallout4.Patch.VersionControlMergeWorkaround.cpp">
      <Filter>Patches</Filter>
    </ClCompile>
    <ClCompile Include="Src\Patches\CKPE.Fallout4.Patch.Unicode.cpp">
      <Filter>Patches</Filter>
    </ClCompile>
    <ClCompile Include="Src\EditorAPI\NiAPI\NiMemoryManager.cpp">
      <Filter>EditorAPI\_API_\NiAPI</Filter>
    </ClCompile>
    <ClCompile Include="Src\Patches\CKPE.Fallout4.Patch.IncreaseChunkSizeForSNAM.cpp">
      <Filter>Patches</Filter>
    </ClCompile>
    <ClCompile Include="Src\Patches\CKPE.Fallout4.Patch.FixTabDeleteCrash.cpp">
      <Filter>Patches</Filter>
    </ClCompile>
    <ClCompile Include="Src\Patches\CKPE.Fallout4.Patch.SkipTopicInfoValidation.cpp">
      <Filter>Patches</Filter>
    </ClCompile>
    <ClCompile Include="Src\Patches\CKPE.Fallout4.Patch.UIHotkeys.cpp">
      <Filter>Patches</Filter>
    </ClCompile>
    <ClCompile Include="Src\Patches\CKPE.Fallout4.Patch.FlowChartX.cpp">
      <Filter>Patches</Filter>
    </ClCompile>
    <ClCompile Include="Src\Patches\CKPE.Fallout4.Patch.PapyrusEditorLimit.cpp">
      <Filter>Patches</Filter>
    </ClCompile>
    <ClCompile Include="Src\Patches\CKPE.Fallout4.Patch.RenderWindow60FPS.cpp">
      <Filter>Patches</Filter>
    </ClCompile>
    <ClCompile Include="Src\Patches\CKPE.Fallout4.Patch.RenameCreationKitApp.cpp">
      <Filter>Patches</Filter>
    </ClCompile>
    <ClCompile Include="Src\EditorAPI\Forms\TESForm.cpp">
      <Filter>EditorAPI\_API_\Forms</Filter>
    </ClCompile>
    <ClCompile Include="Src\Patches\CKPE.Fallout4.Patch.CrashDump.cpp">
      <Filter>Patches</Filter>
    </ClCompile>
    <ClCompile Include="Src\Patches\CKPE.Fallout4.Patch.ModernThemePatchAdditional.cpp">
      <Filter>Patches</Filter>
    </ClCompile>
    <ClCompile Include="Src\Patches\CKPE.Fallout4.Patch.DisableAssertion.cpp">
      <Filter>Patches</Filter>
    </ClCompile>
    <ClCompile Include="Src\Patches\CKPE.Fallout4.Patch.DataWindow.cpp">
      <Filter>Patches</Filter>
    </ClCompile>
    <ClCompile Include="Src\Patches\CKPE.Fallout4.Patch.ESLTip.cpp">
      <Filter>Patches</Filter>
    </ClCompile>
    <ClCompile Include="Src\Patches\CKPE.Fallout4.Patch.TESDataHandlerHook.cpp">
      <Filter>Patches</Filter>
    </ClCompile>
    <ClCompile Include="Src\EditorAPI\Forms\BGSLayer.cpp">
      <Filter>EditorAPI\_API_\Forms</Filter>
    </ClCompile>
    <ClCompile Include="Src\Patches\CKPE.Fallout4.Patch.FixLandspaceVNML.cpp">
      <Filter>Patches</Filter>
    </ClCompile>
    <ClCompile Include="Src\Patches\CKPE.Fallout4.Patch.FixPluginTXT.cpp">
      <Filter>Patches</Filter>
    </ClCompile>
    <ClCompile Include="Src\Patches\CKPE.Fallout4.Patch.FixRecursiveSorting.cpp">
      <Filter>Patches</Filter>
    </ClCompile>
    <ClCompile Include="Src\Patches\CKPE.Fallout4.Patch.FixLoadD3DCompiler.cpp">
      <Filter>Patches</Filter>
    </ClCompile>
    <ClCompile Include="Src\Patches\CKPE.Fallout4.Patch.ResponseIgnoreMax.cpp">
      <Filter>Patches</Filter>
    </ClCompile>
    <ClCompile Include="Src\Patches\CKPE.Fallout4.Patch.RunNetworkDisable.cpp">
      <Filter>Patches</Filter>
    </ClCompile>
    <ClCompile Include="Src\Patches\CKPE.Fallout4.Patch.SortCrashCombined.cpp">
      <Filter>Patches</Filter>
    </ClCompile>
    <ClCompile Include="Src\Patches\CKPE.Fallout4.Patch.SkipUpdateCheck.cpp">
      <Filter>Patches</Filter>
    </ClCompile>
    <ClCompile Include="Src\Patches\CKPE.Fallout4.Patch.ChooseSoundFile.cpp">
      <Filter>Patches</Filter>
    </ClCompile>
    <ClCompile Include="Src\Patches\CKPE.Fallout4.Patch.FixInfiniteLoopPapyrusCompile.cpp">
      <Filter>Patches</Filter>
    </ClCompile>
    <ClCompile Include="Src\Patches\CKPE.Fallout4.Patch.FixSortPropObjectMod.cpp">
      <Filter>Patches</Filter>
    </ClCompile>
    <ClCompile Include="Src\Patches\CKPE.Fallout4.Patch.CreateDDS.cpp">
      <Filter>Patches</Filter>
    </ClCompile>
    <ClCompile Include="Src\Patches\CKPE.Fallout4.Patch.Misc.cpp">
      <Filter>Patches</Filter>
    </ClCompile>
    <ClCompile Include="Src\Patches\CKPE.Fallout4.Patch.RemoveUselessMessages.cpp">
      <Filter>Patches</Filter>
    </ClCompile>
    <ClCompile Include="Src\Patches\CKPE.Fallout4.Patch.TESFormHook.cpp">
      <Filter>Patches</Filter>
    </ClCompile>
    <ClCompile Include="Src\Patches\CKPE.Fallout4.Patch.FixVC.cpp">
      <Filter>Patches</Filter>
    </ClCompile>
    <ClCompile Include="Src\Patches\CKPE.Fallout4.Patch.ObjectWindow.cpp">
      <Filter>Patches</Filter>
    </ClCompile>
    <ClCompile Include="Src\Patches\CKPE.Fallout4.Patch.RenderWindow.cpp">
      <Filter>Patches</Filter>
    </ClCompile>
    <ClCompile Include="Src\EditorAPI\NiAPI\NiRefObject.cpp">
      <Filter>EditorAPI\_API_\NiAPI</Filter>
    </ClCompile>
    <ClCompile Include="Src\Patches\CKPE.Fallout4.Patch.FixSSAOInIntCell.cpp">
      <Filter>Patches</Filter>
    </ClCompile>
    <ClCompile Include="Src\Patches\CKPE.Fallout4.Patch.TESHook.cpp">
      <Filter>Patches</Filter>
    </ClCompile>
    <ClCompile Include="Src\Patches\CKPE.Fallout4.Patch.NavMeshWindow.cpp">
      <Filter>Patches</Filter>
    </ClCompile>
    <ClCompile Include="Src\Patches\CKPE.Fallout4.Patch.CellViewWindow.cpp">
      <Filter>Patches</Filter>
    </ClCompile>
    <ClCompile Include="Src\Patches\CKPE.Fallout4.Patch.MainWindow.cpp">
      <Filter>Patches</Filter>
    </ClCompile>
    <ClCompile Include="Src\Patches\CKPE.Fallout4.Patch.ProgressWindow.cpp">
      <Filter>Patches</Filter>
    </ClCompile>
    <ClCompile Include="Src\Patches\CKPE.Fallout4.Patch.ReplaceBSPointerHandleAndManager.cpp">
      <Filter>Patches</Filter>
    </ClCompile>
    <ClCompile Include="Src\Patches\CKPE.Fallout4.Patch.AllowSaveESMandMasterESP.cpp">
      <Filter>Patches</Filter>
    </ClCompile>
    <ClCompile Include="Src\Patches\CKPE.Fallout4.Patch.AddChangeRef.cpp">
      <Filter>Patches</Filter>
    </ClCompile>
    <ClCompile Include="Src\Patches\CKPE.Fallout4.Patch.AssertD3D11.cpp">
      <Filter>Patches</Filter>
    </ClCompile>
    <ClCompile Include="Src\Patches\CKPE.Fallout4.Patch.BSArchiveManagerModded.cpp">
      <Filter>Patches</Filter>
    </ClCompile>
    <ClCompile Include="Src\Patches\CKPE.Fallout4.Patch.BSResourceLooseFiles.cpp">
      <Filter>Patches</Filter>
    </ClCompile>
    <ClCompile Include="Src\Patches\CKPE.Fallout4.Patch.LoadShaders.cpp">
      <Filter>Patches</Filter>
    </ClCompile>
    <ClCompile Include="Src\Patches\CKPE.Fallout4.Patch.PreVis.cpp">
      <Filter>Patches</Filter>
    </ClCompile>
    <ClCompile Include="Src\Patches\CKPE.Fallout4.Patch.PreCombined.cpp">
      <Filter>Patches</Filter>
    </ClCompile>
    <ClCompile Include="Src\Patches\CKPE.Fallout4.Patch.OptimizationLoad.cpp">
      <Filter>Patches</Filter>
    </ClCompile>
    <ClCompile Include="Src\Patches\CKPE.Fallout4.Patch.LayersWindow.cpp">
      <Filter>Patches</Filter>
    </ClCompile>
    <ClCompile Include="Src\Patches\CKPE.Fallout4.Patch.ResponseWindow.cpp">
      <Filter>Patches</Filter>
    </ClCompile>
    <ClCompile Include="Src\Patches\CKPE.Fallout4.Patch.FixQuoteCmdLine.cpp">
      <Filter>Patches</Filter>
    </ClCompile>
    <ClCompile Include="Src\Patches\CKPE.Fallout4.Patch.FixSky.cpp">
      <Filter>Patches</Filter>
    </ClCompile>
    <ClCompile Include="Src\Patches\CKPE.Fallout4.Patch.WrongUpdateActorWnd.cpp">
      <Filter>Patches</Filter>
    </ClCompile>
    <ClCompile Include="Src\Patches\CKPE.Fallout4.Patch.UIDeffer.cpp">
      <Filter>Patches</Filter>
    </ClCompile>
    <ClCompile Include="Src\Patches\CKPE.Fallout4.Patch.FakeMoveLight.cpp">
      <Filter>Patches</Filter>
    </ClCompile>
    <ClCompile Include="Src\EditorAPI\ObjectRefHandle.cpp">
      <Filter>EditorAPI</Filter>
    </ClCompile>
    <ClCompile Include="Src\Patches\CKPE.Fallout4.Patch.CrashInvalidStrings.cpp">
      <Filter>Patches</Filter>
    </ClCompile>
    <ClCompile Include="Src\Patches\CKPE.Fallout4.Patch.HavokRigidBodyCrash.cpp">
      <Filter>Patches</Filter>
    </ClCompile>
    <ClCompile Include="Src\EditorAPI\BaseFormComponent.cpp">
      <Filter>EditorAPI\B</Filter>
    </ClCompile>
    <ClCompile Include="Src\EditorAPI\BSFile.cpp">
      <Filter>EditorAPI\B</Filter>
    </ClCompile>
    <ClCompile Include="Src\EditorAPI\BSReadWriteLock.cpp">
      <Filter>EditorAPI\B</Filter>
    </ClCompile>
    <ClCompile Include="Src\EditorAPI\BSResourceArchive2.cpp">
      <Filter>EditorAPI\B</Filter>
    </ClCompile>
    <ClCompile Include="Src\EditorAPI\BSResourceEntryDB.cpp">
      <Filter>EditorAPI\B</Filter>
    </ClCompile>
    <ClCompile Include="Src\EditorAPI\BSResourceLooseFiles.cpp">
      <Filter>EditorAPI\B</Filter>
    </ClCompile>
    <ClCompile Include="Src\EditorAPI\BSSettings.cpp">
      <Filter>EditorAPI\B</Filter>
    </ClCompile>
    <ClCompile Include="Src\EditorAPI\BSSpinLock.cpp">
      <Filter>EditorAPI\B</Filter>
    </ClCompile>
    <ClCompile Include="Src\EditorAPI\BSString.cpp">
      <Filter>EditorAPI\B</Filter>
    </ClCompile>
    <ClCompile Include="Src\EditorAPI\BSStringCache.cpp">
      <Filter>EditorAPI\B</Filter>
    </ClCompile>
    <ClCompile Include="Src\EditorAPI\TESDescription.cpp">
      <Filter>EditorAPI\T</Filter>
    </ClCompile>
    <ClCompile Include="Src\EditorAPI\TESFile.cpp">
      <Filter>EditorAPI\T</Filter>
    </ClCompile>
    <ClCompile Include="Src\EditorAPI\TESFullName.cpp">
      <Filter>EditorAPI\T</Filter>
    </ClCompile>
    <ClCompile Include="Src\EditorAPI\TESTexture.cpp">
      <Filter>EditorAPI\T</Filter>
    </ClCompile>
  </ItemGroup>
  <ItemGroup>
    <Filter Include="API">
      <UniqueIdentifier>{3702ce59-c3aa-443b-bcef-8b88553cb07f}</UniqueIdentifier>
    </Filter>
    <Filter Include="Patches">
      <UniqueIdentifier>{e1e37d04-c45d-4e00-b12e-637c1edc6ce9}</UniqueIdentifier>
    </Filter>
    <Filter Include="Resources">
      <UniqueIdentifier>{4682d2f7-f109-41f2-80a2-ad05770b361b}</UniqueIdentifier>
    </Filter>
    <Filter Include="Shaders">
      <UniqueIdentifier>{a278e88f-1f5d-4467-9cdc-0ced26acbd65}</UniqueIdentifier>
    </Filter>
    <Filter Include="_depend">
      <UniqueIdentifier>{1217bd2b-09ee-4fd9-add7-5811c91c0cf4}</UniqueIdentifier>
    </Filter>
    <Filter Include="EditorAPI">
      <UniqueIdentifier>{1ad15b36-3004-4b1d-9801-881529b4b1ff}</UniqueIdentifier>
    </Filter>
    <Filter Include="Version">
      <UniqueIdentifier>{86ffceb3-f415-48be-a3e1-6bcf5f0a66d4}</UniqueIdentifier>
    </Filter>
    <Filter Include="EditorAPI\_API_">
      <UniqueIdentifier>{b60879d2-2566-4b6e-a194-f01248ee401a}</UniqueIdentifier>
    </Filter>
    <Filter Include="EditorAPI\_API_\NiAPI">
      <UniqueIdentifier>{34382fdc-f755-41cc-abc6-7ff341126c6d}</UniqueIdentifier>
    </Filter>
    <Filter Include="EditorAPI\_API_\Forms">
      <UniqueIdentifier>{284bc3dd-4390-4324-97f9-8467d3347ebc}</UniqueIdentifier>
    </Filter>
    <Filter Include="EditorAPI\B">
      <UniqueIdentifier>{b36d1fcf-8ba2-42f7-a875-0cdee176b83a}</UniqueIdentifier>
    </Filter>
    <Filter Include="EditorAPI\T">
      <UniqueIdentifier>{d47b2ab3-d210-42c3-abb0-04343f54f744}</UniqueIdentifier>
    </Filter>
  </ItemGroup>
  <ItemGroup>
    <ClInclude Include="Include\CKPE.Fallout4.VersionLists.h">
      <Filter>API</Filter>
    </ClInclude>
    <ClInclude Include="Include\CKPE.Fallout4.Runner.h">
      <Filter>API</Filter>
    </ClInclude>
    <ClInclude Include="Include\Patches\CKPE.Fallout4.Patch.AllowMultipleWindowAndMaster.h">
      <Filter>Patches</Filter>
    </ClInclude>
    <ClInclude Include="Include\Patches\CKPE.Fallout4.Patch.EncounterZone.h">
      <Filter>Patches</Filter>
    </ClInclude>
    <ClInclude Include="Include\Patches\CKPE.Fallout4.Patch.FixDeleteTintToRace.h">
      <Filter>Patches</Filter>
    </ClInclude>
    <ClInclude Include="Include\Patches\CKPE.Fallout4.Patch.Console.h">
      <Filter>Patches</Filter>
    </ClInclude>
    <ClInclude Include="Include\Patches\CKPE.Fallout4.Patch.MemoryManager.h">
      <Filter>Patches</Filter>
    </ClInclude>
    <ClInclude Include="Include\Patches\CKPE.Fallout4.Patch.Facegen.h">
      <Filter>Patches</Filter>
    </ClInclude>
    <ClInclude Include="Include\Patches\CKPE.Fallout4.Patch.D3D11.h">
      <Filter>Patches</Filter>
    </ClInclude>
    <ClInclude Include="Include\CKPE.Fallout4.D3D11ImagespaceAA.h">
      <Filter>API</Filter>
    </ClInclude>
    <ClInclude Include="Include\CKPE.Fallout4.D3D11Shaders.h">
      <Filter>API</Filter>
    </ClInclude>
    <ClInclude Include="resource.h">
      <Filter>Resources</Filter>
    </ClInclude>
    <ClInclude Include="..\Dependencies\DirectXTex\include\ScreenGrab11.h">
      <Filter>_depend</Filter>
    </ClInclude>
    <ClInclude Include="Include\Patches\CKPE.Fallout4.Patch.FixSmoothValue.h">
      <Filter>Patches</Filter>
    </ClInclude>
    <ClInclude Include="Include\Patches\CKPE.Fallout4.Patch.FixCrashSpellEaxDur.h">
      <Filter>Patches</Filter>
    </ClInclude>
    <ClInclude Include="Include\Patches\CKPE.Fallout4.Patch.FixCrashNoRootMat.h">
      <Filter>Patches</Filter>
    </ClInclude>
    <ClInclude Include="Include\Patches\CKPE.Fallout4.Patch.FixCrashMapMarkerCmd.h">
      <Filter>Patches</Filter>
    </ClInclude>
    <ClInclude Include="Include\Patches\CKPE.Fallout4.Patch.FixBNet.h">
      <Filter>Patches</Filter>
    </ClInclude>
    <ClInclude Include="Include\Patches\CKPE.Fallout4.Patch.FixBadPictureInRender.h">
      <Filter>Patches</Filter>
    </ClInclude>
    <ClInclude Include="Include\Patches\CKPE.Fallout4.Patch.EnableGoInSelGame.h">
      <Filter>Patches</Filter>
    </ClInclude>
    <ClInclude Include="Include\Patches\CKPE.Fallout4.Patch.DontMatchForms.h">
      <Filter>Patches</Filter>
    </ClInclude>
    <ClInclude Include="Include\Patches\CKPE.Fallout4.Patch.CrashConditionItemGetCrime.h">
      <Filter>Patches</Filter>
    </ClInclude>
    <ClInclude Include="Include\EditorAPI\NiAPI\NiTObjectArray.h">
      <Filter>EditorAPI\_API_\NiAPI</Filter>
    </ClInclude>
    <ClInclude Include="Include\EditorAPI\NiAPI\NiTransform.h">
      <Filter>EditorAPI\_API_\NiAPI</Filter>
    </ClInclude>
    <ClInclude Include="Include\EditorAPI\NiAPI\NiTSimpleArray.h">
      <Filter>EditorAPI\_API_\NiAPI</Filter>
    </ClInclude>
    <ClInclude Include="Include\EditorAPI\NiAPI\NiTypes.h">
      <Filter>EditorAPI\_API_\NiAPI</Filter>
    </ClInclude>
    <ClInclude Include="Include\EditorAPI\NiAPI\NiColor.h">
      <Filter>EditorAPI\_API_\NiAPI</Filter>
    </ClInclude>
    <ClInclude Include="Include\EditorAPI\NiAPI\NiMatrix.h">
      <Filter>EditorAPI\_API_\NiAPI</Filter>
    </ClInclude>
    <ClInclude Include="Include\EditorAPI\NiAPI\NiMemoryManager.h">
      <Filter>EditorAPI\_API_\NiAPI</Filter>
    </ClInclude>
    <ClInclude Include="Include\EditorAPI\NiAPI\NiRTTI.h">
      <Filter>EditorAPI\_API_\NiAPI</Filter>
    </ClInclude>
    <ClInclude Include="Include\EditorAPI\NiAPI\NiPoint.h">
      <Filter>EditorAPI\_API_\NiAPI</Filter>
    </ClInclude>
    <ClInclude Include="Include\Patches\CKPE.Fallout4.Patch.VersionControlMergeWorkaround.h">
      <Filter>Patches</Filter>
    </ClInclude>
    <ClInclude Include="Include\Patches\CKPE.Fallout4.Patch.Unicode.h">
      <Filter>Patches</Filter>
    </ClInclude>
    <ClInclude Include="Include\Patches\CKPE.Fallout4.Patch.IncreaseChunkSizeForSNAM.h">
      <Filter>Patches</Filter>
    </ClInclude>
    <ClInclude Include="Include\Patches\CKPE.Fallout4.Patch.FixTabDeleteCrash.h">
      <Filter>Patches</Filter>
    </ClInclude>
    <ClInclude Include="Include\Patches\CKPE.Fallout4.Patch.FlowChartX.h">
      <Filter>Patches</Filter>
    </ClInclude>
    <ClInclude Include="Include\Patches\CKPE.Fallout4.Patch.PapyrusEditorLimit.h">
      <Filter>Patches</Filter>
    </ClInclude>
    <ClInclude Include="Include\Patches\CKPE.Fallout4.Patch.RenderWindow60FPS.h">
      <Filter>Patches</Filter>
    </ClInclude>
    <ClInclude Include="Include\Patches\CKPE.Fallout4.Patch.SkipTopicInfoValidation.h">
      <Filter>Patches</Filter>
    </ClInclude>
    <ClInclude Include="Include\Patches\CKPE.Fallout4.Patch.UIHotkeys.h">
      <Filter>Patches</Filter>
    </ClInclude>
    <ClInclude Include="Include\Patches\CKPE.Fallout4.Patch.RenameCreationKitApp.h">
      <Filter>Patches</Filter>
    </ClInclude>
    <ClInclude Include="Include\EditorAPI\Forms\TESForm.h">
      <Filter>EditorAPI\_API_\Forms</Filter>
    </ClInclude>
    <ClInclude Include="Include\EditorAPI\NiAPI\NiObject.h">
      <Filter>EditorAPI\_API_\NiAPI</Filter>
    </ClInclude>
    <ClInclude Include="Include\EditorAPI\NiAPI\NiObjectNET.h">
      <Filter>EditorAPI\_API_\NiAPI</Filter>
    </ClInclude>
    <ClInclude Include="Include\EditorAPI\NiAPI\NiPointer.h">
      <Filter>EditorAPI\_API_\NiAPI</Filter>
    </ClInclude>
    <ClInclude Include="Include\EditorAPI\NiAPI\NiTexture.h">
      <Filter>EditorAPI\_API_\NiAPI</Filter>
    </ClInclude>
    <ClInclude Include="Include\EditorAPI\NiAPI\NiNode.h">
      <Filter>EditorAPI\_API_\NiAPI</Filter>
    </ClInclude>
    <ClInclude Include="Include\EditorAPI\NiAPI\NiAVObject.h">
      <Filter>EditorAPI\_API_\NiAPI</Filter>
    </ClInclude>
    <ClInclude Include="Include\EditorAPI\NiAPI\NiRefObject.h">
      <Filter>EditorAPI\_API_\NiAPI</Filter>
    </ClInclude>
    <ClInclude Include="Include\EditorAPI\NiAPI\NiCollisionObject.h">
      <Filter>EditorAPI\_API_\NiAPI</Filter>
    </ClInclude>
    <ClInclude Include="Include\EditorAPI\NiAPI\NiFlags.h">
      <Filter>EditorAPI\_API_\NiAPI</Filter>
    </ClInclude>
    <ClInclude Include="Include\EditorAPI\NiAPI\NiProperty.h">
      <Filter>EditorAPI\_API_\NiAPI</Filter>
    </ClInclude>
    <ClInclude Include="Include\Patches\CKPE.Fallout4.Patch.CrashDump.h">
      <Filter>Patches</Filter>
    </ClInclude>
    <ClInclude Include="Include\Patches\CKPE.Fallout4.Patch.ModernThemePatchAdditional.h">
      <Filter>Patches</Filter>
    </ClInclude>
    <ClInclude Include="Include\Patches\CKPE.Fallout4.Patch.DisableAssertion.h">
      <Filter>Patches</Filter>
    </ClInclude>
    <ClInclude Include="Include\Patches\CKPE.Fallout4.Patch.DataWindow.h">
      <Filter>Patches</Filter>
    </ClInclude>
    <ClInclude Include="Include\Patches\CKPE.Fallout4.Patch.ESLTip.h">
      <Filter>Patches</Filter>
    </ClInclude>
    <ClInclude Include="Include\Patches\CKPE.Fallout4.Patch.TESDataHandlerHook.h">
      <Filter>Patches</Filter>
    </ClInclude>
    <ClInclude Include="Include\EditorAPI\Forms\TESObject.h">
      <Filter>EditorAPI\_API_\Forms</Filter>
    </ClInclude>
    <ClInclude Include="Include\EditorAPI\Forms\TESCellUseList.h">
      <Filter>EditorAPI\_API_\Forms</Filter>
    </ClInclude>
    <ClInclude Include="Include\EditorAPI\Forms\TESBoundObject.h">
      <Filter>EditorAPI\_API_\Forms</Filter>
    </ClInclude>
    <ClInclude Include="Include\EditorAPI\Forms\BGSTransform.h">
      <Filter>EditorAPI\_API_\Forms</Filter>
    </ClInclude>
    <ClInclude Include="Include\EditorAPI\Forms\BGSColorForm.h">
      <Filter>EditorAPI\_API_\Forms</Filter>
    </ClInclude>
    <ClInclude Include="Include\EditorAPI\Forms\TESCondition.h">
      <Filter>EditorAPI\_API_\Forms</Filter>
    </ClInclude>
    <ClInclude Include="Include\EditorAPI\Forms\BGSLayer.h">
      <Filter>EditorAPI\_API_\Forms</Filter>
    </ClInclude>
    <ClInclude Include="Include\EditorAPI\Forms\BGSMaterialSwap.h">
      <Filter>EditorAPI\_API_\Forms</Filter>
    </ClInclude>
    <ClInclude Include="Include\EditorAPI\Forms\BGSModelMaterialSwap.h">
      <Filter>EditorAPI\_API_\Forms</Filter>
    </ClInclude>
    <ClInclude Include="Include\EditorAPI\Forms\BGSVoiceType.h">
      <Filter>EditorAPI\_API_\Forms</Filter>
    </ClInclude>
    <ClInclude Include="Include\EditorAPI\Forms\TESActorValue.h">
      <Filter>EditorAPI\_API_\Forms</Filter>
    </ClInclude>
    <ClInclude Include="Include\EditorAPI\Forms\TESObjectCELL.h">
      <Filter>EditorAPI\_API_\Forms</Filter>
    </ClInclude>
    <ClInclude Include="Include\EditorAPI\Forms\TESObjectLAND.h">
      <Filter>EditorAPI\_API_\Forms</Filter>
    </ClInclude>
    <ClInclude Include="Include\EditorAPI\Forms\TESLandTexture.h">
      <Filter>EditorAPI\_API_\Forms</Filter>
    </ClInclude>
    <ClInclude Include="Include\EditorAPI\Forms\TESObjectARMO.h">
      <Filter>EditorAPI\_API_\Forms</Filter>
    </ClInclude>
    <ClInclude Include="Include\EditorAPI\Forms\TESObjectREFR.h">
      <Filter>EditorAPI\_API_\Forms</Filter>
    </ClInclude>
    <ClInclude Include="Include\EditorAPI\Forms\TESTopic.h">
      <Filter>EditorAPI\_API_\Forms</Filter>
    </ClInclude>
    <ClInclude Include="Include\EditorAPI\Forms\TESTopicInfo.h">
      <Filter>EditorAPI\_API_\Forms</Filter>
    </ClInclude>
    <ClInclude Include="Include\EditorAPI\Forms\TESQuest.h">
      <Filter>EditorAPI\_API_\Forms</Filter>
    </ClInclude>
    <ClInclude Include="Include\EditorAPI\Forms\TESObjectLIGH.h">
      <Filter>EditorAPI\_API_\Forms</Filter>
    </ClInclude>
    <ClInclude Include="Include\Patches\CKPE.Fallout4.Patch.FixLandspaceVNML.h">
      <Filter>Patches</Filter>
    </ClInclude>
    <ClInclude Include="Include\Patches\CKPE.Fallout4.Patch.FixPluginTXT.h">
      <Filter>Patches</Filter>
    </ClInclude>
    <ClInclude Include="Include\Patches\CKPE.Fallout4.Patch.FixRecursiveSorting.h">
      <Filter>Patches</Filter>
    </ClInclude>
    <ClInclude Include="Include\Patches\CKPE.Fallout4.Patch.FixLoadD3DCompiler.h">
      <Filter>Patches</Filter>
    </ClInclude>
    <ClInclude Include="Include\Patches\CKPE.Fallout4.Patch.ResponseIgnoreMax.h">
      <Filter>Patches</Filter>
    </ClInclude>
    <ClInclude Include="Include\Patches\CKPE.Fallout4.Patch.RunNetworkDisable.h">
      <Filter>Patches</Filter>
    </ClInclude>
    <ClInclude Include="Include\Patches\CKPE.Fallout4.Patch.SortCrashCombined.h">
      <Filter>Patches</Filter>
    </ClInclude>
    <ClInclude Include="Include\Patches\CKPE.Fallout4.Patch.SkipUpdateCheck.h">
      <Filter>Patches</Filter>
    </ClInclude>
    <ClInclude Include="Include\Patches\CKPE.Fallout4.Patch.ChooseSoundFile.h">
      <Filter>Patches</Filter>
    </ClInclude>
    <ClInclude Include="Include\Patches\CKPE.Fallout4.Patch.FixInfiniteLoopPapyrusCompile.h">
      <Filter>Patches</Filter>
    </ClInclude>
    <ClInclude Include="Include\Patches\CKPE.Fallout4.Patch.FixSortPropObjectMod.h">
      <Filter>Patches</Filter>
    </ClInclude>
    <ClInclude Include="Include\Patches\CKPE.Fallout4.Patch.CreateDDS.h">
      <Filter>Patches</Filter>
    </ClInclude>
    <ClInclude Include="Include\Patches\CKPE.Fallout4.Patch.Misc.h">
      <Filter>Patches</Filter>
    </ClInclude>
    <ClInclude Include="Include\Patches\CKPE.Fallout4.Patch.RemoveUselessMessages.h">
      <Filter>Patches</Filter>
    </ClInclude>
    <ClInclude Include="Include\Patches\CKPE.Fallout4.Patch.TESFormHook.h">
      <Filter>Patches</Filter>
    </ClInclude>
    <ClInclude Include="Include\Patches\CKPE.Fallout4.Patch.FixVC.h">
      <Filter>Patches</Filter>
    </ClInclude>
    <ClInclude Include="Include\Patches\CKPE.Fallout4.Patch.ObjectWindow.h">
      <Filter>Patches</Filter>
    </ClInclude>
    <ClInclude Include="Include\Patches\CKPE.Fallout4.Patch.RenderWindow.h">
      <Filter>Patches</Filter>
    </ClInclude>
    <ClInclude Include="Include\Patches\CKPE.Fallout4.Patch.FixSSAOInIntCell.h">
      <Filter>Patches</Filter>
    </ClInclude>
    <ClInclude Include="Include\Patches\CKPE.Fallout4.Patch.TESHook.h">
      <Filter>Patches</Filter>
    </ClInclude>
    <ClInclude Include="Include\Patches\CKPE.Fallout4.Patch.NavMeshWindow.h">
      <Filter>Patches</Filter>
    </ClInclude>
    <ClInclude Include="Include\Patches\CKPE.Fallout4.Patch.CellViewWindow.h">
      <Filter>Patches</Filter>
    </ClInclude>
    <ClInclude Include="Include\Patches\CKPE.Fallout4.Patch.MainWindow.h">
      <Filter>Patches</Filter>
    </ClInclude>
    <ClInclude Include="Include\Patches\CKPE.Fallout4.Patch.ProgressWindow.h">
      <Filter>Patches</Filter>
    </ClInclude>
    <ClInclude Include="Include\Patches\CKPE.Fallout4.Patch.ReplaceBSPointerHandleAndManager.h">
      <Filter>Patches</Filter>
    </ClInclude>
    <ClInclude Include="Include\Patches\CKPE.Fallout4.Patch.AllowSaveESMandMasterESP.h">
      <Filter>Patches</Filter>
    </ClInclude>
    <ClInclude Include="Include\Patches\CKPE.Fallout4.Patch.AddChangeRef.h">
      <Filter>Patches</Filter>
    </ClInclude>
    <ClInclude Include="Include\Patches\CKPE.Fallout4.Patch.AssertD3D11.h">
      <Filter>Patches</Filter>
    </ClInclude>
    <ClInclude Include="Include\Patches\CKPE.Fallout4.Patch.BSArchiveManagerModded.h">
      <Filter>Patches</Filter>
    </ClInclude>
    <ClInclude Include="Include\Patches\CKPE.Fallout4.Patch.BSResourceLooseFiles.h">
      <Filter>Patches</Filter>
    </ClInclude>
    <ClInclude Include="Include\Patches\CKPE.Fallout4.Patch.LoadShaders.h">
      <Filter>Patches</Filter>
    </ClInclude>
    <ClInclude Include="Include\Patches\CKPE.Fallout4.Patch.PreVis.h">
      <Filter>Patches</Filter>
    </ClInclude>
    <ClInclude Include="Include\Patches\CKPE.Fallout4.Patch.PreCombined.h">
      <Filter>Patches</Filter>
    </ClInclude>
    <ClInclude Include="Include\Patches\CKPE.Fallout4.Patch.OptimizationLoad.h">
      <Filter>Patches</Filter>
    </ClInclude>
    <ClInclude Include="Include\Patches\CKPE.Fallout4.Patch.LayersWindow.h">
      <Filter>Patches</Filter>
    </ClInclude>
    <ClInclude Include="Include\Patches\CKPE.Fallout4.Patch.ResponseWindow.h">
      <Filter>Patches</Filter>
    </ClInclude>
    <ClInclude Include="Include\Patches\CKPE.Fallout4.Patch.FixQuoteCmdLine.h">
      <Filter>Patches</Filter>
    </ClInclude>
    <ClInclude Include="Include\Patches\CKPE.Fallout4.Patch.FixSky.h">
      <Filter>Patches</Filter>
    </ClInclude>
    <ClInclude Include="Include\Patches\CKPE.Fallout4.Patch.WrongUpdateActorWnd.h">
      <Filter>Patches</Filter>
    </ClInclude>
    <ClInclude Include="Include\Patches\CKPE.Fallout4.Patch.UIDeffer.h">
      <Filter>Patches</Filter>
    </ClInclude>
    <ClInclude Include="Include\Patches\CKPE.Fallout4.Patch.FakeMoveLight.h">
      <Filter>Patches</Filter>
    </ClInclude>
    <ClInclude Include="Include\EditorAPI\CRC.h">
      <Filter>EditorAPI</Filter>
    </ClInclude>
    <ClInclude Include="Include\EditorAPI\Forms\BGSKeyword.h">
      <Filter>EditorAPI\_API_\Forms</Filter>
    </ClInclude>
    <ClInclude Include="Include\EditorAPI\NiAPI\NiLight.h">
      <Filter>EditorAPI\_API_\NiAPI</Filter>
    </ClInclude>
    <ClInclude Include="Include\EditorAPI\NiAPI\NiPointLight.h">
      <Filter>EditorAPI\_API_\NiAPI</Filter>
    </ClInclude>
    <ClInclude Include="Include\EditorAPI\ObjectRefHandle.h">
      <Filter>EditorAPI</Filter>
    </ClInclude>
    <ClInclude Include="Include\Patches\CKPE.Fallout4.Patch.CrashInvalidStrings.h">
      <Filter>Patches</Filter>
    </ClInclude>
    <ClInclude Include="Include\Patches\CKPE.Fallout4.Patch.HavokRigidBodyCrash.h">
      <Filter>Patches</Filter>
    </ClInclude>
    <ClInclude Include="Include\EditorAPI\BaseFormComponent.h">
      <Filter>EditorAPI\B</Filter>
    </ClInclude>
    <ClInclude Include="Include\EditorAPI\BGSLocalizedString.h">
      <Filter>EditorAPI\B</Filter>
    </ClInclude>
    <ClInclude Include="Include\EditorAPI\BGSMod.h">
      <Filter>EditorAPI\B</Filter>
    </ClInclude>
    <ClInclude Include="Include\EditorAPI\BGSPickHandler.h">
      <Filter>EditorAPI\B</Filter>
    </ClInclude>
    <ClInclude Include="Include\EditorAPI\BGSPrimitive.h">
      <Filter>EditorAPI\B</Filter>
    </ClInclude>
    <ClInclude Include="Include\EditorAPI\BGSRenderWindow.h">
      <Filter>EditorAPI\B</Filter>
    </ClInclude>
    <ClInclude Include="Include\EditorAPI\BGSRenderWindowCamera.h">
      <Filter>EditorAPI\B</Filter>
    </ClInclude>
    <ClInclude Include="Include\EditorAPI\BGSRenderWindowEditModuleManager.h">
      <Filter>EditorAPI\B</Filter>
    </ClInclude>
    <ClInclude Include="Include\EditorAPI\BGSRenderWindowReferenceEditModule.h">
      <Filter>EditorAPI\B</Filter>
    </ClInclude>
    <ClInclude Include="Include\EditorAPI\BGSSoundTagComponent.h">
      <Filter>EditorAPI\B</Filter>
    </ClInclude>
    <ClInclude Include="Include\EditorAPI\BGSUniqueObjectRef.h">
      <Filter>EditorAPI\B</Filter>
    </ClInclude>
    <ClInclude Include="Include\EditorAPI\BSAtomicValue.h">
      <Filter>EditorAPI\B</Filter>
    </ClInclude>
    <ClInclude Include="Include\EditorAPI\BSDynamicTriShape.h">
      <Filter>EditorAPI\B</Filter>
    </ClInclude>
    <ClInclude Include="Include\EditorAPI\BSEntryString.h">
      <Filter>EditorAPI\B</Filter>
    </ClInclude>
    <ClInclude Include="Include\EditorAPI\BSExtraData.h">
      <Filter>EditorAPI\B</Filter>
    </ClInclude>
    <ClInclude Include="Include\EditorAPI\BSFadeNode.h">
      <Filter>EditorAPI\B</Filter>
    </ClInclude>
    <ClInclude Include="Include\EditorAPI\BSFile.h">
      <Filter>EditorAPI\B</Filter>
    </ClInclude>
    <ClInclude Include="Include\EditorAPI\BSFixedString.h">
      <Filter>EditorAPI\B</Filter>
    </ClInclude>
    <ClInclude Include="Include\EditorAPI\BSGeometry.h">
      <Filter>EditorAPI\B</Filter>
    </ClInclude>
    <ClInclude Include="Include\EditorAPI\BSGraphics.h">
      <Filter>EditorAPI\B</Filter>
    </ClInclude>
    <ClInclude Include="Include\EditorAPI\BSHandleRefObject.h">
      <Filter>EditorAPI\B</Filter>
    </ClInclude>
    <ClInclude Include="Include\EditorAPI\BSIStream.h">
      <Filter>EditorAPI\B</Filter>
    </ClInclude>
    <ClInclude Include="Include\EditorAPI\BSLight.h">
      <Filter>EditorAPI\B</Filter>
    </ClInclude>
    <ClInclude Include="Include\EditorAPI\BSLines.h">
      <Filter>EditorAPI\B</Filter>
    </ClInclude>
    <ClInclude Include="Include\EditorAPI\BSLock.h">
      <Filter>EditorAPI\B</Filter>
    </ClInclude>
    <ClInclude Include="Include\EditorAPI\BSMultiBoundRoom.h">
      <Filter>EditorAPI\B</Filter>
    </ClInclude>
    <ClInclude Include="Include\EditorAPI\BSPointerHandleManager.h">
      <Filter>EditorAPI\B</Filter>
    </ClInclude>
    <ClInclude Include="Include\EditorAPI\BSPortalGraph.h">
      <Filter>EditorAPI\B</Filter>
    </ClInclude>
    <ClInclude Include="Include\EditorAPI\BSReadWriteLock.h">
      <Filter>EditorAPI\B</Filter>
    </ClInclude>
    <ClInclude Include="Include\EditorAPI\BSResource.h">
      <Filter>EditorAPI\B</Filter>
    </ClInclude>
    <ClInclude Include="Include\EditorAPI\BSResourceArchive2.h">
      <Filter>EditorAPI\B</Filter>
    </ClInclude>
    <ClInclude Include="Include\EditorAPI\BSResourceEntryDB.h">
      <Filter>EditorAPI\B</Filter>
    </ClInclude>
    <ClInclude Include="Include\EditorAPI\BSResourceLooseFiles.h">
      <Filter>EditorAPI\B</Filter>
    </ClInclude>
    <ClInclude Include="Include\EditorAPI\BSSettings.h">
      <Filter>EditorAPI\B</Filter>
    </ClInclude>
    <ClInclude Include="Include\EditorAPI\BSShaderMaterial.h">
      <Filter>EditorAPI\B</Filter>
    </ClInclude>
    <ClInclude Include="Include\EditorAPI\BSShaderProperty.h">
      <Filter>EditorAPI\B</Filter>
    </ClInclude>
    <ClInclude Include="Include\EditorAPI\BSSkin.h">
      <Filter>EditorAPI\B</Filter>
    </ClInclude>
    <ClInclude Include="Include\EditorAPI\BSSpinLock.h">
      <Filter>EditorAPI\B</Filter>
    </ClInclude>
    <ClInclude Include="Include\EditorAPI\BSString.h">
      <Filter>EditorAPI\B</Filter>
    </ClInclude>
    <ClInclude Include="Include\EditorAPI\BSStringCache.h">
      <Filter>EditorAPI\B</Filter>
    </ClInclude>
    <ClInclude Include="Include\EditorAPI\BSSystemFile.h">
      <Filter>EditorAPI\B</Filter>
    </ClInclude>
    <ClInclude Include="Include\EditorAPI\BSTArray.h">
      <Filter>EditorAPI\B</Filter>
    </ClInclude>
    <ClInclude Include="Include\EditorAPI\BSTEvents.h">
      <Filter>EditorAPI\B</Filter>
    </ClInclude>
    <ClInclude Include="Include\EditorAPI\BSTextureSet.h">
      <Filter>EditorAPI\B</Filter>
    </ClInclude>
    <ClInclude Include="Include\EditorAPI\BSTList.h">
      <Filter>EditorAPI\B</Filter>
    </ClInclude>
    <ClInclude Include="Include\EditorAPI\BSTriShape.h">
      <Filter>EditorAPI\B</Filter>
    </ClInclude>
    <ClInclude Include="Include\EditorAPI\BSTSmartPointer.h">
      <Filter>EditorAPI\B</Filter>
    </ClInclude>
    <ClInclude Include="Include\EditorAPI\TESTexture.h">
      <Filter>EditorAPI\T</Filter>
    </ClInclude>
    <ClInclude Include="Include\EditorAPI\TESDescription.h">
      <Filter>EditorAPI\T</Filter>
    </ClInclude>
    <ClInclude Include="Include\EditorAPI\TESFile.h">
      <Filter>EditorAPI\T</Filter>
    </ClInclude>
    <ClInclude Include="Include\EditorAPI\TESFullName.h">
      <Filter>EditorAPI\T</Filter>
    </ClInclude>
    <ClInclude Include="Include\EditorAPI\TESDataHandler.h">
      <Filter>EditorAPI\T</Filter>
    </ClInclude>
    <ClInclude Include="Include\EditorAPI\TES.h">
      <Filter>EditorAPI\T</Filter>
    </ClInclude>
    <ClInclude Include="Include\EditorAPI\BGSPreviewTransform.h">
      <Filter>EditorAPI\B</Filter>
    </ClInclude>
  </ItemGroup>
  <ItemGroup>
    <ResourceCompile Include="resource.rc">
      <Filter>Resources</Filter>
    </ResourceCompile>
    <ResourceCompile Include="resource_version.rc">
      <Filter>Version</Filter>
    </ResourceCompile>
  </ItemGroup>
  <ItemGroup>
    <FxCompile Include="..\Shaders\FXAA_VS.hlsl">
      <Filter>Shaders</Filter>
    </FxCompile>
    <FxCompile Include="..\Shaders\TAA_PS.hlsl">
      <Filter>Shaders</Filter>
    </FxCompile>
    <FxCompile Include="..\Shaders\FXAA_PS.hlsl">
      <Filter>Shaders</Filter>
    </FxCompile>
  </ItemGroup>
  <ItemGroup>
    <Text Include="build_version.txt">
      <Filter>Version</Filter>
    </Text>
  </ItemGroup>
</Project>