
Microsoft Visual Studio Solution File, Format Version 12.00
# Visual Studio Version 17
VisualStudioVersion = 17.10.34916.146
MinimumVisualStudioVersion = 10.0.40219.1
Project("{8BC9CEB8-8B4A-11D0-8D11-00A0C91BC942}") = "Creation Kit Platform Extended Core", "Creation Kit Platform Extended Core\Creation Kit Platform Extended Core.vcxproj", "{0794F1B4-68C6-4F5A-AD4A-767B1B4D9783}"
	ProjectSection(ProjectDependencies) = postProject
		{05D6A7E8-F94B-49AD-B7F2-B1A832B746FD} = {05D6A7E8-F94B-49AD-B7F2-B1A832B746FD}
		{1A04D2B1-EBB3-4569-BD03-915631B4BFB1} = {1A04D2B1-EBB3-4569-BD03-915631B4BFB1}
		{2026AFE7-6063-466A-A335-C76A888DB202} = {2026AFE7-6063-466A-A335-C76A888DB202}
		{74E49D60-E7BF-4FBD-9BBF-927546761808} = {74E49D60-E7BF-4FBD-9BBF-927546761808}
		{9E771CA4-04D9-4ED8-80F2-FFD379413688} = {9E771CA4-04D9-4ED8-80F2-FFD379413688}
		{C52CA55B-1B6E-4725-8FA8-9817113801DC} = {C52CA55B-1B6E-4725-8FA8-9817113801DC}
	EndProjectSection
EndProject
Project("{2150E333-8FDC-42A3-9474-1A3956D46DE8}") = "Dependencies", "Dependencies", "{DBF8B066-7523-44A5-8F55-02E3212A048F}"
EndProject
Project("{8BC9CEB8-8B4A-11D0-8D11-00A0C91BC942}") = "Zipper", "Zipper\Zipper.vcxproj", "{2026AFE7-6063-466A-A335-C76A888DB202}"
EndProject
Project("{8BC9CEB8-8B4A-11D0-8D11-00A0C91BC942}") = "libzydis", "Dependencies\libzydis.vcxproj", "{C52CA55B-1B6E-4725-8FA8-9817113801DC}"
EndProject
Project("{8BC9CEB8-8B4A-11D0-8D11-00A0C91BC942}") = "libdeflate", "Dependencies\libdeflate.vcxproj", "{9E771CA4-04D9-4ED8-80F2-FFD379413688}"
EndProject
Project("{8BC9CEB8-8B4A-11D0-8D11-00A0C91BC942}") = "MyFirstPlugin", "Plug-ins\MyFirstPlugin\MyFirstPlugin.vcxproj", "{D9D13FA6-38C4-443A-A610-18A0DB488DB5}"
EndProject
Project("{8BC9CEB8-8B4A-11D0-8D11-00A0C91BC942}") = "Detours", "Dependencies\Voltek\Detours\Detours.vcxproj", "{5E4F0CA1-5093-48F0-8660-E649765D6A1E}"
EndProject
Project("{8BC9CEB8-8B4A-11D0-8D11-00A0C91BC942}") = "MemoryManager", "Dependencies\Voltek\Memory Manager\vmm.vcxproj", "{1A04D2B1-EBB3-4569-BD03-915631B4BFB1}"
EndProject
Project("{8BC9CEB8-8B4A-11D0-8D11-00A0C91BC942}") = "UnicodeConverter", "Dependencies\Voltek\UnicodeConverter\UnicodeConverter.vcxproj", "{C0228B22-F83A-4EB2-A9FF-27461D8428B5}"
EndProject
Project("{2150E333-8FDC-42A3-9474-1A3956D46DE8}") = "VoltekLib", "VoltekLib", "{E3CCD384-8F82-4300-9B4A-DCAE5BA8DB89}"
EndProject
Project("{8BC9CEB8-8B4A-11D0-8D11-00A0C91BC942}") = "RelocationDatabase", "Dependencies\Voltek\Relocation Database\RelocationDatabase.vcxproj", "{2E2B6346-5155-45BC-AF2D-CFB47BE95CAB}"
EndProject
Project("{2150E333-8FDC-42A3-9474-1A3956D46DE8}") = "Tools", "Tools", "{9BE6A4FA-4E77-49CF-85EF-4CE0579B0A77}"
EndProject
Project("{2150E333-8FDC-42A3-9474-1A3956D46DE8}") = "Plugins", "Plugins", "{94AEDB43-1EE2-49F1-9336-52B9E0ACB7F7}"
EndProject
Project("{8BC9CEB8-8B4A-11D0-8D11-00A0C91BC942}") = "rc2json", "Creation Kit Platform Extended Tools\rc2json\rc2json.vcxproj", "{77DA7F78-EDE5-4343-8CF4-751A70D50039}"
EndProject
Project("{8BC9CEB8-8B4A-11D0-8D11-00A0C91BC942}") = "jdiashow", "Creation Kit Platform Extended Tools\jdiashow\jdiashow.vcxproj", "{2AC659EA-3097-49D0-9B96-FCEFF4928559}"
EndProject
Project("{8BC9CEB8-8B4A-11D0-8D11-00A0C91BC942}") = "ImGUI", "Dependencies\ImGUI\ImGUI.vcxproj", "{74E49D60-E7BF-4FBD-9BBF-927546761808}"
EndProject
Project("{8BC9CEB8-8B4A-11D0-8D11-00A0C91BC942}") = "Toml", "Dependencies\Toml.vcxproj", "{05D6A7E8-F94B-49AD-B7F2-B1A832B746FD}"
EndProject
Project("{8BC9CEB8-8B4A-11D0-8D11-00A0C91BC942}") = "CKPEEmptyPlugin", "Plug-ins\CKPEEmptyPlugin\CKPEEmptyPlugin.vcxproj", "{BB686DB3-FFB4-4ECF-860B-11EF4A8B3F32}"
EndProject
Project("{2150E333-8FDC-42A3-9474-1A3956D46DE8}") = "CKPE", "CKPE", "{220983A6-3FEC-4CE5-A5D3-EF6DC96116DF}"
EndProject
Project("{8BC9CEB8-8B4A-11D0-8D11-00A0C91BC942}") = "CKPE", "CKPE\CKPE.vcxproj", "{03C83950-16C9-4F53-8298-E118155F4774}"
EndProject
Project("{8BC9CEB8-8B4A-11D0-8D11-00A0C91BC942}") = "CKPE.WinHttp", "CKPE.WinHttp\CKPE.WinHttp.vcxproj", "{F2FB4C59-33E0-4E1F-AC00-FE9B7174D5B2}"
	ProjectSection(ProjectDependencies) = postProject
		{03C83950-16C9-4F53-8298-E118155F4774} = {03C83950-16C9-4F53-8298-E118155F4774}
		{5CEE4A44-32B0-4A00-917C-441C30DDF9E3} = {5CEE4A44-32B0-4A00-917C-441C30DDF9E3}
		{6EDBC66E-6051-4889-B8B2-04E0EC9A54FA} = {6EDBC66E-6051-4889-B8B2-04E0EC9A54FA}
		{919BA2A1-AE98-43A4-A0B0-540BD4139D39} = {919BA2A1-AE98-43A4-A0B0-540BD4139D39}
	EndProjectSection
EndProject
Project("{8BC9CEB8-8B4A-11D0-8D11-00A0C91BC942}") = "CKPE.SkyrimSE", "CKPE.SkyrimSE\CKPE.SkyrimSE.vcxproj", "{919BA2A1-AE98-43A4-A0B0-540BD4139D39}"
	ProjectSection(ProjectDependencies) = postProject
		{03C83950-16C9-4F53-8298-E118155F4774} = {03C83950-16C9-4F53-8298-E118155F4774}
		{D3C5714A-688F-4D85-964F-712E692EC496} = {D3C5714A-688F-4D85-964F-712E692EC496}
	EndProjectSection
EndProject
Project("{8BC9CEB8-8B4A-11D0-8D11-00A0C91BC942}") = "CKPE.Starfield", "CKPE.Starfield\CKPE.Starfield.vcxproj", "{5CEE4A44-32B0-4A00-917C-441C30DDF9E3}"
	ProjectSection(ProjectDependencies) = postProject
		{03C83950-16C9-4F53-8298-E118155F4774} = {03C83950-16C9-4F53-8298-E118155F4774}
		{D3C5714A-688F-4D85-964F-712E692EC496} = {D3C5714A-688F-4D85-964F-712E692EC496}
	EndProjectSection
EndProject
Project("{8BC9CEB8-8B4A-11D0-8D11-00A0C91BC942}") = "CKPE.Fallout4", "CKPE.Fallout4\CKPE.Fallout4.vcxproj", "{6EDBC66E-6051-4889-B8B2-04E0EC9A54FA}"
	ProjectSection(ProjectDependencies) = postProject
		{03C83950-16C9-4F53-8298-E118155F4774} = {03C83950-16C9-4F53-8298-E118155F4774}
		{D3C5714A-688F-4D85-964F-712E692EC496} = {D3C5714A-688F-4D85-964F-712E692EC496}
	EndProjectSection
EndProject
Project("{2150E333-8FDC-42A3-9474-1A3956D46DE8}") = "Game", "Game", "{1BC95883-32A8-45F7-BA3F-940610DF50EE}"
EndProject
Project("{8BC9CEB8-8B4A-11D0-8D11-00A0C91BC942}") = "detours", "Dependencies\detours.vcxproj", "{06E30C65-D79A-4FEC-8A60-B36D907E6601}"
EndProject
Project("{8BC9CEB8-8B4A-11D0-8D11-00A0C91BC942}") = "CKPE.Common", "CKPE.Common\CKPE.Common.vcxproj", "{D3C5714A-688F-4D85-964F-712E692EC496}"
	ProjectSection(ProjectDependencies) = postProject
		{03C83950-16C9-4F53-8298-E118155F4774} = {03C83950-16C9-4F53-8298-E118155F4774}
		{05D6A7E8-F94B-49AD-B7F2-B1A832B746FD} = {05D6A7E8-F94B-49AD-B7F2-B1A832B746FD}
	EndProjectSection
EndProject
Project("{8BC9CEB8-8B4A-11D0-8D11-00A0C91BC942}") = "CKPE.Loader", "CKPE.Loader\ckpe_loader.vcxproj", "{42E22F45-AC50-49BF-AABB-D0FFE480333C}"
EndProject
Global
	GlobalSection(SolutionConfigurationPlatforms) = preSolution
		Release|x64 = Release|x64
		Release-Qt|x64 = Release-Qt|x64
	EndGlobalSection
	GlobalSection(ProjectConfigurationPlatforms) = postSolution
		{0794F1B4-68C6-4F5A-AD4A-767B1B4D9783}.Release|x64.ActiveCfg = Release|x64
		{0794F1B4-68C6-4F5A-AD4A-767B1B4D9783}.Release|x64.Build.0 = Release|x64
		{0794F1B4-68C6-4F5A-AD4A-767B1B4D9783}.Release-Qt|x64.ActiveCfg = Release-Qt|x64
		{0794F1B4-68C6-4F5A-AD4A-767B1B4D9783}.Release-Qt|x64.Build.0 = Release-Qt|x64
		{2026AFE7-6063-466A-A335-C76A888DB202}.Release|x64.ActiveCfg = Release|x64
		{2026AFE7-6063-466A-A335-C76A888DB202}.Release|x64.Build.0 = Release|x64
		{2026AFE7-6063-466A-A335-C76A888DB202}.Release-Qt|x64.ActiveCfg = Release|x64
		{2026AFE7-6063-466A-A335-C76A888DB202}.Release-Qt|x64.Build.0 = Release|x64
		{C52CA55B-1B6E-4725-8FA8-9817113801DC}.Release|x64.ActiveCfg = Release|x64
		{C52CA55B-1B6E-4725-8FA8-9817113801DC}.Release|x64.Build.0 = Release|x64
		{C52CA55B-1B6E-4725-8FA8-9817113801DC}.Release-Qt|x64.ActiveCfg = Release|x64
		{C52CA55B-1B6E-4725-8FA8-9817113801DC}.Release-Qt|x64.Build.0 = Release|x64
		{9E771CA4-04D9-4ED8-80F2-FFD379413688}.Release|x64.ActiveCfg = Release|x64
		{9E771CA4-04D9-4ED8-80F2-FFD379413688}.Release|x64.Build.0 = Release|x64
		{9E771CA4-04D9-4ED8-80F2-FFD379413688}.Release-Qt|x64.ActiveCfg = Release|x64
		{9E771CA4-04D9-4ED8-80F2-FFD379413688}.Release-Qt|x64.Build.0 = Release|x64
		{D9D13FA6-38C4-443A-A610-18A0DB488DB5}.Release|x64.ActiveCfg = Release|x64
		{D9D13FA6-38C4-443A-A610-18A0DB488DB5}.Release|x64.Build.0 = Release|x64
		{D9D13FA6-38C4-443A-A610-18A0DB488DB5}.Release-Qt|x64.ActiveCfg = Release|x64
		{D9D13FA6-38C4-443A-A610-18A0DB488DB5}.Release-Qt|x64.Build.0 = Release|x64
		{5E4F0CA1-5093-48F0-8660-E649765D6A1E}.Release|x64.ActiveCfg = Release|x64
		{5E4F0CA1-5093-48F0-8660-E649765D6A1E}.Release|x64.Build.0 = Release|x64
		{5E4F0CA1-5093-48F0-8660-E649765D6A1E}.Release-Qt|x64.ActiveCfg = Release|x64
		{5E4F0CA1-5093-48F0-8660-E649765D6A1E}.Release-Qt|x64.Build.0 = Release|x64
		{1A04D2B1-EBB3-4569-BD03-915631B4BFB1}.Release|x64.ActiveCfg = Release|x64
		{1A04D2B1-EBB3-4569-BD03-915631B4BFB1}.Release|x64.Build.0 = Release|x64
		{1A04D2B1-EBB3-4569-BD03-915631B4BFB1}.Release-Qt|x64.ActiveCfg = Release|x64
		{1A04D2B1-EBB3-4569-BD03-915631B4BFB1}.Release-Qt|x64.Build.0 = Release|x64
		{C0228B22-F83A-4EB2-A9FF-27461D8428B5}.Release|x64.ActiveCfg = Release|x64
		{C0228B22-F83A-4EB2-A9FF-27461D8428B5}.Release|x64.Build.0 = Release|x64
		{C0228B22-F83A-4EB2-A9FF-27461D8428B5}.Release-Qt|x64.ActiveCfg = Release|x64
		{C0228B22-F83A-4EB2-A9FF-27461D8428B5}.Release-Qt|x64.Build.0 = Release|x64
		{2E2B6346-5155-45BC-AF2D-CFB47BE95CAB}.Release|x64.ActiveCfg = Release|x64
		{2E2B6346-5155-45BC-AF2D-CFB47BE95CAB}.Release|x64.Build.0 = Release|x64
		{2E2B6346-5155-45BC-AF2D-CFB47BE95CAB}.Release-Qt|x64.ActiveCfg = Release|x64
		{2E2B6346-5155-45BC-AF2D-CFB47BE95CAB}.Release-Qt|x64.Build.0 = Release|x64
		{77DA7F78-EDE5-4343-8CF4-751A70D50039}.Release|x64.ActiveCfg = Release|x64
		{77DA7F78-EDE5-4343-8CF4-751A70D50039}.Release|x64.Build.0 = Release|x64
		{77DA7F78-EDE5-4343-8CF4-751A70D50039}.Release-Qt|x64.ActiveCfg = Release|x64
		{77DA7F78-EDE5-4343-8CF4-751A70D50039}.Release-Qt|x64.Build.0 = Release|x64
		{2AC659EA-3097-49D0-9B96-FCEFF4928559}.Release|x64.ActiveCfg = Release|x64
		{2AC659EA-3097-49D0-9B96-FCEFF4928559}.Release|x64.Build.0 = Release|x64
		{2AC659EA-3097-49D0-9B96-FCEFF4928559}.Release-Qt|x64.ActiveCfg = Release|x64
		{2AC659EA-3097-49D0-9B96-FCEFF4928559}.Release-Qt|x64.Build.0 = Release|x64
		{74E49D60-E7BF-4FBD-9BBF-927546761808}.Release|x64.ActiveCfg = Release|x64
		{74E49D60-E7BF-4FBD-9BBF-927546761808}.Release|x64.Build.0 = Release|x64
		{74E49D60-E7BF-4FBD-9BBF-927546761808}.Release-Qt|x64.ActiveCfg = Release|x64
		{74E49D60-E7BF-4FBD-9BBF-927546761808}.Release-Qt|x64.Build.0 = Release|x64
		{05D6A7E8-F94B-49AD-B7F2-B1A832B746FD}.Release|x64.ActiveCfg = Release|x64
		{05D6A7E8-F94B-49AD-B7F2-B1A832B746FD}.Release|x64.Build.0 = Release|x64
		{05D6A7E8-F94B-49AD-B7F2-B1A832B746FD}.Release-Qt|x64.ActiveCfg = Release|x64
		{05D6A7E8-F94B-49AD-B7F2-B1A832B746FD}.Release-Qt|x64.Build.0 = Release|x64
		{BB686DB3-FFB4-4ECF-860B-11EF4A8B3F32}.Release|x64.ActiveCfg = Release|x64
		{BB686DB3-FFB4-4ECF-860B-11EF4A8B3F32}.Release|x64.Build.0 = Release|x64
		{BB686DB3-FFB4-4ECF-860B-11EF4A8B3F32}.Release-Qt|x64.ActiveCfg = Release|x64
		{BB686DB3-FFB4-4ECF-860B-11EF4A8B3F32}.Release-Qt|x64.Build.0 = Release|x64
		{03C83950-16C9-4F53-8298-E118155F4774}.Release|x64.ActiveCfg = Release|x64
		{03C83950-16C9-4F53-8298-E118155F4774}.Release|x64.Build.0 = Release|x64
		{03C83950-16C9-4F53-8298-E118155F4774}.Release-Qt|x64.ActiveCfg = Release|x64
		{03C83950-16C9-4F53-8298-E118155F4774}.Release-Qt|x64.Build.0 = Release|x64
		{F2FB4C59-33E0-4E1F-AC00-FE9B7174D5B2}.Release|x64.ActiveCfg = Release|x64
		{F2FB4C59-33E0-4E1F-AC00-FE9B7174D5B2}.Release|x64.Build.0 = Release|x64
		{F2FB4C59-33E0-4E1F-AC00-FE9B7174D5B2}.Release-Qt|x64.ActiveCfg = Release|x64
		{F2FB4C59-33E0-4E1F-AC00-FE9B7174D5B2}.Release-Qt|x64.Build.0 = Release|x64
		{919BA2A1-AE98-43A4-A0B0-540BD4139D39}.Release|x64.ActiveCfg = Release|x64
		{919BA2A1-AE98-43A4-A0B0-540BD4139D39}.Release|x64.Build.0 = Release|x64
		{919BA2A1-AE98-43A4-A0B0-540BD4139D39}.Release-Qt|x64.ActiveCfg = Release|x64
		{919BA2A1-AE98-43A4-A0B0-540BD4139D39}.Release-Qt|x64.Build.0 = Release|x64
		{5CEE4A44-32B0-4A00-917C-441C30DDF9E3}.Release|x64.ActiveCfg = Release|x64
		{5CEE4A44-32B0-4A00-917C-441C30DDF9E3}.Release|x64.Build.0 = Release|x64
		{5CEE4A44-32B0-4A00-917C-441C30DDF9E3}.Release-Qt|x64.ActiveCfg = Release|x64
		{5CEE4A44-32B0-4A00-917C-441C30DDF9E3}.Release-Qt|x64.Build.0 = Release|x64
		{6EDBC66E-6051-4889-B8B2-04E0EC9A54FA}.Release|x64.ActiveCfg = Release|x64
		{6EDBC66E-6051-4889-B8B2-04E0EC9A54FA}.Release|x64.Build.0 = Release|x64
		{6EDBC66E-6051-4889-B8B2-04E0EC9A54FA}.Release-Qt|x64.ActiveCfg = Release|x64
		{6EDBC66E-6051-4889-B8B2-04E0EC9A54FA}.Release-Qt|x64.Build.0 = Release|x64
		{06E30C65-D79A-4FEC-8A60-B36D907E6601}.Release|x64.ActiveCfg = Release|x64
		{06E30C65-D79A-4FEC-8A60-B36D907E6601}.Release|x64.Build.0 = Release|x64
		{06E30C65-D79A-4FEC-8A60-B36D907E6601}.Release-Qt|x64.ActiveCfg = Release|x64
		{06E30C65-D79A-4FEC-8A60-B36D907E6601}.Release-Qt|x64.Build.0 = Release|x64
		{D3C5714A-688F-4D85-964F-712E692EC496}.Release|x64.ActiveCfg = Release|x64
		{D3C5714A-688F-4D85-964F-712E692EC496}.Release|x64.Build.0 = Release|x64
		{D3C5714A-688F-4D85-964F-712E692EC496}.Release-Qt|x64.ActiveCfg = Release|x64
		{D3C5714A-688F-4D85-964F-712E692EC496}.Release-Qt|x64.Build.0 = Release|x64
		{42E22F45-AC50-49BF-AABB-D0FFE480333C}.Release|x64.ActiveCfg = Release|x64
		{42E22F45-AC50-49BF-AABB-D0FFE480333C}.Release|x64.Build.0 = Release|x64
		{42E22F45-AC50-49BF-AABB-D0FFE480333C}.Release-Qt|x64.ActiveCfg = Release|x64
		{42E22F45-AC50-49BF-AABB-D0FFE480333C}.Release-Qt|x64.Build.0 = Release|x64
	EndGlobalSection
	GlobalSection(SolutionProperties) = preSolution
		HideSolutionNode = FALSE
	EndGlobalSection
	GlobalSection(NestedProjects) = preSolution
		{2026AFE7-6063-466A-A335-C76A888DB202} = {DBF8B066-7523-44A5-8F55-02E3212A048F}
		{C52CA55B-1B6E-4725-8FA8-9817113801DC} = {DBF8B066-7523-44A5-8F55-02E3212A048F}
		{9E771CA4-04D9-4ED8-80F2-FFD379413688} = {DBF8B066-7523-44A5-8F55-02E3212A048F}
		{D9D13FA6-38C4-443A-A610-18A0DB488DB5} = {94AEDB43-1EE2-49F1-9336-52B9E0ACB7F7}
		{5E4F0CA1-5093-48F0-8660-E649765D6A1E} = {E3CCD384-8F82-4300-9B4A-DCAE5BA8DB89}
		{1A04D2B1-EBB3-4569-BD03-915631B4BFB1} = {E3CCD384-8F82-4300-9B4A-DCAE5BA8DB89}
		{C0228B22-F83A-4EB2-A9FF-27461D8428B5} = {E3CCD384-8F82-4300-9B4A-DCAE5BA8DB89}
		{E3CCD384-8F82-4300-9B4A-DCAE5BA8DB89} = {DBF8B066-7523-44A5-8F55-02E3212A048F}
		{2E2B6346-5155-45BC-AF2D-CFB47BE95CAB} = {E3CCD384-8F82-4300-9B4A-DCAE5BA8DB89}
		{77DA7F78-EDE5-4343-8CF4-751A70D50039} = {9BE6A4FA-4E77-49CF-85EF-4CE0579B0A77}
		{2AC659EA-3097-49D0-9B96-FCEFF4928559} = {9BE6A4FA-4E77-49CF-85EF-4CE0579B0A77}
		{74E49D60-E7BF-4FBD-9BBF-927546761808} = {DBF8B066-7523-44A5-8F55-02E3212A048F}
		{05D6A7E8-F94B-49AD-B7F2-B1A832B746FD} = {DBF8B066-7523-44A5-8F55-02E3212A048F}
		{03C83950-16C9-4F53-8298-E118155F4774} = {220983A6-3FEC-4CE5-A5D3-EF6DC96116DF}
		{F2FB4C59-33E0-4E1F-AC00-FE9B7174D5B2} = {220983A6-3FEC-4CE5-A5D3-EF6DC96116DF}
		{919BA2A1-AE98-43A4-A0B0-540BD4139D39} = {1BC95883-32A8-45F7-BA3F-940610DF50EE}
		{5CEE4A44-32B0-4A00-917C-441C30DDF9E3} = {1BC95883-32A8-45F7-BA3F-940610DF50EE}
		{6EDBC66E-6051-4889-B8B2-04E0EC9A54FA} = {1BC95883-32A8-45F7-BA3F-940610DF50EE}
		{1BC95883-32A8-45F7-BA3F-940610DF50EE} = {220983A6-3FEC-4CE5-A5D3-EF6DC96116DF}
		{06E30C65-D79A-4FEC-8A60-B36D907E6601} = {DBF8B066-7523-44A5-8F55-02E3212A048F}
		{D3C5714A-688F-4D85-964F-712E692EC496} = {220983A6-3FEC-4CE5-A5D3-EF6DC96116DF}
		{42E22F45-AC50-49BF-AABB-D0FFE480333C} = {220983A6-3FEC-4CE5-A5D3-EF6DC96116DF}
	EndGlobalSection
	GlobalSection(ExtensibilityGlobals) = postSolution
		SolutionGuid = {3D7FAA7F-23AA-467B-BFB7-39DF25721450}
	EndGlobalSection
EndGlobal
