
Microsoft Visual Studio Solution File, Format Version 12.00
# Visual Studio Version 17
VisualStudioVersion = 17.10.34916.146
MinimumVisualStudioVersion = 10.0.40219.1
Project("{8BC9CEB8-8B4A-11D0-8D11-00A0C91BC942}") = "Creation Kit Platform Extended Core", "Creation Kit Platform Extended Core\Creation Kit Platform Extended Core.vcxproj", "{0794F1B4-68C6-4F5A-AD4A-767B1B4D9783}"
	ProjectSection(ProjectDependencies) = postProject
		{C52CA55B-1B6E-4725-8FA8-9817113801DC} = {C52CA55B-1B6E-4725-8FA8-9817113801DC}
		{9E771CA4-04D9-4ED8-80F2-FFD379413688} = {9E771CA4-04D9-4ED8-80F2-FFD379413688}
		{1A04D2B1-EBB3-4569-BD03-915631B4BFB1} = {1A04D2B1-EBB3-4569-BD03-915631B4BFB1}
		{2026AFE7-6063-466A-A335-C76A888DB202} = {2026AFE7-6063-466A-A335-C76A888DB202}
	EndProjectSection
EndProject
Project("{2150E333-8FDC-42A3-9474-1A3956D46DE8}") = "Dependencies", "Dependencies", "{DBF8B066-7523-44A5-8F55-02E3212A048F}"
EndProject
Project("{8BC9CEB8-8B4A-11D0-8D11-00A0C91BC942}") = "Zipper", "Zipper\Zipper.vcxproj", "{2026AFE7-6063-466A-A335-C76A888DB202}"
EndProject
Project("{8BC9CEB8-8B4A-11D0-8D11-00A0C91BC942}") = "libzydis", "Dependencies\libzydis.vcxproj", "{C52CA55B-1B6E-4725-8FA8-9817113801DC}"
EndProject
Project("{8BC9CEB8-8B4A-11D0-8D11-00A0C91BC942}") = "libdeflate", "Dependencies\libdeflate.vcxproj", "{9E771CA4-04D9-4ED8-80F2-FFD379413688}"
EndProject
Project("{8BC9CEB8-8B4A-11D0-8D11-00A0C91BC942}") = "Creation Kit Platform Extended Loader", "Creation Kit Platform Extended Loader\ckpe_loader.vcxproj", "{42E22F45-AC50-49BF-AABB-D0FFE480333C}"
EndProject
Project("{8BC9CEB8-8B4A-11D0-8D11-00A0C91BC942}") = "MyFirstPlugin", "Plug-ins\MyFirstPlugin\MyFirstPlugin.vcxproj", "{D9D13FA6-38C4-443A-A610-18A0DB488DB5}"
EndProject
Project("{8BC9CEB8-8B4A-11D0-8D11-00A0C91BC942}") = "Detours", "Dependencies\Voltek\Detours\Detours.vcxproj", "{5E4F0CA1-5093-48F0-8660-E649765D6A1E}"
EndProject
Project("{8BC9CEB8-8B4A-11D0-8D11-00A0C91BC942}") = "MemoryManager", "Dependencies\Voltek\Memory Manager\vmm.vcxproj", "{1A04D2B1-EBB3-4569-BD03-915631B4BFB1}"
EndProject
Project("{8BC9CEB8-8B4A-11D0-8D11-00A0C91BC942}") = "UnicodeConverter", "Dependencies\Voltek\UnicodeConverter\UnicodeConverter.vcxproj", "{C0228B22-F83A-4EB2-A9FF-27461D8428B5}"
EndProject
Project("{2150E333-8FDC-42A3-9474-1A3956D46DE8}") = "VoltekLib", "VoltekLib", "{E3CCD384-8F82-4300-9B4A-DCAE5BA8DB89}"
EndProject
Project("{8BC9CEB8-8B4A-11D0-8D11-00A0C91BC942}") = "RelocationDatabase", "Dependencies\Voltek\Relocation Database\RelocationDatabase.vcxproj", "{2E2B6346-5155-45BC-AF2D-CFB47BE95CAB}"
EndProject
Global
	GlobalSection(SolutionConfigurationPlatforms) = preSolution
		Debug|x64 = Debug|x64
		Debug|x86 = Debug|x86
		Release|x64 = Release|x64
		Release|x86 = Release|x86
		Release-Qt|x64 = Release-Qt|x64
		Release-Qt|x86 = Release-Qt|x86
	EndGlobalSection
	GlobalSection(ProjectConfigurationPlatforms) = postSolution
		{0794F1B4-68C6-4F5A-AD4A-767B1B4D9783}.Debug|x64.ActiveCfg = Release|x64
		{0794F1B4-68C6-4F5A-AD4A-767B1B4D9783}.Debug|x64.Build.0 = Release|x64
		{0794F1B4-68C6-4F5A-AD4A-767B1B4D9783}.Debug|x86.ActiveCfg = Release|x64
		{0794F1B4-68C6-4F5A-AD4A-767B1B4D9783}.Debug|x86.Build.0 = Release|x64
		{0794F1B4-68C6-4F5A-AD4A-767B1B4D9783}.Release|x64.ActiveCfg = Release|x64
		{0794F1B4-68C6-4F5A-AD4A-767B1B4D9783}.Release|x64.Build.0 = Release|x64
		{0794F1B4-68C6-4F5A-AD4A-767B1B4D9783}.Release|x86.ActiveCfg = Release|x64
		{0794F1B4-68C6-4F5A-AD4A-767B1B4D9783}.Release-Qt|x64.ActiveCfg = Release-Qt|x64
		{0794F1B4-68C6-4F5A-AD4A-767B1B4D9783}.Release-Qt|x64.Build.0 = Release-Qt|x64
		{0794F1B4-68C6-4F5A-AD4A-767B1B4D9783}.Release-Qt|x86.ActiveCfg = Release-Qt|x64
		{0794F1B4-68C6-4F5A-AD4A-767B1B4D9783}.Release-Qt|x86.Build.0 = Release-Qt|x64
		{2026AFE7-6063-466A-A335-C76A888DB202}.Debug|x64.ActiveCfg = Debug|x64
		{2026AFE7-6063-466A-A335-C76A888DB202}.Debug|x64.Build.0 = Debug|x64
		{2026AFE7-6063-466A-A335-C76A888DB202}.Debug|x86.ActiveCfg = Debug|x64
		{2026AFE7-6063-466A-A335-C76A888DB202}.Release|x64.ActiveCfg = Release|x64
		{2026AFE7-6063-466A-A335-C76A888DB202}.Release|x64.Build.0 = Release|x64
		{2026AFE7-6063-466A-A335-C76A888DB202}.Release|x86.ActiveCfg = Release|x64
		{2026AFE7-6063-466A-A335-C76A888DB202}.Release-Qt|x64.ActiveCfg = Release|x64
		{2026AFE7-6063-466A-A335-C76A888DB202}.Release-Qt|x64.Build.0 = Release|x64
		{2026AFE7-6063-466A-A335-C76A888DB202}.Release-Qt|x86.ActiveCfg = Release|x64
		{2026AFE7-6063-466A-A335-C76A888DB202}.Release-Qt|x86.Build.0 = Release|x64
		{C52CA55B-1B6E-4725-8FA8-9817113801DC}.Debug|x64.ActiveCfg = Debug|x64
		{C52CA55B-1B6E-4725-8FA8-9817113801DC}.Debug|x64.Build.0 = Debug|x64
		{C52CA55B-1B6E-4725-8FA8-9817113801DC}.Debug|x86.ActiveCfg = Debug|Win32
		{C52CA55B-1B6E-4725-8FA8-9817113801DC}.Debug|x86.Build.0 = Debug|Win32
		{C52CA55B-1B6E-4725-8FA8-9817113801DC}.Release|x64.ActiveCfg = Release|x64
		{C52CA55B-1B6E-4725-8FA8-9817113801DC}.Release|x64.Build.0 = Release|x64
		{C52CA55B-1B6E-4725-8FA8-9817113801DC}.Release|x86.ActiveCfg = Release|Win32
		{C52CA55B-1B6E-4725-8FA8-9817113801DC}.Release|x86.Build.0 = Release|Win32
		{C52CA55B-1B6E-4725-8FA8-9817113801DC}.Release-Qt|x64.ActiveCfg = Release|x64
		{C52CA55B-1B6E-4725-8FA8-9817113801DC}.Release-Qt|x64.Build.0 = Release|x64
		{C52CA55B-1B6E-4725-8FA8-9817113801DC}.Release-Qt|x86.ActiveCfg = Release|Win32
		{C52CA55B-1B6E-4725-8FA8-9817113801DC}.Release-Qt|x86.Build.0 = Release|Win32
		{9E771CA4-04D9-4ED8-80F2-FFD379413688}.Debug|x64.ActiveCfg = Debug|x64
		{9E771CA4-04D9-4ED8-80F2-FFD379413688}.Debug|x64.Build.0 = Debug|x64
		{9E771CA4-04D9-4ED8-80F2-FFD379413688}.Debug|x86.ActiveCfg = Debug|Win32
		{9E771CA4-04D9-4ED8-80F2-FFD379413688}.Debug|x86.Build.0 = Debug|Win32
		{9E771CA4-04D9-4ED8-80F2-FFD379413688}.Release|x64.ActiveCfg = Release|x64
		{9E771CA4-04D9-4ED8-80F2-FFD379413688}.Release|x64.Build.0 = Release|x64
		{9E771CA4-04D9-4ED8-80F2-FFD379413688}.Release|x86.ActiveCfg = Release|Win32
		{9E771CA4-04D9-4ED8-80F2-FFD379413688}.Release|x86.Build.0 = Release|Win32
		{9E771CA4-04D9-4ED8-80F2-FFD379413688}.Release-Qt|x64.ActiveCfg = Release|x64
		{9E771CA4-04D9-4ED8-80F2-FFD379413688}.Release-Qt|x64.Build.0 = Release|x64
		{9E771CA4-04D9-4ED8-80F2-FFD379413688}.Release-Qt|x86.ActiveCfg = Release|Win32
		{9E771CA4-04D9-4ED8-80F2-FFD379413688}.Release-Qt|x86.Build.0 = Release|Win32
		{42E22F45-AC50-49BF-AABB-D0FFE480333C}.Debug|x64.ActiveCfg = Release|x64
		{42E22F45-AC50-49BF-AABB-D0FFE480333C}.Debug|x86.ActiveCfg = Release|x64
		{42E22F45-AC50-49BF-AABB-D0FFE480333C}.Debug|x86.Build.0 = Release|x64
		{42E22F45-AC50-49BF-AABB-D0FFE480333C}.Release|x64.ActiveCfg = Release|x64
		{42E22F45-AC50-49BF-AABB-D0FFE480333C}.Release|x64.Build.0 = Release|x64
		{42E22F45-AC50-49BF-AABB-D0FFE480333C}.Release|x86.ActiveCfg = Release|x64
		{42E22F45-AC50-49BF-AABB-D0FFE480333C}.Release-Qt|x64.ActiveCfg = Release|x64
		{42E22F45-AC50-49BF-AABB-D0FFE480333C}.Release-Qt|x64.Build.0 = Release|x64
		{42E22F45-AC50-49BF-AABB-D0FFE480333C}.Release-Qt|x86.ActiveCfg = Release|x64
		{42E22F45-AC50-49BF-AABB-D0FFE480333C}.Release-Qt|x86.Build.0 = Release|x64
		{D9D13FA6-38C4-443A-A610-18A0DB488DB5}.Debug|x64.ActiveCfg = Debug|x64
		{D9D13FA6-38C4-443A-A610-18A0DB488DB5}.Debug|x64.Build.0 = Debug|x64
		{D9D13FA6-38C4-443A-A610-18A0DB488DB5}.Debug|x86.ActiveCfg = Debug|Win32
		{D9D13FA6-38C4-443A-A610-18A0DB488DB5}.Debug|x86.Build.0 = Debug|Win32
		{D9D13FA6-38C4-443A-A610-18A0DB488DB5}.Release|x64.ActiveCfg = Release|x64
		{D9D13FA6-38C4-443A-A610-18A0DB488DB5}.Release|x64.Build.0 = Release|x64
		{D9D13FA6-38C4-443A-A610-18A0DB488DB5}.Release|x86.ActiveCfg = Release|Win32
		{D9D13FA6-38C4-443A-A610-18A0DB488DB5}.Release|x86.Build.0 = Release|Win32
		{D9D13FA6-38C4-443A-A610-18A0DB488DB5}.Release-Qt|x64.ActiveCfg = Release|x64
		{D9D13FA6-38C4-443A-A610-18A0DB488DB5}.Release-Qt|x64.Build.0 = Release|x64
		{D9D13FA6-38C4-443A-A610-18A0DB488DB5}.Release-Qt|x86.ActiveCfg = Release|Win32
		{D9D13FA6-38C4-443A-A610-18A0DB488DB5}.Release-Qt|x86.Build.0 = Release|Win32
		{5E4F0CA1-5093-48F0-8660-E649765D6A1E}.Debug|x64.ActiveCfg = Debug|x64
		{5E4F0CA1-5093-48F0-8660-E649765D6A1E}.Debug|x64.Build.0 = Debug|x64
		{5E4F0CA1-5093-48F0-8660-E649765D6A1E}.Debug|x86.ActiveCfg = Debug|Win32
		{5E4F0CA1-5093-48F0-8660-E649765D6A1E}.Debug|x86.Build.0 = Debug|Win32
		{5E4F0CA1-5093-48F0-8660-E649765D6A1E}.Release|x64.ActiveCfg = Release|x64
		{5E4F0CA1-5093-48F0-8660-E649765D6A1E}.Release|x64.Build.0 = Release|x64
		{5E4F0CA1-5093-48F0-8660-E649765D6A1E}.Release|x86.ActiveCfg = Release|Win32
		{5E4F0CA1-5093-48F0-8660-E649765D6A1E}.Release|x86.Build.0 = Release|Win32
		{5E4F0CA1-5093-48F0-8660-E649765D6A1E}.Release-Qt|x64.ActiveCfg = Release|x64
		{5E4F0CA1-5093-48F0-8660-E649765D6A1E}.Release-Qt|x64.Build.0 = Release|x64
		{5E4F0CA1-5093-48F0-8660-E649765D6A1E}.Release-Qt|x86.ActiveCfg = Release|Win32
		{5E4F0CA1-5093-48F0-8660-E649765D6A1E}.Release-Qt|x86.Build.0 = Release|Win32
		{1A04D2B1-EBB3-4569-BD03-915631B4BFB1}.Debug|x64.ActiveCfg = Debug|x64
		{1A04D2B1-EBB3-4569-BD03-915631B4BFB1}.Debug|x64.Build.0 = Debug|x64
		{1A04D2B1-EBB3-4569-BD03-915631B4BFB1}.Debug|x86.ActiveCfg = Debug|Win32
		{1A04D2B1-EBB3-4569-BD03-915631B4BFB1}.Debug|x86.Build.0 = Debug|Win32
		{1A04D2B1-EBB3-4569-BD03-915631B4BFB1}.Release|x64.ActiveCfg = Release|x64
		{1A04D2B1-EBB3-4569-BD03-915631B4BFB1}.Release|x64.Build.0 = Release|x64
		{1A04D2B1-EBB3-4569-BD03-915631B4BFB1}.Release|x86.ActiveCfg = Release|Win32
		{1A04D2B1-EBB3-4569-BD03-915631B4BFB1}.Release|x86.Build.0 = Release|Win32
		{1A04D2B1-EBB3-4569-BD03-915631B4BFB1}.Release-Qt|x64.ActiveCfg = Release|x64
		{1A04D2B1-EBB3-4569-BD03-915631B4BFB1}.Release-Qt|x64.Build.0 = Release|x64
		{1A04D2B1-EBB3-4569-BD03-915631B4BFB1}.Release-Qt|x86.ActiveCfg = Release|Win32
		{1A04D2B1-EBB3-4569-BD03-915631B4BFB1}.Release-Qt|x86.Build.0 = Release|Win32
		{C0228B22-F83A-4EB2-A9FF-27461D8428B5}.Debug|x64.ActiveCfg = Debug|x64
		{C0228B22-F83A-4EB2-A9FF-27461D8428B5}.Debug|x64.Build.0 = Debug|x64
		{C0228B22-F83A-4EB2-A9FF-27461D8428B5}.Debug|x86.ActiveCfg = Debug|Win32
		{C0228B22-F83A-4EB2-A9FF-27461D8428B5}.Debug|x86.Build.0 = Debug|Win32
		{C0228B22-F83A-4EB2-A9FF-27461D8428B5}.Release|x64.ActiveCfg = Release|x64
		{C0228B22-F83A-4EB2-A9FF-27461D8428B5}.Release|x64.Build.0 = Release|x64
		{C0228B22-F83A-4EB2-A9FF-27461D8428B5}.Release|x86.ActiveCfg = Release|Win32
		{C0228B22-F83A-4EB2-A9FF-27461D8428B5}.Release|x86.Build.0 = Release|Win32
		{C0228B22-F83A-4EB2-A9FF-27461D8428B5}.Release-Qt|x64.ActiveCfg = Release|x64
		{C0228B22-F83A-4EB2-A9FF-27461D8428B5}.Release-Qt|x64.Build.0 = Release|x64
		{C0228B22-F83A-4EB2-A9FF-27461D8428B5}.Release-Qt|x86.ActiveCfg = Release|Win32
		{C0228B22-F83A-4EB2-A9FF-27461D8428B5}.Release-Qt|x86.Build.0 = Release|Win32
		{2E2B6346-5155-45BC-AF2D-CFB47BE95CAB}.Debug|x64.ActiveCfg = Debug|x64
		{2E2B6346-5155-45BC-AF2D-CFB47BE95CAB}.Debug|x64.Build.0 = Debug|x64
		{2E2B6346-5155-45BC-AF2D-CFB47BE95CAB}.Debug|x86.ActiveCfg = Debug|Win32
		{2E2B6346-5155-45BC-AF2D-CFB47BE95CAB}.Debug|x86.Build.0 = Debug|Win32
		{2E2B6346-5155-45BC-AF2D-CFB47BE95CAB}.Release|x64.ActiveCfg = Release|x64
		{2E2B6346-5155-45BC-AF2D-CFB47BE95CAB}.Release|x64.Build.0 = Release|x64
		{2E2B6346-5155-45BC-AF2D-CFB47BE95CAB}.Release|x86.ActiveCfg = Release|Win32
		{2E2B6346-5155-45BC-AF2D-CFB47BE95CAB}.Release|x86.Build.0 = Release|Win32
		{2E2B6346-5155-45BC-AF2D-CFB47BE95CAB}.Release-Qt|x64.ActiveCfg = Release|x64
		{2E2B6346-5155-45BC-AF2D-CFB47BE95CAB}.Release-Qt|x64.Build.0 = Release|x64
		{2E2B6346-5155-45BC-AF2D-CFB47BE95CAB}.Release-Qt|x86.ActiveCfg = Release|Win32
		{2E2B6346-5155-45BC-AF2D-CFB47BE95CAB}.Release-Qt|x86.Build.0 = Release|Win32
	EndGlobalSection
	GlobalSection(SolutionProperties) = preSolution
		HideSolutionNode = FALSE
	EndGlobalSection
	GlobalSection(NestedProjects) = preSolution
		{2026AFE7-6063-466A-A335-C76A888DB202} = {DBF8B066-7523-44A5-8F55-02E3212A048F}
		{C52CA55B-1B6E-4725-8FA8-9817113801DC} = {DBF8B066-7523-44A5-8F55-02E3212A048F}
		{9E771CA4-04D9-4ED8-80F2-FFD379413688} = {DBF8B066-7523-44A5-8F55-02E3212A048F}
		{5E4F0CA1-5093-48F0-8660-E649765D6A1E} = {E3CCD384-8F82-4300-9B4A-DCAE5BA8DB89}
		{1A04D2B1-EBB3-4569-BD03-915631B4BFB1} = {E3CCD384-8F82-4300-9B4A-DCAE5BA8DB89}
		{C0228B22-F83A-4EB2-A9FF-27461D8428B5} = {E3CCD384-8F82-4300-9B4A-DCAE5BA8DB89}
		{E3CCD384-8F82-4300-9B4A-DCAE5BA8DB89} = {DBF8B066-7523-44A5-8F55-02E3212A048F}
		{2E2B6346-5155-45BC-AF2D-CFB47BE95CAB} = {E3CCD384-8F82-4300-9B4A-DCAE5BA8DB89}
	EndGlobalSection
	GlobalSection(ExtensibilityGlobals) = postSolution
		SolutionGuid = {3D7FAA7F-23AA-467B-BFB7-39DF25721450}
	EndGlobalSection
EndGlobal
