<?xml version="1.0" encoding="utf-8"?>
<Project ToolsVersion="4.0" xmlns="http://schemas.microsoft.com/developer/msbuild/2003">
  <ItemGroup>
    <ClCompile Include="dllmain.cpp" />
    <ClCompile Include="Src\CKPE.Common.Interface.cpp">
      <Filter>API</Filter>
    </ClCompile>
    <ClCompile Include="Src\CKPE.Common.RuntimeOptimization.cpp">
      <Filter>API</Filter>
    </ClCompile>
    <ClCompile Include="Src\CKPE.Common.LogWindow.cpp">
      <Filter>API</Filter>
    </ClCompile>
    <ClCompile Include="Src\CKPE.Common.SettingCollection.cpp">
      <Filter>API</Filter>
    </ClCompile>
    <ClCompile Include="Src\CKPE.Common.MemoryManager.cpp">
      <Filter>API</Filter>
    </ClCompile>
    <ClCompile Include="Src\CKPE.Common.RTTI.cpp">
      <Filter>API</Filter>
    </ClCompile>
    <ClCompile Include="Src\CKPE.Common.UIBaseWindow.cpp">
      <Filter>UI</Filter>
    </ClCompile>
    <ClCompile Include="Src\CKPE.Common.UIMenus.cpp">
      <Filter>UI</Filter>
    </ClCompile>
    <ClCompile Include="Src\CKPE.Common.UIVarCommon.cpp">
      <Filter>UI</Filter>
    </ClCompile>
    <ClCompile Include="Src\CKPE.Common.UIColored.cpp">
      <Filter>UI</Filter>
    </ClCompile>
    <ClCompile Include="Src\CKPE.Common.UITrackBar.cpp">
      <Filter>UI</Filter>
    </ClCompile>
    <ClCompile Include="Src\CKPE.Common.UIToolBar.cpp">
      <Filter>UI</Filter>
    </ClCompile>
    <ClCompile Include="Src\CKPE.Common.UIScrollBar.cpp">
      <Filter>UI</Filter>
    </ClCompile>
    <ClCompile Include="Src\CKPE.Common.UIStatusBar.cpp">
      <Filter>UI</Filter>
    </ClCompile>
    <ClCompile Include="Src\CKPE.Common.UIPopupMenu.cpp">
      <Filter>UI</Filter>
    </ClCompile>
    <ClCompile Include="Src\CKPE.Common.UIProgressBar.cpp">
      <Filter>UI</Filter>
    </ClCompile>
    <ClCompile Include="Src\CKPE.Common.UIPushButton.cpp">
      <Filter>UI</Filter>
    </ClCompile>
    <ClCompile Include="Src\CKPE.Common.UIRadioButton.cpp">
      <Filter>UI</Filter>
    </ClCompile>
    <ClCompile Include="Src\CKPE.Common.UIPageControl.cpp">
      <Filter>UI</Filter>
    </ClCompile>
    <ClCompile Include="Src\CKPE.Common.UIMDIClient.cpp">
      <Filter>UI</Filter>
    </ClCompile>
    <ClCompile Include="Src\CKPE.Common.UIListBox.cpp">
      <Filter>UI</Filter>
    </ClCompile>
    <ClCompile Include="Src\CKPE.Common.UIGroupBox.cpp">
      <Filter>UI</Filter>
    </ClCompile>
    <ClCompile Include="Src\CKPE.Common.UIHeader.cpp">
      <Filter>UI</Filter>
    </ClCompile>
    <ClCompile Include="Src\CKPE.Common.UIUpDown.cpp">
      <Filter>UI</Filter>
    </ClCompile>
    <ClCompile Include="Src\CKPE.Common.UICheckBox.cpp">
      <Filter>UI</Filter>
    </ClCompile>
    <ClCompile Include="Src\CKPE.Common.UIComboBox.cpp">
      <Filter>UI</Filter>
    </ClCompile>
    <ClCompile Include="Src\CKPE.Common.UICustomBox.cpp">
      <Filter>UI</Filter>
    </ClCompile>
    <ClCompile Include="Src\CKPE.Common.UIEditText.cpp">
      <Filter>UI</Filter>
    </ClCompile>
    <ClCompile Include="Src\CKPE.Common.UIRichEdit20.cpp">
      <Filter>UI</Filter>
    </ClCompile>
    <ClCompile Include="Src\CKPE.Common.UITreeView.cpp">
      <Filter>UI</Filter>
    </ClCompile>
    <ClCompile Include="Src\CKPE.Common.EditorUI.cpp">
      <Filter>API</Filter>
    </ClCompile>
    <ClCompile Include="Src\CKPE.Common.SafeExit.cpp">
      <Filter>API</Filter>
    </ClCompile>
    <ClCompile Include="Src\CKPE.Common.Threads.cpp">
      <Filter>API</Filter>
    </ClCompile>
    <ClCompile Include="Src\CKPE.Common.ClassicTheme.cpp">
      <Filter>API</Filter>
    </ClCompile>
    <ClCompile Include="Src\CKPE.Common.ModernTheme.cpp">
      <Filter>API</Filter>
    </ClCompile>
    <ClCompile Include="Src\CKPE.Common.UIMemo.cpp">
      <Filter>UI</Filter>
    </ClCompile>
    <ClCompile Include="Src\CKPE.Common.UIListView.cpp">
      <Filter>UI</Filter>
    </ClCompile>
    <ClCompile Include="..\Dependencies\jDialogs\include\jdialogs.cpp">
      <Filter>_depend</Filter>
    </ClCompile>
    <ClCompile Include="Src\CKPE.Common.DialogManager.cpp">
      <Filter>API</Filter>
    </ClCompile>
    <ClCompile Include="Src\CKPE.Common.AboutWindow.cpp">
      <Filter>API</Filter>
    </ClCompile>
    <ClCompile Include="Src\CKPE.Common.Registry.cpp">
      <Filter>API</Filter>
    </ClCompile>
    <ClCompile Include="Src\CKPE.Common.Relocator.cpp">
      <Filter>API</Filter>
    </ClCompile>
    <ClCompile Include="Src\CKPE.Common.RelocatorDB.cpp">
      <Filter>API</Filter>
    </ClCompile>
    <ClCompile Include="Src\CKPE.Common.CreatePatterns.cpp">
      <Filter>API</Filter>
    </ClCompile>
    <ClCompile Include="Src\CKPE.Common.PatchManager.cpp">
      <Filter>API</Filter>
    </ClCompile>
    <ClCompile Include="Src\CKPE.Common.Patch.cpp">
      <Filter>API</Filter>
    </ClCompile>
    <ClCompile Include="Src\CKPE.Common.CrashHandler.cpp">
      <Filter>API</Filter>
    </ClCompile>
    <ClCompile Include="Src\CKPE.Common.D3D11Proxy.cpp">
      <Filter>API</Filter>
    </ClCompile>
  </ItemGroup>
  <ItemGroup>
    <Filter Include="API">
      <UniqueIdentifier>{8d7d4588-e831-422b-8969-11e8c27027fa}</UniqueIdentifier>
    </Filter>
    <Filter Include="UI">
      <UniqueIdentifier>{42f894af-517e-47ee-bd34-83bd19bcb2a5}</UniqueIdentifier>
    </Filter>
    <Filter Include="_depend">
      <UniqueIdentifier>{2129f330-812a-45a4-9173-c9bc8505f039}</UniqueIdentifier>
    </Filter>
  </ItemGroup>
  <ItemGroup>
    <ClInclude Include="Include\CKPE.Common.Interface.h">
      <Filter>API</Filter>
    </ClInclude>
    <ClInclude Include="Include\CKPE.Common.Common.h">
      <Filter>API</Filter>
    </ClInclude>
    <ClInclude Include="Include\CKPE.Common.Include.h">
      <Filter>API</Filter>
    </ClInclude>
    <ClInclude Include="Include\CKPE.Common.RuntimeOptimization.h">
      <Filter>API</Filter>
    </ClInclude>
    <ClInclude Include="Include\CKPE.Common.LogWindow.h">
      <Filter>API</Filter>
    </ClInclude>
    <ClInclude Include="Include\CKPE.Common.SettingCollection.h">
      <Filter>API</Filter>
    </ClInclude>
    <ClInclude Include="Include\CKPE.Common.MemoryManager.h">
      <Filter>API</Filter>
    </ClInclude>
    <ClInclude Include="Include\CKPE.Common.RTTI.h">
      <Filter>API</Filter>
    </ClInclude>
    <ClInclude Include="Include\CKPE.Common.UIBaseWindow.h">
      <Filter>UI</Filter>
    </ClInclude>
    <ClInclude Include="Include\CKPE.Common.UIMenus.h">
      <Filter>UI</Filter>
    </ClInclude>
    <ClInclude Include="Include\CKPE.Common.UIVarCommon.h">
      <Filter>UI</Filter>
    </ClInclude>
    <ClInclude Include="Include\CKPE.Common.UIColored.h">
      <Filter>UI</Filter>
    </ClInclude>
    <ClInclude Include="Include\CKPE.Common.UITrackBar.h">
      <Filter>UI</Filter>
    </ClInclude>
    <ClInclude Include="Include\CKPE.Common.UIToolBar.h">
      <Filter>UI</Filter>
    </ClInclude>
    <ClInclude Include="Include\CKPE.Common.UIScrollBar.h">
      <Filter>UI</Filter>
    </ClInclude>
    <ClInclude Include="Include\CKPE.Common.UIStatusBar.h">
      <Filter>UI</Filter>
    </ClInclude>
    <ClInclude Include="Include\CKPE.Common.UIProgressBar.h">
      <Filter>UI</Filter>
    </ClInclude>
    <ClInclude Include="Include\CKPE.Common.UIPushButton.h">
      <Filter>UI</Filter>
    </ClInclude>
    <ClInclude Include="Include\CKPE.Common.UIRadioButton.h">
      <Filter>UI</Filter>
    </ClInclude>
    <ClInclude Include="Include\CKPE.Common.UIPageControl.h">
      <Filter>UI</Filter>
    </ClInclude>
    <ClInclude Include="Include\CKPE.Common.UIPopupMenu.h">
      <Filter>UI</Filter>
    </ClInclude>
    <ClInclude Include="Include\CKPE.Common.UIMDIClient.h">
      <Filter>UI</Filter>
    </ClInclude>
    <ClInclude Include="Include\CKPE.Common.UIListBox.h">
      <Filter>UI</Filter>
    </ClInclude>
    <ClInclude Include="Include\CKPE.Common.UIHeader.h">
      <Filter>UI</Filter>
    </ClInclude>
    <ClInclude Include="Include\CKPE.Common.UIGroupBox.h">
      <Filter>UI</Filter>
    </ClInclude>
    <ClInclude Include="Include\CKPE.Common.UIUpDown.h">
      <Filter>UI</Filter>
    </ClInclude>
    <ClInclude Include="Include\CKPE.Common.UICheckBox.h">
      <Filter>UI</Filter>
    </ClInclude>
    <ClInclude Include="Include\CKPE.Common.UIComboBox.h">
      <Filter>UI</Filter>
    </ClInclude>
    <ClInclude Include="Include\CKPE.Common.UICustomBox.h">
      <Filter>UI</Filter>
    </ClInclude>
    <ClInclude Include="Include\CKPE.Common.UIEditText.h">
      <Filter>UI</Filter>
    </ClInclude>
    <ClInclude Include="Include\CKPE.Common.UIRichEdit20.h">
      <Filter>UI</Filter>
    </ClInclude>
    <ClInclude Include="Include\CKPE.Common.UITreeView.h">
      <Filter>UI</Filter>
    </ClInclude>
    <ClInclude Include="Include\CKPE.Common.EditorUI.h">
      <Filter>API</Filter>
    </ClInclude>
    <ClInclude Include="Include\CKPE.Common.SafeExit.h">
      <Filter>API</Filter>
    </ClInclude>
    <ClInclude Include="Include\CKPE.Common.Threads.h">
      <Filter>API</Filter>
    </ClInclude>
    <ClInclude Include="Include\CKPE.Common.ClassicTheme.h">
      <Filter>API</Filter>
    </ClInclude>
    <ClInclude Include="Include\CKPE.Common.ModernTheme.h">
      <Filter>API</Filter>
    </ClInclude>
    <ClInclude Include="Include\CKPE.Common.UIMemo.h">
      <Filter>UI</Filter>
    </ClInclude>
    <ClInclude Include="Include\CKPE.Common.UIListView.h">
      <Filter>UI</Filter>
    </ClInclude>
    <ClInclude Include="..\Dependencies\jDialogs\include\jdialogs.h">
      <Filter>_depend</Filter>
    </ClInclude>
    <ClInclude Include="Include\CKPE.Common.DialogManager.h">
      <Filter>API</Filter>
    </ClInclude>
    <ClInclude Include="Include\CKPE.Common.AboutWindow.h">
      <Filter>API</Filter>
    </ClInclude>
    <ClInclude Include="resource.h" />
    <ClInclude Include="Include\CKPE.Common.Registry.h">
      <Filter>API</Filter>
    </ClInclude>
    <ClInclude Include="Include\CKPE.Common.Relocator.h">
      <Filter>API</Filter>
    </ClInclude>
    <ClInclude Include="Include\CKPE.Common.RelocatorDB.h">
      <Filter>API</Filter>
    </ClInclude>
    <ClInclude Include="Include\CKPE.Common.CreatePatterns.h">
      <Filter>API</Filter>
    </ClInclude>
    <ClInclude Include="Include\CKPE.Common.Patch.h">
      <Filter>API</Filter>
    </ClInclude>
    <ClInclude Include="Include\CKPE.Common.PatchManager.h">
      <Filter>API</Filter>
    </ClInclude>
    <ClInclude Include="Include\CKPE.Common.CrashHandler.h">
      <Filter>API</Filter>
    </ClInclude>
    <ClInclude Include="Include\CKPE.Common.D3D11Proxy.h">
      <Filter>API</Filter>
    </ClInclude>
  </ItemGroup>
  <ItemGroup>
    <ResourceCompile Include="resource_version.rc" />
    <ResourceCompile Include="resource.rc" />
  </ItemGroup>
  <ItemGroup>
    <Text Include="build_version.txt" />
  </ItemGroup>
</Project>