<?xml version="1.0" encoding="utf-8"?>
<Project ToolsVersion="4.0" xmlns="http://schemas.microsoft.com/developer/msbuild/2003">
  <ItemGroup>
    <ClCompile Include="dllmain.cpp" />
    <ClCompile Include="Src\CKPE.Common.Interface.cpp">
      <Filter>API</Filter>
    </ClCompile>
    <ClCompile Include="Src\CKPE.Common.RuntimeOptimization.cpp">
      <Filter>API</Filter>
    </ClCompile>
    <ClCompile Include="Src\CKPE.Common.LogWindow.cpp">
      <Filter>API</Filter>
    </ClCompile>
    <ClCompile Include="Src\CKPE.Common.SettingCollection.cpp">
      <Filter>API</Filter>
    </ClCompile>
  </ItemGroup>
  <ItemGroup>
    <Filter Include="API">
      <UniqueIdentifier>{8d7d4588-e831-422b-8969-11e8c27027fa}</UniqueIdentifier>
    </Filter>
  </ItemGroup>
  <ItemGroup>
    <ClInclude Include="Include\CKPE.Common.Interface.h">
      <Filter>API</Filter>
    </ClInclude>
    <ClInclude Include="Include\CKPE.Common.Common.h">
      <Filter>API</Filter>
    </ClInclude>
    <ClInclude Include="Include\CKPE.Common.Include.h">
      <Filter>API</Filter>
    </ClInclude>
    <ClInclude Include="Include\CKPE.Common.RuntimeOptimization.h">
      <Filter>API</Filter>
    </ClInclude>
    <ClInclude Include="Include\CKPE.Common.LogWindow.h">
      <Filter>API</Filter>
    </ClInclude>
    <ClInclude Include="Include\CKPE.Common.SettingCollection.h">
      <Filter>API</Filter>
    </ClInclude>
  </ItemGroup>
  <ItemGroup>
    <ResourceCompile Include="resource_version.rc" />
  </ItemGroup>
  <ItemGroup>
    <Text Include="build_version.txt" />
  </ItemGroup>
</Project>