
Microsoft Visual Studio Solution File, Format Version 12.00
# Visual Studio Version 17
VisualStudioVersion = 17.10.36117.0
MinimumVisualStudioVersion = 10.0.40219.1
Project("{8BC9CEB8-8B4A-11D0-8D11-00A0C91BC942}") = "MemoryManager", "vmm.vcxproj", "{19FF1140-3B0A-495C-8FF2-67BABDF60A43}"
EndProject
Global
	GlobalSection(SolutionConfigurationPlatforms) = preSolution
		Release|x64 = Release|x64
		Release|x86 = Release|x86
		Release-NoAVX2|x64 = Release-NoAVX2|x64
		Release-NoAVX2|x86 = Release-NoAVX2|x86
	EndGlobalSection
	GlobalSection(ProjectConfigurationPlatforms) = postSolution
		{19FF1140-3B0A-495C-8FF2-67BABDF60A43}.Release|x64.ActiveCfg = Release|x64
		{19FF1140-3B0A-495C-8FF2-67BABDF60A43}.Release|x64.Build.0 = Release|x64
		{19FF1140-3B0A-495C-8FF2-67BABDF60A43}.Release|x86.ActiveCfg = Release|Win32
		{19FF1140-3B0A-495C-8FF2-67BABDF60A43}.Release|x86.Build.0 = Release|Win32
		{19FF1140-3B0A-495C-8FF2-67BABDF60A43}.Release-NoAVX2|x64.ActiveCfg = Release-NoAVX2|x64
		{19FF1140-3B0A-495C-8FF2-67BABDF60A43}.Release-NoAVX2|x64.Build.0 = Release-NoAVX2|x64
		{19FF1140-3B0A-495C-8FF2-67BABDF60A43}.Release-NoAVX2|x86.ActiveCfg = Release-NoAVX2|Win32
		{19FF1140-3B0A-495C-8FF2-67BABDF60A43}.Release-NoAVX2|x86.Build.0 = Release-NoAVX2|Win32
	EndGlobalSection
	GlobalSection(SolutionProperties) = preSolution
		HideSolutionNode = FALSE
	EndGlobalSection
	GlobalSection(ExtensibilityGlobals) = postSolution
		SolutionGuid = {2AEA4E7B-9D27-475C-B637-C98FCEA2C605}
	EndGlobalSection
EndGlobal
