<?xml version="1.0" encoding="utf-8"?>
<Project ToolsVersion="4.0" xmlns="http://schemas.microsoft.com/developer/msbuild/2003">
  <ItemGroup>
    <ClCompile Include="DllMain.cpp" />
    <ClCompile Include="Steam API\SteamAPI.cpp">
      <Filter>Steam API</Filter>
    </ClCompile>
    <ClCompile Include="WinHttp Wrapper\Exports.cpp">
      <Filter>WinHttp Wrapper</Filter>
    </ClCompile>
    <ClCompile Include="Core\Engine.cpp">
      <Filter>Core</Filter>
    </ClCompile>
    <ClCompile Include="Core\ResultCoreErrNo.cpp">
      <Filter>Core</Filter>
    </ClCompile>
    <ClCompile Include="Core\DebugLog.cpp">
      <Filter>Core</Filter>
    </ClCompile>
    <ClCompile Include="Utils.cpp" />
    <ClCompile Include="Core\INIWrapper.cpp">
      <Filter>Core</Filter>
    </ClCompile>
    <ClCompile Include="Core\Module.cpp">
      <Filter>Core</Filter>
    </ClCompile>
    <ClCompile Include="Core\Relocator.cpp">
      <Filter>Core</Filter>
    </ClCompile>
    <ClCompile Include="Core\RelocationDatabase.cpp">
      <Filter>Core</Filter>
    </ClCompile>
    <ClCompile Include="Core\CommandLineParser.cpp">
      <Filter>Core</Filter>
    </ClCompile>
    <ClCompile Include="Patches\QuitHandlerPatch.cpp">
      <Filter>Patches</Filter>
    </ClCompile>
    <ClCompile Include="Core\ModuleManager.cpp">
      <Filter>Core</Filter>
    </ClCompile>
    <ClCompile Include="Patches\MemoryManagerPatch.cpp">
      <Filter>Patches</Filter>
    </ClCompile>
    <ClCompile Include="Patches\CrashDumpPatch.cpp">
      <Filter>Patches</Filter>
    </ClCompile>
    <ClCompile Include="Core\ConsoleWindow.cpp">
      <Filter>Core</Filter>
    </ClCompile>
    <ClCompile Include="Patches\ConsolePatch.cpp">
      <Filter>Patches</Filter>
    </ClCompile>
    <ClCompile Include="Experimental\RuntimeOptimization.cpp">
      <Filter>Experimental</Filter>
    </ClCompile>
    <ClCompile Include="Editor API\EditorUI.cpp">
      <Filter>Editor API</Filter>
    </ClCompile>
    <ClCompile Include="Editor API\NiMemoryManager.cpp">
      <Filter>Editor API</Filter>
    </ClCompile>
    <ClCompile Include="Patches\FlowChartXPatch.cpp">
      <Filter>Patches</Filter>
    </ClCompile>
    <ClCompile Include="Core\TypeInfo\ms_rtti.cpp">
      <Filter>Core\TypeInfo</Filter>
    </ClCompile>
    <ClCompile Include="Editor API\SSE\TESForm.cpp">
      <Filter>Editor API\SSE</Filter>
    </ClCompile>
    <ClCompile Include="Editor API\BSString.cpp">
      <Filter>Editor API</Filter>
    </ClCompile>
    <ClCompile Include="Editor API\BGStringLocalize.cpp">
      <Filter>Editor API</Filter>
    </ClCompile>
    <ClCompile Include="UtfStr.cpp" />
    <ClCompile Include="Patches\UnicodePatch.cpp">
      <Filter>Patches</Filter>
    </ClCompile>
    <ClCompile Include="Editor API\SSE\TESDialogSpell.cpp">
      <Filter>Editor API\SSE</Filter>
    </ClCompile>
    <ClCompile Include="Editor API\BSReadWriteLock.cpp">
      <Filter>Editor API</Filter>
    </ClCompile>
    <ClCompile Include="Editor API\BSSpinLock.cpp">
      <Filter>Editor API</Filter>
    </ClCompile>
    <ClCompile Include="Editor API\SSE\BSGraphicsTypes.cpp">
      <Filter>Editor API\SSE</Filter>
    </ClCompile>
    <ClCompile Include="Patches\ThreadPatch.cpp">
      <Filter>Patches</Filter>
    </ClCompile>
    <ClCompile Include="Core\EngineSSEPatches.cpp">
      <Filter>Core</Filter>
    </ClCompile>
    <ClCompile Include="Editor API\SSE\BSShaderProperty.cpp">
      <Filter>Editor API\SSE</Filter>
    </ClCompile>
    <ClCompile Include="Editor API\BSSimpleLock.cpp">
      <Filter>Editor API</Filter>
    </ClCompile>
    <ClCompile Include="Patches\SSE\AllowPlayerKnowsCondition.cpp">
      <Filter>Patches\SSE\1-50</Filter>
    </ClCompile>
    <ClCompile Include="Patches\SSE\AlteredFormList.cpp">
      <Filter>Patches\SSE\1-50</Filter>
    </ClCompile>
    <ClCompile Include="Patches\SSE\BGSPerkRankArray.cpp">
      <Filter>Patches\SSE\1-50</Filter>
    </ClCompile>
    <ClCompile Include="Patches\SSE\BNetConvertUnicodeString.cpp">
      <Filter>Patches\SSE\1-50</Filter>
    </ClCompile>
    <ClCompile Include="Patches\SSE\BrokenTerrainEditDlg.cpp">
      <Filter>Patches\SSE\1-50</Filter>
    </ClCompile>
    <ClCompile Include="Patches\SSE\CheckD3D11.cpp">
      <Filter>Patches\SSE\1-50</Filter>
    </ClCompile>
    <ClCompile Include="Patches\SSE\CrashAfterMultipleMastersWarning.cpp">
      <Filter>Patches\SSE\1-50</Filter>
    </ClCompile>
    <ClCompile Include="Patches\SSE\CrashDuplicateWorldspace.cpp">
      <Filter>Patches\SSE\1-50</Filter>
    </ClCompile>
    <ClCompile Include="Patches\SSE\CrashFlowChartX.cpp">
      <Filter>Patches\SSE\1-50</Filter>
    </ClCompile>
    <ClCompile Include="Patches\SSE\CrashInventoryIterators.cpp">
      <Filter>Patches\SSE\1-50</Filter>
    </ClCompile>
    <ClCompile Include="Patches\SSE\CrashTestRadius.cpp">
      <Filter>Patches\SSE\1-50</Filter>
    </ClCompile>
    <ClCompile Include="Patches\SSE\CrashUsingMore16NPCForFaceGen.cpp">
      <Filter>Patches\SSE\1-50</Filter>
    </ClCompile>
    <ClCompile Include="Patches\SSE\FixActorDlg.cpp">
      <Filter>Patches\SSE\1-50</Filter>
    </ClCompile>
    <ClCompile Include="Patches\SSE\FixBGSEntryPointFunctionDataTwoValue.cpp">
      <Filter>Patches\SSE\1-50</Filter>
    </ClCompile>
    <ClCompile Include="Patches\SSE\FixBrightLightColor.cpp">
      <Filter>Patches\SSE\1-50</Filter>
    </ClCompile>
    <ClCompile Include="Patches\SSE\FixClassDlg.cpp">
      <Filter>Patches\SSE\1-50</Filter>
    </ClCompile>
    <ClCompile Include="Patches\SSE\FixCrashDuplicateForm.cpp">
      <Filter>Patches\SSE\1-50</Filter>
    </ClCompile>
    <ClCompile Include="Patches\SSE\FixCrashInArmorAddon.cpp">
      <Filter>Patches\SSE\1-50</Filter>
    </ClCompile>
    <ClCompile Include="Patches\SSE\FixCrashLightingShader.cpp">
      <Filter>Patches\SSE\1-50</Filter>
    </ClCompile>
    <ClCompile Include="Patches\SSE\FixCrashMakeXYZCircles.cpp">
      <Filter>Patches\SSE\1-50</Filter>
    </ClCompile>
    <ClCompile Include="Patches\SSE\FixCrashPluginTXT.cpp">
      <Filter>Patches\SSE\1-50</Filter>
    </ClCompile>
    <ClCompile Include="Patches\SSE\FixCrashTabControl.cpp">
      <Filter>Patches\SSE\1-50</Filter>
    </ClCompile>
    <ClCompile Include="Patches\SSE\FixDataDlgWithPluginTXT.cpp">
      <Filter>Patches\SSE\1-50</Filter>
    </ClCompile>
    <ClCompile Include="Patches\SSE\FixDialogueBranch.cpp">
      <Filter>Patches\SSE\1-50</Filter>
    </ClCompile>
    <ClCompile Include="Patches\SSE\FixFileInUse.cpp">
      <Filter>Patches\SSE\1-50</Filter>
    </ClCompile>
    <ClCompile Include="Patches\SSE\FixLoadMore32KAnimation.cpp">
      <Filter>Patches\SSE\1-50</Filter>
    </ClCompile>
    <ClCompile Include="Patches\SSE\FixMemoryLeakActorDlg.cpp">
      <Filter>Patches\SSE\1-50</Filter>
    </ClCompile>
    <ClCompile Include="Patches\SSE\FixMoveToTopic.cpp">
      <Filter>Patches\SSE\1-50</Filter>
    </ClCompile>
    <ClCompile Include="Patches\SSE\FixMusicTrackForm.cpp">
      <Filter>Patches\SSE\1-50</Filter>
    </ClCompile>
    <ClCompile Include="Patches\SSE\FixNiSkinInstance.cpp">
      <Filter>Patches\SSE\1-50</Filter>
    </ClCompile>
    <ClCompile Include="Patches\SSE\FixObjectPalette.cpp">
      <Filter>Patches\SSE\1-50</Filter>
    </ClCompile>
    <ClCompile Include="Patches\SSE\FixRaceDlg.cpp">
      <Filter>Patches\SSE\1-50</Filter>
    </ClCompile>
    <ClCompile Include="Patches\SSE\FixRemoteDesktop.cpp">
      <Filter>Patches\SSE\1-50</Filter>
    </ClCompile>
    <ClCompile Include="Patches\SSE\FixRenderPass.cpp">
      <Filter>Patches\SSE\1-50</Filter>
    </ClCompile>
    <ClCompile Include="Patches\SSE\FixSelectedPackageData.cpp">
      <Filter>Patches\SSE\1-50</Filter>
    </ClCompile>
    <ClCompile Include="Patches\SSE\FixSpellDlg.cpp">
      <Filter>Patches\SSE\1-50</Filter>
    </ClCompile>
    <ClCompile Include="Patches\SSE\FixSpellEffectsDuration.cpp">
      <Filter>Patches\SSE\1-50</Filter>
    </ClCompile>
    <ClCompile Include="Patches\SSE\FixUnableToFindVariable.cpp">
      <Filter>Patches\SSE\1-50</Filter>
    </ClCompile>
    <ClCompile Include="Patches\SSE\FixVertexNormals.cpp">
      <Filter>Patches\SSE\1-50</Filter>
    </ClCompile>
    <ClCompile Include="Patches\SSE\FixWaterOrtho.cpp">
      <Filter>Patches\SSE\1-50</Filter>
    </ClCompile>
    <ClCompile Include="Patches\SSE\FixWaterType.cpp">
      <Filter>Patches\SSE\1-50</Filter>
    </ClCompile>
    <ClCompile Include="Patches\SSE\IncreaseMaximumNavmesh.cpp">
      <Filter>Patches\SSE\1-50</Filter>
    </ClCompile>
    <ClCompile Include="Patches\SSE\LoadDDSFile.cpp">
      <Filter>Patches\SSE\1-50</Filter>
    </ClCompile>
    <ClCompile Include="Patches\SSE\LoadOptimization.cpp">
      <Filter>Patches\SSE\1-50</Filter>
    </ClCompile>
    <ClCompile Include="Patches\SSE\MemoryLeakInPreviewWindow.cpp">
      <Filter>Patches\SSE\1-50</Filter>
    </ClCompile>
    <ClCompile Include="Patches\SSE\NavMeshInfoMap.cpp">
      <Filter>Patches\SSE\1-50</Filter>
    </ClCompile>
    <ClCompile Include="Patches\SSE\NiCollisionObjectClonedWarning.cpp">
      <Filter>Patches\SSE\1-50</Filter>
    </ClCompile>
    <ClCompile Include="Patches\SSE\RenameCreationKitApp.cpp">
      <Filter>Patches\SSE\1-50</Filter>
    </ClCompile>
    <ClCompile Include="Patches\SSE\ReplaceBSPointerHandleAndManager.cpp">
      <Filter>Patches\SSE\1-50</Filter>
    </ClCompile>
    <ClCompile Include="Patches\SSE\TESParameters_CTDA.cpp">
      <Filter>Patches\SSE\1-50</Filter>
    </ClCompile>
    <ClCompile Include="Patches\SSE\WeaponCriticalEffect.cpp">
      <Filter>Patches\SSE\1-50</Filter>
    </ClCompile>
    <ClCompile Include="Patches\SSE\FixNavMesh.cpp">
      <Filter>Patches\SSE</Filter>
    </ClCompile>
    <ClCompile Include="Patches\SSE\CrashSortFunc.cpp">
      <Filter>Patches\SSE</Filter>
    </ClCompile>
    <ClCompile Include="Patches\SSE\UnEquipSound.cpp">
      <Filter>Patches\SSE</Filter>
    </ClCompile>
    <ClCompile Include="Patches\SSE\TESModelTextureSwapCorrectlyLoad.cpp">
      <Filter>Patches\SSE</Filter>
    </ClCompile>
    <ClCompile Include="Patches\SSE\FixCellViewObjectList.cpp">
      <Filter>Patches\SSE</Filter>
    </ClCompile>
    <ClCompile Include="..\Dependencies\jDialogs\include\jdialogs.cpp">
      <Filter>Dependecies\jDialogs</Filter>
    </ClCompile>
    <ClCompile Include="Editor API\SSE\BSShaderResourceManager.cpp">
      <Filter>Editor API\SSE</Filter>
    </ClCompile>
    <ClCompile Include="Editor API\NiCollisionUtils.cpp">
      <Filter>Editor API</Filter>
    </ClCompile>
    <ClCompile Include="Patches\SSE\FixIntersectionTriangle.cpp">
      <Filter>Patches\SSE</Filter>
    </ClCompile>
    <ClCompile Include="Patches\SSE\FixIconsScriptProp.cpp">
      <Filter>Patches\SSE</Filter>
    </ClCompile>
    <ClCompile Include="Patches\SSE\CrashCCCFiles.cpp">
      <Filter>Patches\SSE</Filter>
    </ClCompile>
    <ClCompile Include="Patches\SSE\CrashUploadBNetModWithArchive.cpp">
      <Filter>Patches\SSE</Filter>
    </ClCompile>
    <ClCompile Include="Patches\SSE\Re-EnableFog.cpp">
      <Filter>Patches\SSE</Filter>
    </ClCompile>
    <ClCompile Include="Patches\SSE\Re-EnableLandShadows.cpp">
      <Filter>Patches\SSE</Filter>
    </ClCompile>
    <ClCompile Include="Patches\SSE\FixBSShadowDirectionalLight.cpp">
      <Filter>Patches\SSE</Filter>
    </ClCompile>
    <ClCompile Include="Patches\VersionControlMergeWorkaround.cpp">
      <Filter>Patches</Filter>
    </ClCompile>
    <ClCompile Include="Patches\SSE\RefLinkGeometryHangWorkaround.cpp">
      <Filter>Patches\SSE</Filter>
    </ClCompile>
    <ClCompile Include="Patches\SSE\EnableStateParentWorkaround.cpp">
      <Filter>Patches\SSE</Filter>
    </ClCompile>
    <ClCompile Include="Patches\RenderWindow60FPS.cpp">
      <Filter>Patches</Filter>
    </ClCompile>
    <ClCompile Include="Patches\DisableAssertion.cpp">
      <Filter>Patches</Filter>
    </ClCompile>
    <ClCompile Include="Patches\SkipTopicInfoValidation.cpp">
      <Filter>Patches</Filter>
    </ClCompile>
    <ClCompile Include="Patches\AllowMultipleWindowAndMaster.cpp">
      <Filter>Patches</Filter>
    </ClCompile>
    <ClCompile Include="Editor API\SSE\TESFile.cpp">
      <Filter>Editor API\SSE</Filter>
    </ClCompile>
    <ClCompile Include="Patches\SSE\AllowSaveESMandMasterESP.cpp">
      <Filter>Patches\SSE</Filter>
    </ClCompile>
    <ClCompile Include="Patches\SSE\RemoveUselessMessages.cpp">
      <Filter>Patches\SSE</Filter>
    </ClCompile>
    <ClCompile Include="Editor API\UI\UIGraphics.cpp">
      <Filter>Editor API\UI</Filter>
    </ClCompile>
    <ClCompile Include="Editor API\UI\UIImageList.cpp">
      <Filter>Editor API\UI</Filter>
    </ClCompile>
    <ClCompile Include="Editor API\UI\UIMenus.cpp">
      <Filter>Editor API\UI</Filter>
    </ClCompile>
    <ClCompile Include="Editor API\UI\UIBaseWindow.cpp">
      <Filter>Editor API\UI</Filter>
    </ClCompile>
    <ClCompile Include="Editor API\UI\UICheckboxControl.cpp">
      <Filter>Editor API\UI</Filter>
    </ClCompile>
    <ClCompile Include="Patches\UIPatch.cpp">
      <Filter>Patches</Filter>
    </ClCompile>
    <ClCompile Include="Patches\UIThemePatch.cpp">
      <Filter>Patches</Filter>
    </ClCompile>
    <ClCompile Include="UITheme\ListBox.cpp">
      <Filter>UITheme</Filter>
    </ClCompile>
    <ClCompile Include="UITheme\ListView.cpp">
      <Filter>UITheme</Filter>
    </ClCompile>
    <ClCompile Include="UITheme\MDIClient.cpp">
      <Filter>UITheme</Filter>
    </ClCompile>
    <ClCompile Include="UITheme\Memo.cpp">
      <Filter>UITheme</Filter>
    </ClCompile>
    <ClCompile Include="UITheme\PageControl.cpp">
      <Filter>UITheme</Filter>
    </ClCompile>
    <ClCompile Include="UITheme\PopupMenu.cpp">
      <Filter>UITheme</Filter>
    </ClCompile>
    <ClCompile Include="UITheme\ProgressBar.cpp">
      <Filter>UITheme</Filter>
    </ClCompile>
    <ClCompile Include="UITheme\PushButton.cpp">
      <Filter>UITheme</Filter>
    </ClCompile>
    <ClCompile Include="UITheme\RadioButton.cpp">
      <Filter>UITheme</Filter>
    </ClCompile>
    <ClCompile Include="UITheme\RichEdit20.cpp">
      <Filter>UITheme</Filter>
    </ClCompile>
    <ClCompile Include="UITheme\ScrollBar.cpp">
      <Filter>UITheme</Filter>
    </ClCompile>
    <ClCompile Include="UITheme\StatusBar.cpp">
      <Filter>UITheme</Filter>
    </ClCompile>
    <ClCompile Include="UITheme\TimeOfDay.cpp">
      <Filter>UITheme</Filter>
    </ClCompile>
    <ClCompile Include="UITheme\ToolBar.cpp">
      <Filter>UITheme</Filter>
    </ClCompile>
    <ClCompile Include="UITheme\TrackBar.cpp">
      <Filter>UITheme</Filter>
    </ClCompile>
    <ClCompile Include="UITheme\TreeView.cpp">
      <Filter>UITheme</Filter>
    </ClCompile>
    <ClCompile Include="UITheme\UpDown.cpp">
      <Filter>UITheme</Filter>
    </ClCompile>
    <ClCompile Include="UITheme\VarCommon.cpp">
      <Filter>UITheme</Filter>
    </ClCompile>
    <ClCompile Include="UITheme\CheckBox.cpp">
      <Filter>UITheme</Filter>
    </ClCompile>
    <ClCompile Include="UITheme\ComboBox.cpp">
      <Filter>UITheme</Filter>
    </ClCompile>
    <ClCompile Include="UITheme\CustomBox.cpp">
      <Filter>UITheme</Filter>
    </ClCompile>
    <ClCompile Include="UITheme\EditText.cpp">
      <Filter>UITheme</Filter>
    </ClCompile>
    <ClCompile Include="UITheme\GroupBox.cpp">
      <Filter>UITheme</Filter>
    </ClCompile>
    <ClCompile Include="UITheme\Header.cpp">
      <Filter>UITheme</Filter>
    </ClCompile>
    <ClCompile Include="Core\GDIPlusInit.cpp">
      <Filter>Core</Filter>
    </ClCompile>
    <ClCompile Include="Patches\UIThemePatchAdditional.cpp">
      <Filter>Patches</Filter>
    </ClCompile>
    <ClCompile Include="Patches\Windows\BaseWindow.cpp">
      <Filter>Patches\Windows</Filter>
    </ClCompile>
    <ClCompile Include="Patches\Windows\SSE\MainWindow.cpp">
      <Filter>Patches\Windows\SSE</Filter>
    </ClCompile>
  </ItemGroup>
  <ItemGroup>
    <Filter Include="Version">
      <UniqueIdentifier>{981d142a-0dac-43ec-8314-0fbe288435e9}</UniqueIdentifier>
    </Filter>
    <Filter Include="Steam API">
      <UniqueIdentifier>{f4d86278-f357-4304-b0d3-c8ec8e8e2255}</UniqueIdentifier>
    </Filter>
    <Filter Include="WinHttp Wrapper">
      <UniqueIdentifier>{f690f21b-f748-4466-ba93-64b2b27112f5}</UniqueIdentifier>
    </Filter>
    <Filter Include="Core">
      <UniqueIdentifier>{94992d4d-d8c4-4212-9508-d93b563fc7d9}</UniqueIdentifier>
    </Filter>
    <Filter Include="Patches">
      <UniqueIdentifier>{1236b1e0-59f4-48b1-9193-a8aa2a417e38}</UniqueIdentifier>
    </Filter>
    <Filter Include="Experimental">
      <UniqueIdentifier>{8317e033-6667-4c22-86dd-9e7f281625c6}</UniqueIdentifier>
    </Filter>
    <Filter Include="Editor API">
      <UniqueIdentifier>{d8bcc1d7-37ef-465d-8211-d882f2d8f319}</UniqueIdentifier>
    </Filter>
    <Filter Include="Patches\SSE">
      <UniqueIdentifier>{20e52670-7554-4b25-8fc0-35e744ab9b4f}</UniqueIdentifier>
    </Filter>
    <Filter Include="Core\TypeInfo">
      <UniqueIdentifier>{ca1f27b0-36e0-4154-ade6-63bbc0d15483}</UniqueIdentifier>
    </Filter>
    <Filter Include="Editor API\SSE">
      <UniqueIdentifier>{793eabbd-dd4c-4fb1-b989-56b1248d4532}</UniqueIdentifier>
    </Filter>
    <Filter Include="Patches\SSE\1-50">
      <UniqueIdentifier>{6db0a7ea-41d9-4257-95fb-df8d0ce1735b}</UniqueIdentifier>
    </Filter>
    <Filter Include="Dependecies">
      <UniqueIdentifier>{2b068e11-402a-4b3d-8b32-7d84fd5695f6}</UniqueIdentifier>
    </Filter>
    <Filter Include="Dependecies\jDialogs">
      <UniqueIdentifier>{30305feb-8279-4f4d-ad11-a2019bb7d38f}</UniqueIdentifier>
    </Filter>
    <Filter Include="Editor API\UI">
      <UniqueIdentifier>{c6987bac-27e1-4e11-b90c-a555c25d9c79}</UniqueIdentifier>
    </Filter>
    <Filter Include="UITheme">
      <UniqueIdentifier>{3dd4e8a5-31e0-4799-a587-64ed548b9df1}</UniqueIdentifier>
    </Filter>
    <Filter Include="Resources">
      <UniqueIdentifier>{2519805f-7da8-47c6-87cf-e22529965190}</UniqueIdentifier>
    </Filter>
    <Filter Include="Patches\Windows">
      <UniqueIdentifier>{e8a81898-034e-49e4-be8d-5399d7b253d2}</UniqueIdentifier>
    </Filter>
    <Filter Include="Patches\Windows\SSE">
      <UniqueIdentifier>{6438625a-55e4-4f64-b9b5-1642fedab259}</UniqueIdentifier>
    </Filter>
  </ItemGroup>
  <ItemGroup>
    <ClInclude Include="Version\resource_version.h">
      <Filter>Version</Filter>
    </ClInclude>
    <ClInclude Include="Version\resource_version2.h">
      <Filter>Version</Filter>
    </ClInclude>
    <ClInclude Include="Common.h" />
    <ClInclude Include="Steam API\SteamAPI.h">
      <Filter>Steam API</Filter>
    </ClInclude>
    <ClInclude Include="Steam API\SteamAPIConfig.h">
      <Filter>Steam API</Filter>
    </ClInclude>
    <ClInclude Include="Core\Engine.h">
      <Filter>Core</Filter>
    </ClInclude>
    <ClInclude Include="Core\ResultCoreErrNo.h">
      <Filter>Core</Filter>
    </ClInclude>
    <ClInclude Include="Core\DebugLog.h">
      <Filter>Core</Filter>
    </ClInclude>
    <ClInclude Include="Utils.h" />
    <ClInclude Include="Types.h" />
    <ClInclude Include="Core\INIWrapper.h">
      <Filter>Core</Filter>
    </ClInclude>
    <ClInclude Include="Crc32.h" />
    <ClInclude Include="Core\Module.h">
      <Filter>Core</Filter>
    </ClInclude>
    <ClInclude Include="Core\Relocator.h">
      <Filter>Core</Filter>
    </ClInclude>
    <ClInclude Include="Core\RelocationDatabase.h">
      <Filter>Core</Filter>
    </ClInclude>
    <ClInclude Include="Core\CommandLineParser.h">
      <Filter>Core</Filter>
    </ClInclude>
    <ClInclude Include="Patches\QuitHandlerPatch.h">
      <Filter>Patches</Filter>
    </ClInclude>
    <ClInclude Include="Core\ModuleManager.h">
      <Filter>Core</Filter>
    </ClInclude>
    <ClInclude Include="Core\CoreCommon.h">
      <Filter>Core</Filter>
    </ClInclude>
    <ClInclude Include="Patches\MemoryManagerPatch.h">
      <Filter>Patches</Filter>
    </ClInclude>
    <ClInclude Include="Patches\CrashDumpPatch.h">
      <Filter>Patches</Filter>
    </ClInclude>
    <ClInclude Include="Core\ConsoleWindow.h">
      <Filter>Core</Filter>
    </ClInclude>
    <ClInclude Include="Patches\ConsolePatch.h">
      <Filter>Patches</Filter>
    </ClInclude>
    <ClInclude Include="Experimental\RuntimeOptimization.h">
      <Filter>Experimental</Filter>
    </ClInclude>
    <ClInclude Include="Editor API\EditorUI.h">
      <Filter>Editor API</Filter>
    </ClInclude>
    <ClInclude Include="Editor API\BSTList.h">
      <Filter>Editor API</Filter>
    </ClInclude>
    <ClInclude Include="Editor API\BSTArray.h">
      <Filter>Editor API</Filter>
    </ClInclude>
    <ClInclude Include="Editor API\NiMemoryManager.h">
      <Filter>Editor API</Filter>
    </ClInclude>
    <ClInclude Include="Patches\FlowChartXPatch.h">
      <Filter>Patches</Filter>
    </ClInclude>
    <ClInclude Include="Core\TypeInfo\ms_rtti.h">
      <Filter>Core\TypeInfo</Filter>
    </ClInclude>
    <ClInclude Include="Editor API\SSE\TESForm.h">
      <Filter>Editor API\SSE</Filter>
    </ClInclude>
    <ClInclude Include="Editor API\BSString.h">
      <Filter>Editor API</Filter>
    </ClInclude>
    <ClInclude Include="Editor API\BGStringLocalize.h">
      <Filter>Editor API</Filter>
    </ClInclude>
    <ClInclude Include="UtfStr.h" />
    <ClInclude Include="Patches\UnicodePatch.h">
      <Filter>Patches</Filter>
    </ClInclude>
    <ClInclude Include="Editor API\SSE\TESDialogSpell.h">
      <Filter>Editor API\SSE</Filter>
    </ClInclude>
    <ClInclude Include="Editor API\BSReadWriteLock.h">
      <Filter>Editor API</Filter>
    </ClInclude>
    <ClInclude Include="Editor API\BSSpinLock.h">
      <Filter>Editor API</Filter>
    </ClInclude>
    <ClInclude Include="Editor API\NiArray.h">
      <Filter>Editor API</Filter>
    </ClInclude>
    <ClInclude Include="Editor API\NiTArray.h">
      <Filter>Editor API</Filter>
    </ClInclude>
    <ClInclude Include="Editor API\NiPointer.h">
      <Filter>Editor API</Filter>
    </ClInclude>
    <ClInclude Include="Editor API\NiRefObject.h">
      <Filter>Editor API</Filter>
    </ClInclude>
    <ClInclude Include="Editor API\SSE\BSGraphicsRenderTargetManager.h">
      <Filter>Editor API\SSE</Filter>
    </ClInclude>
    <ClInclude Include="Editor API\SSE\BSGraphicsTypes.h">
      <Filter>Editor API\SSE</Filter>
    </ClInclude>
    <ClInclude Include="Editor API\BSHandleRefObject.h">
      <Filter>Editor API</Filter>
    </ClInclude>
    <ClInclude Include="Patches\ThreadPatch.h">
      <Filter>Patches</Filter>
    </ClInclude>
    <ClInclude Include="Editor API\SSE\BSPointerHandleManager.h">
      <Filter>Editor API\SSE</Filter>
    </ClInclude>
    <ClInclude Include="Editor API\SSE\BSShaderProperty.h">
      <Filter>Editor API\SSE</Filter>
    </ClInclude>
    <ClInclude Include="Editor API\SSE\BSShaderMaterial.h">
      <Filter>Editor API\SSE</Filter>
    </ClInclude>
    <ClInclude Include="Editor API\NiPoint.h">
      <Filter>Editor API</Filter>
    </ClInclude>
    <ClInclude Include="Editor API\NiObject.h">
      <Filter>Editor API</Filter>
    </ClInclude>
    <ClInclude Include="Editor API\SSE\BSStringCache.h">
      <Filter>Editor API\SSE</Filter>
    </ClInclude>
    <ClInclude Include="Editor API\BSSimpleLock.h">
      <Filter>Editor API</Filter>
    </ClInclude>
    <ClInclude Include="Editor API\SSE\BSEntryString.h">
      <Filter>Editor API\SSE</Filter>
    </ClInclude>
    <ClInclude Include="Editor API\SSE\BSFixedString.h">
      <Filter>Editor API\SSE</Filter>
    </ClInclude>
    <ClInclude Include="Editor API\SSE\NiObjectNET.h">
      <Filter>Editor API\SSE</Filter>
    </ClInclude>
    <ClInclude Include="Editor API\SSE\NiAlphaProperty.h">
      <Filter>Editor API\SSE</Filter>
    </ClInclude>
    <ClInclude Include="Editor API\SSE\BSEffectShaderMaterial.h">
      <Filter>Editor API\SSE</Filter>
    </ClInclude>
    <ClInclude Include="Editor API\SSE\NiSourceTexture.h">
      <Filter>Editor API\SSE</Filter>
    </ClInclude>
    <ClInclude Include="Editor API\SSE\NiTexture.h">
      <Filter>Editor API\SSE</Filter>
    </ClInclude>
    <ClInclude Include="Editor API\NiColor.h">
      <Filter>Editor API</Filter>
    </ClInclude>
    <ClInclude Include="Editor API\SSE\TESWater.h">
      <Filter>Editor API\SSE</Filter>
    </ClInclude>
    <ClInclude Include="Editor API\SSE\BSGeometry.h">
      <Filter>Editor API\SSE</Filter>
    </ClInclude>
    <ClInclude Include="Editor API\SSE\BSTriShape.h">
      <Filter>Editor API\SSE</Filter>
    </ClInclude>
    <ClInclude Include="Editor API\SSE\NiAVObject.h">
      <Filter>Editor API\SSE</Filter>
    </ClInclude>
    <ClInclude Include="Editor API\NiMatrix.h">
      <Filter>Editor API</Filter>
    </ClInclude>
    <ClInclude Include="Editor API\NiTransform.h">
      <Filter>Editor API</Filter>
    </ClInclude>
    <ClInclude Include="Editor API\NiSkinInstance.h">
      <Filter>Editor API</Filter>
    </ClInclude>
    <ClInclude Include="Patches\SSE\AllowPlayerKnowsCondition.h">
      <Filter>Patches\SSE\1-50</Filter>
    </ClInclude>
    <ClInclude Include="Patches\SSE\AlteredFormList.h">
      <Filter>Patches\SSE\1-50</Filter>
    </ClInclude>
    <ClInclude Include="Patches\SSE\BGSPerkRankArray.h">
      <Filter>Patches\SSE\1-50</Filter>
    </ClInclude>
    <ClInclude Include="Patches\SSE\BNetConvertUnicodeString.h">
      <Filter>Patches\SSE\1-50</Filter>
    </ClInclude>
    <ClInclude Include="Patches\SSE\BrokenTerrainEditDlg.h">
      <Filter>Patches\SSE\1-50</Filter>
    </ClInclude>
    <ClInclude Include="Patches\SSE\CheckD3D11.h">
      <Filter>Patches\SSE\1-50</Filter>
    </ClInclude>
    <ClInclude Include="Patches\SSE\CrashAfterMultipleMastersWarning.h">
      <Filter>Patches\SSE\1-50</Filter>
    </ClInclude>
    <ClInclude Include="Patches\SSE\CrashDuplicateWorldspace.h">
      <Filter>Patches\SSE\1-50</Filter>
    </ClInclude>
    <ClInclude Include="Patches\SSE\CrashFlowChartX.h">
      <Filter>Patches\SSE\1-50</Filter>
    </ClInclude>
    <ClInclude Include="Patches\SSE\CrashInventoryIterators.h">
      <Filter>Patches\SSE\1-50</Filter>
    </ClInclude>
    <ClInclude Include="Patches\SSE\CrashTestRadius.h">
      <Filter>Patches\SSE\1-50</Filter>
    </ClInclude>
    <ClInclude Include="Patches\SSE\CrashUsingMore16NPCForFaceGen.h">
      <Filter>Patches\SSE\1-50</Filter>
    </ClInclude>
    <ClInclude Include="Patches\SSE\FixActorDlg.h">
      <Filter>Patches\SSE\1-50</Filter>
    </ClInclude>
    <ClInclude Include="Patches\SSE\FixBGSEntryPointFunctionDataTwoValue.h">
      <Filter>Patches\SSE\1-50</Filter>
    </ClInclude>
    <ClInclude Include="Patches\SSE\FixBrightLightColor.h">
      <Filter>Patches\SSE\1-50</Filter>
    </ClInclude>
    <ClInclude Include="Patches\SSE\FixClassDlg.h">
      <Filter>Patches\SSE\1-50</Filter>
    </ClInclude>
    <ClInclude Include="Patches\SSE\FixCrashDuplicateForm.h">
      <Filter>Patches\SSE\1-50</Filter>
    </ClInclude>
    <ClInclude Include="Patches\SSE\FixCrashInArmorAddon.h">
      <Filter>Patches\SSE\1-50</Filter>
    </ClInclude>
    <ClInclude Include="Patches\SSE\FixCrashLightingShader.h">
      <Filter>Patches\SSE\1-50</Filter>
    </ClInclude>
    <ClInclude Include="Patches\SSE\FixCrashMakeXYZCircles.h">
      <Filter>Patches\SSE\1-50</Filter>
    </ClInclude>
    <ClInclude Include="Patches\SSE\FixCrashPluginTXT.h">
      <Filter>Patches\SSE\1-50</Filter>
    </ClInclude>
    <ClInclude Include="Patches\SSE\FixCrashTabControl.h">
      <Filter>Patches\SSE\1-50</Filter>
    </ClInclude>
    <ClInclude Include="Patches\SSE\FixDataDlgWithPluginTXT.h">
      <Filter>Patches\SSE\1-50</Filter>
    </ClInclude>
    <ClInclude Include="Patches\SSE\FixDialogueBranch.h">
      <Filter>Patches\SSE\1-50</Filter>
    </ClInclude>
    <ClInclude Include="Patches\SSE\FixFileInUse.h">
      <Filter>Patches\SSE\1-50</Filter>
    </ClInclude>
    <ClInclude Include="Patches\SSE\FixLoadMore32KAnimation.h">
      <Filter>Patches\SSE\1-50</Filter>
    </ClInclude>
    <ClInclude Include="Patches\SSE\FixMemoryLeakActorDlg.h">
      <Filter>Patches\SSE\1-50</Filter>
    </ClInclude>
    <ClInclude Include="Patches\SSE\FixMoveToTopic.h">
      <Filter>Patches\SSE\1-50</Filter>
    </ClInclude>
    <ClInclude Include="Patches\SSE\FixMusicTrackForm.h">
      <Filter>Patches\SSE\1-50</Filter>
    </ClInclude>
    <ClInclude Include="Patches\SSE\FixNiSkinInstance.h">
      <Filter>Patches\SSE\1-50</Filter>
    </ClInclude>
    <ClInclude Include="Patches\SSE\FixObjectPalette.h">
      <Filter>Patches\SSE\1-50</Filter>
    </ClInclude>
    <ClInclude Include="Patches\SSE\FixRaceDlg.h">
      <Filter>Patches\SSE\1-50</Filter>
    </ClInclude>
    <ClInclude Include="Patches\SSE\FixRemoteDesktop.h">
      <Filter>Patches\SSE\1-50</Filter>
    </ClInclude>
    <ClInclude Include="Patches\SSE\FixRenderPass.h">
      <Filter>Patches\SSE\1-50</Filter>
    </ClInclude>
    <ClInclude Include="Patches\SSE\FixSelectedPackageData.h">
      <Filter>Patches\SSE\1-50</Filter>
    </ClInclude>
    <ClInclude Include="Patches\SSE\FixSpellDlg.h">
      <Filter>Patches\SSE\1-50</Filter>
    </ClInclude>
    <ClInclude Include="Patches\SSE\FixSpellEffectsDuration.h">
      <Filter>Patches\SSE\1-50</Filter>
    </ClInclude>
    <ClInclude Include="Patches\SSE\FixUnableToFindVariable.h">
      <Filter>Patches\SSE\1-50</Filter>
    </ClInclude>
    <ClInclude Include="Patches\SSE\FixVertexNormals.h">
      <Filter>Patches\SSE\1-50</Filter>
    </ClInclude>
    <ClInclude Include="Patches\SSE\FixWaterOrtho.h">
      <Filter>Patches\SSE\1-50</Filter>
    </ClInclude>
    <ClInclude Include="Patches\SSE\FixWaterType.h">
      <Filter>Patches\SSE\1-50</Filter>
    </ClInclude>
    <ClInclude Include="Patches\SSE\IncreaseMaximumNavmesh.h">
      <Filter>Patches\SSE\1-50</Filter>
    </ClInclude>
    <ClInclude Include="Patches\SSE\LoadDDSFile.h">
      <Filter>Patches\SSE\1-50</Filter>
    </ClInclude>
    <ClInclude Include="Patches\SSE\LoadOptimization.h">
      <Filter>Patches\SSE\1-50</Filter>
    </ClInclude>
    <ClInclude Include="Patches\SSE\MemoryLeakInPreviewWindow.h">
      <Filter>Patches\SSE\1-50</Filter>
    </ClInclude>
    <ClInclude Include="Patches\SSE\NavMeshInfoMap.h">
      <Filter>Patches\SSE\1-50</Filter>
    </ClInclude>
    <ClInclude Include="Patches\SSE\NiCollisionObjectClonedWarning.h">
      <Filter>Patches\SSE\1-50</Filter>
    </ClInclude>
    <ClInclude Include="Patches\SSE\RenameCreationKitApp.h">
      <Filter>Patches\SSE\1-50</Filter>
    </ClInclude>
    <ClInclude Include="Patches\SSE\ReplaceBSPointerHandleAndManager.h">
      <Filter>Patches\SSE\1-50</Filter>
    </ClInclude>
    <ClInclude Include="Patches\SSE\TESParameters_CTDA.h">
      <Filter>Patches\SSE\1-50</Filter>
    </ClInclude>
    <ClInclude Include="Patches\SSE\WeaponCriticalEffect.h">
      <Filter>Patches\SSE\1-50</Filter>
    </ClInclude>
    <ClInclude Include="Patches\SSE\FixNavMesh.h">
      <Filter>Patches\SSE</Filter>
    </ClInclude>
    <ClInclude Include="Patches\SSE\CrashSortFunc.h">
      <Filter>Patches\SSE</Filter>
    </ClInclude>
    <ClInclude Include="Patches\SSE\UnEquipSound.h">
      <Filter>Patches\SSE</Filter>
    </ClInclude>
    <ClInclude Include="Patches\SSE\TESModelTextureSwapCorrectlyLoad.h">
      <Filter>Patches\SSE</Filter>
    </ClInclude>
    <ClInclude Include="Patches\SSE\FixCellViewObjectList.h">
      <Filter>Patches\SSE</Filter>
    </ClInclude>
    <ClInclude Include="..\Dependencies\jDialogs\include\jdialogs.h">
      <Filter>Dependecies\jDialogs</Filter>
    </ClInclude>
    <ClInclude Include="Editor API\SSE\BSShaderResourceManager.h">
      <Filter>Editor API\SSE</Filter>
    </ClInclude>
    <ClInclude Include="Editor API\NiPick.h">
      <Filter>Editor API</Filter>
    </ClInclude>
    <ClInclude Include="Editor API\SSE\BSDynamicTriShape.h">
      <Filter>Editor API\SSE</Filter>
    </ClInclude>
    <ClInclude Include="Editor API\NiCollisionUtils.h">
      <Filter>Editor API</Filter>
    </ClInclude>
    <ClInclude Include="Patches\SSE\FixIntersectionTriangle.h">
      <Filter>Patches\SSE</Filter>
    </ClInclude>
    <ClInclude Include="Patches\SSE\FixIconsScriptProp.h">
      <Filter>Patches\SSE</Filter>
    </ClInclude>
    <ClInclude Include="Patches\SSE\CrashCCCFiles.h">
      <Filter>Patches\SSE</Filter>
    </ClInclude>
    <ClInclude Include="Patches\SSE\CrashUploadBNetModWithArchive.h">
      <Filter>Patches\SSE</Filter>
    </ClInclude>
    <ClInclude Include="Patches\SSE\Re-EnableFog.h">
      <Filter>Patches\SSE</Filter>
    </ClInclude>
    <ClInclude Include="Patches\SSE\Re-EnableLandShadows.h">
      <Filter>Patches\SSE</Filter>
    </ClInclude>
    <ClInclude Include="Patches\SSE\FixBSShadowDirectionalLight.h">
      <Filter>Patches\SSE</Filter>
    </ClInclude>
    <ClInclude Include="Patches\VersionControlMergeWorkaround.h">
      <Filter>Patches</Filter>
    </ClInclude>
    <ClInclude Include="Patches\SSE\RefLinkGeometryHangWorkaround.h">
      <Filter>Patches\SSE</Filter>
    </ClInclude>
    <ClInclude Include="Patches\SSE\EnableStateParentWorkaround.h">
      <Filter>Patches\SSE</Filter>
    </ClInclude>
    <ClInclude Include="Patches\RenderWindow60FPS.h">
      <Filter>Patches</Filter>
    </ClInclude>
    <ClInclude Include="Patches\DisableAssertion.h">
      <Filter>Patches</Filter>
    </ClInclude>
    <ClInclude Include="Patches\SkipTopicInfoValidation.h">
      <Filter>Patches</Filter>
    </ClInclude>
    <ClInclude Include="Patches\AllowMultipleWindowAndMaster.h">
      <Filter>Patches</Filter>
    </ClInclude>
    <ClInclude Include="Editor API\SSE\TESFile.h">
      <Filter>Editor API\SSE</Filter>
    </ClInclude>
    <ClInclude Include="Patches\SSE\AllowSaveESMandMasterESP.h">
      <Filter>Patches\SSE</Filter>
    </ClInclude>
    <ClInclude Include="Patches\SSE\RemoveUselessMessages.h">
      <Filter>Patches\SSE</Filter>
    </ClInclude>
    <ClInclude Include="Editor API\UI\UIGraphics.h">
      <Filter>Editor API\UI</Filter>
    </ClInclude>
    <ClInclude Include="Editor API\UI\UIImageList.h">
      <Filter>Editor API\UI</Filter>
    </ClInclude>
    <ClInclude Include="Editor API\UI\UIMenus.h">
      <Filter>Editor API\UI</Filter>
    </ClInclude>
    <ClInclude Include="Editor API\UI\UIBaseWindow.h">
      <Filter>Editor API\UI</Filter>
    </ClInclude>
    <ClInclude Include="Editor API\UI\UICheckboxControl.h">
      <Filter>Editor API\UI</Filter>
    </ClInclude>
    <ClInclude Include="Patches\UIPatch.h">
      <Filter>Patches</Filter>
    </ClInclude>
    <ClInclude Include="Patches\UIThemePatch.h">
      <Filter>Patches</Filter>
    </ClInclude>
    <ClInclude Include="UITheme\Header.h">
      <Filter>UITheme</Filter>
    </ClInclude>
    <ClInclude Include="UITheme\ListBox.h">
      <Filter>UITheme</Filter>
    </ClInclude>
    <ClInclude Include="UITheme\ListView.h">
      <Filter>UITheme</Filter>
    </ClInclude>
    <ClInclude Include="UITheme\MDIClient.h">
      <Filter>UITheme</Filter>
    </ClInclude>
    <ClInclude Include="UITheme\Memo.h">
      <Filter>UITheme</Filter>
    </ClInclude>
    <ClInclude Include="UITheme\PageControl.h">
      <Filter>UITheme</Filter>
    </ClInclude>
    <ClInclude Include="UITheme\PopupMenu.h">
      <Filter>UITheme</Filter>
    </ClInclude>
    <ClInclude Include="UITheme\ProgressBar.h">
      <Filter>UITheme</Filter>
    </ClInclude>
    <ClInclude Include="UITheme\PushButton.h">
      <Filter>UITheme</Filter>
    </ClInclude>
    <ClInclude Include="UITheme\RadioButton.h">
      <Filter>UITheme</Filter>
    </ClInclude>
    <ClInclude Include="UITheme\RichEdit20.h">
      <Filter>UITheme</Filter>
    </ClInclude>
    <ClInclude Include="UITheme\ScrollBar.h">
      <Filter>UITheme</Filter>
    </ClInclude>
    <ClInclude Include="UITheme\StatusBar.h">
      <Filter>UITheme</Filter>
    </ClInclude>
    <ClInclude Include="UITheme\TimeOfDay.h">
      <Filter>UITheme</Filter>
    </ClInclude>
    <ClInclude Include="UITheme\ToolBar.h">
      <Filter>UITheme</Filter>
    </ClInclude>
    <ClInclude Include="UITheme\TrackBar.h">
      <Filter>UITheme</Filter>
    </ClInclude>
    <ClInclude Include="UITheme\TreeView.h">
      <Filter>UITheme</Filter>
    </ClInclude>
    <ClInclude Include="UITheme\UpDown.h">
      <Filter>UITheme</Filter>
    </ClInclude>
    <ClInclude Include="UITheme\VarCommon.h">
      <Filter>UITheme</Filter>
    </ClInclude>
    <ClInclude Include="UITheme\CheckBox.h">
      <Filter>UITheme</Filter>
    </ClInclude>
    <ClInclude Include="UITheme\ComboBox.h">
      <Filter>UITheme</Filter>
    </ClInclude>
    <ClInclude Include="UITheme\CustomBox.h">
      <Filter>UITheme</Filter>
    </ClInclude>
    <ClInclude Include="UITheme\EditText.h">
      <Filter>UITheme</Filter>
    </ClInclude>
    <ClInclude Include="UITheme\GroupBox.h">
      <Filter>UITheme</Filter>
    </ClInclude>
    <ClInclude Include="Core\GDIPlusInit.h">
      <Filter>Core</Filter>
    </ClInclude>
    <ClInclude Include="Patches\UIThemePatchAdditional.h">
      <Filter>Patches</Filter>
    </ClInclude>
    <ClInclude Include="resource.h">
      <Filter>Resources</Filter>
    </ClInclude>
    <ClInclude Include="Patches\Windows\BaseWindow.h">
      <Filter>Patches\Windows</Filter>
    </ClInclude>
    <ClInclude Include="Patches\Windows\SSE\MainWindow.h">
      <Filter>Patches\Windows\SSE</Filter>
    </ClInclude>
  </ItemGroup>
  <ItemGroup>
    <ResourceCompile Include="Version\resource_version.rc">
      <Filter>Version</Filter>
    </ResourceCompile>
    <ResourceCompile Include="CoreRes.rc">
      <Filter>Resources</Filter>
    </ResourceCompile>
  </ItemGroup>
  <ItemGroup>
    <Text Include="Version\build_version.txt">
      <Filter>Version</Filter>
    </Text>
  </ItemGroup>
  <ItemGroup>
    <None Include="Version\resource_version2.tmp">
      <Filter>Version</Filter>
    </None>
  </ItemGroup>
  <ItemGroup>
    <Image Include="..\Resources\check.bmp">
      <Filter>Resources</Filter>
    </Image>
    <Image Include="..\Resources\check_darktheme.bmp">
      <Filter>Resources</Filter>
    </Image>
    <Image Include="..\Resources\toolbar.bmp">
      <Filter>Resources</Filter>
    </Image>
    <Image Include="..\Resources\types.bmp">
      <Filter>Resources</Filter>
    </Image>
  </ItemGroup>
</Project>