<?xml version="1.0" encoding="utf-8"?>
<Project ToolsVersion="4.0" xmlns="http://schemas.microsoft.com/developer/msbuild/2003">
  <ItemGroup>
    <ClCompile Include="toml11\src\literal.cpp" />
    <ClCompile Include="toml11\src\location.cpp" />
    <ClCompile Include="toml11\src\parser.cpp" />
    <ClCompile Include="toml11\src\region.cpp" />
    <ClCompile Include="toml11\src\scanner.cpp" />
    <ClCompile Include="toml11\src\serializer.cpp" />
    <ClCompile Include="toml11\src\skip.cpp" />
    <ClCompile Include="toml11\src\source_location.cpp" />
    <ClCompile Include="toml11\src\syntax.cpp" />
    <ClCompile Include="toml11\src\types.cpp" />
    <ClCompile Include="toml11\src\value_t.cpp" />
    <ClCompile Include="toml11\src\color.cpp" />
    <ClCompile Include="toml11\src\comments.cpp" />
    <ClCompile Include="toml11\src\context.cpp" />
    <ClCompile Include="toml11\src\datetime.cpp" />
    <ClCompile Include="toml11\src\error_info.cpp" />
    <ClCompile Include="toml11\src\format.cpp" />
  </ItemGroup>
  <ItemGroup>
    <ClInclude Include="toml11\include\toml11\conversion.hpp" />
    <ClInclude Include="toml11\include\toml11\datetime.hpp" />
    <ClInclude Include="toml11\include\toml11\error_info.hpp" />
    <ClInclude Include="toml11\include\toml11\exception.hpp" />
    <ClInclude Include="toml11\include\toml11\find.hpp" />
    <ClInclude Include="toml11\include\toml11\format.hpp" />
    <ClInclude Include="toml11\include\toml11\from.hpp" />
    <ClInclude Include="toml11\include\toml11\get.hpp" />
    <ClInclude Include="toml11\include\toml11\into.hpp" />
    <ClInclude Include="toml11\include\toml11\literal.hpp" />
    <ClInclude Include="toml11\include\toml11\location.hpp" />
    <ClInclude Include="toml11\include\toml11\ordered_map.hpp" />
    <ClInclude Include="toml11\include\toml11\parser.hpp" />
    <ClInclude Include="toml11\include\toml11\region.hpp" />
    <ClInclude Include="toml11\include\toml11\result.hpp" />
    <ClInclude Include="toml11\include\toml11\scanner.hpp" />
    <ClInclude Include="toml11\include\toml11\serializer.hpp" />
    <ClInclude Include="toml11\include\toml11\skip.hpp" />
    <ClInclude Include="toml11\include\toml11\source_location.hpp" />
    <ClInclude Include="toml11\include\toml11\spec.hpp" />
    <ClInclude Include="toml11\include\toml11\storage.hpp" />
    <ClInclude Include="toml11\include\toml11\syntax.hpp" />
    <ClInclude Include="toml11\include\toml11\traits.hpp" />
    <ClInclude Include="toml11\include\toml11\types.hpp" />
    <ClInclude Include="toml11\include\toml11\utility.hpp" />
    <ClInclude Include="toml11\include\toml11\value.hpp" />
    <ClInclude Include="toml11\include\toml11\value_t.hpp" />
    <ClInclude Include="toml11\include\toml11\version.hpp" />
    <ClInclude Include="toml11\include\toml11\visit.hpp" />
    <ClInclude Include="toml11\include\toml11\color.hpp" />
    <ClInclude Include="toml11\include\toml11\comments.hpp" />
    <ClInclude Include="toml11\include\toml11\compat.hpp" />
    <ClInclude Include="toml11\include\toml11\context.hpp" />
    <ClInclude Include="toml11\include\toml11\impl\region_impl.hpp" />
    <ClInclude Include="toml11\include\toml11\impl\scanner_impl.hpp" />
    <ClInclude Include="toml11\include\toml11\impl\source_location_impl.hpp" />
    <ClInclude Include="toml11\include\toml11\impl\syntax_impl.hpp" />
    <ClInclude Include="toml11\include\toml11\impl\value_t_impl.hpp" />
    <ClInclude Include="toml11\include\toml11\impl\color_impl.hpp" />
    <ClInclude Include="toml11\include\toml11\impl\comments_impl.hpp" />
    <ClInclude Include="toml11\include\toml11\impl\datetime_impl.hpp" />
    <ClInclude Include="toml11\include\toml11\impl\error_info_impl.hpp" />
    <ClInclude Include="toml11\include\toml11\impl\format_impl.hpp" />
    <ClInclude Include="toml11\include\toml11\impl\literal_impl.hpp" />
    <ClInclude Include="toml11\include\toml11\impl\location_impl.hpp" />
    <ClInclude Include="toml11\include\toml11\fwd\location_fwd.hpp" />
    <ClInclude Include="toml11\include\toml11\fwd\region_fwd.hpp" />
    <ClInclude Include="toml11\include\toml11\fwd\scanner_fwd.hpp" />
    <ClInclude Include="toml11\include\toml11\fwd\source_location_fwd.hpp" />
    <ClInclude Include="toml11\include\toml11\fwd\syntax_fwd.hpp" />
    <ClInclude Include="toml11\include\toml11\fwd\value_t_fwd.hpp" />
    <ClInclude Include="toml11\include\toml11\fwd\color_fwd.hpp" />
    <ClInclude Include="toml11\include\toml11\fwd\comments_fwd.hpp" />
    <ClInclude Include="toml11\include\toml11\fwd\datetime_fwd.hpp" />
    <ClInclude Include="toml11\include\toml11\fwd\error_info_fwd.hpp" />
    <ClInclude Include="toml11\include\toml11\fwd\format_fwd.hpp" />
    <ClInclude Include="toml11\include\toml11\fwd\literal_fwd.hpp" />
    <ClInclude Include="toml11\include\toml_fwd.hpp" />
    <ClInclude Include="toml11\include\toml.hpp" />
  </ItemGroup>
</Project>