<?xml version="1.0" encoding="utf-8"?>
<Project ToolsVersion="4.0" xmlns="http://schemas.microsoft.com/developer/msbuild/2003">
  <ItemGroup>
    <ResourceCompile Include="resource_version.rc" />
  </ItemGroup>
  <ItemGroup>
    <None Include="scripts.ps1" />
  </ItemGroup>
  <ItemGroup>
    <ClCompile Include="dllmain.cpp" />
    <ClCompile Include="Src\CKPE.MessageBox.cpp">
      <Filter>API</Filter>
    </ClCompile>
    <ClCompile Include="Src\CKPE.Logger.cpp">
      <Filter>API</Filter>
    </ClCompile>
    <ClCompile Include="Src\CKPE.ErrorHandler.cpp">
      <Filter>API</Filter>
    </ClCompile>
    <ClCompile Include="Src\CKPE.StringUtils.cpp">
      <Filter>API</Filter>
    </ClCompile>
    <ClCompile Include="Src\CKPE.PathUtils.cpp">
      <Filter>API</Filter>
    </ClCompile>
    <ClCompile Include="Src\CKPE.Application.cpp">
      <Filter>API</Filter>
    </ClCompile>
    <ClCompile Include="Src\CKPE.CriticalSection.cpp">
      <Filter>API</Filter>
    </ClCompile>
    <ClCompile Include="Src\CKPE.VersionLists.cpp">
      <Filter>API</Filter>
    </ClCompile>
    <ClCompile Include="Src\CKPE.GameManager.cpp">
      <Filter>API</Filter>
    </ClCompile>
    <ClCompile Include="Src\CKPE.Module.cpp">
      <Filter>API</Filter>
    </ClCompile>
    <ClCompile Include="Src\CKPE.HardwareInfo.cpp">
      <Filter>API</Filter>
    </ClCompile>
    <ClCompile Include="Src\CKPE.FileUtils.cpp">
      <Filter>API</Filter>
    </ClCompile>
    <ClCompile Include="Src\CKPE.Process.cpp">
      <Filter>API</Filter>
    </ClCompile>
    <ClCompile Include="Src\CKPE.Detours.cpp">
      <Filter>API</Filter>
    </ClCompile>
    <ClCompile Include="..\Dependencies\iw\iw.cpp">
      <Filter>_depend\iw</Filter>
    </ClCompile>
    <ClCompile Include="Src\CKPE.SafeWrite.cpp">
      <Filter>API</Filter>
    </ClCompile>
    <ClCompile Include="Src\CKPE.Patterns.cpp">
      <Filter>API</Filter>
    </ClCompile>
    <ClCompile Include="Src\CKPE.DirUtils.cpp">
      <Filter>API</Filter>
    </ClCompile>
    <ClCompile Include="Src\CKPE.HashUtils.cpp">
      <Filter>API</Filter>
    </ClCompile>
    <ClCompile Include="Src\CKPE.Stream.cpp">
      <Filter>API</Filter>
    </ClCompile>
    <ClCompile Include="Src\CKPE.Timer.cpp">
      <Filter>API</Filter>
    </ClCompile>
    <ClCompile Include="Src\CKPE.GDIPlus.cpp">
      <Filter>API</Filter>
    </ClCompile>
  </ItemGroup>
  <ItemGroup>
    <Filter Include="API">
      <UniqueIdentifier>{b1a42081-bb5e-4ec7-91f5-4caff144bb08}</UniqueIdentifier>
    </Filter>
    <Filter Include="_depend">
      <UniqueIdentifier>{72662fed-6be0-41ce-996f-5b92d2733a67}</UniqueIdentifier>
    </Filter>
    <Filter Include="_depend\iw">
      <UniqueIdentifier>{2183e92f-8bc3-47a3-ab35-06f7923c2f1b}</UniqueIdentifier>
    </Filter>
  </ItemGroup>
  <ItemGroup>
    <ClInclude Include="Include\CKPE.MessageBox.h">
      <Filter>API</Filter>
    </ClInclude>
    <ClInclude Include="Include\CKPE.h">
      <Filter>API</Filter>
    </ClInclude>
    <ClInclude Include="Include\CKPE.Common.h">
      <Filter>API</Filter>
    </ClInclude>
    <ClInclude Include="Include\CKPE.ErrorHandler.h">
      <Filter>API</Filter>
    </ClInclude>
    <ClInclude Include="Include\CKPE.Logger.h">
      <Filter>API</Filter>
    </ClInclude>
    <ClInclude Include="Include\CKPE.StringUtils.h">
      <Filter>API</Filter>
    </ClInclude>
    <ClInclude Include="Include\CKPE.PathUtils.h">
      <Filter>API</Filter>
    </ClInclude>
    <ClInclude Include="Include\CKPE.Application.h">
      <Filter>API</Filter>
    </ClInclude>
    <ClInclude Include="Include\CKPE.CriticalSection.h">
      <Filter>API</Filter>
    </ClInclude>
    <ClInclude Include="Include\CKPE.VersionLists.h">
      <Filter>API</Filter>
    </ClInclude>
    <ClInclude Include="Include\CKPE.GameManager.h">
      <Filter>API</Filter>
    </ClInclude>
    <ClInclude Include="Include\CKPE.Module.h">
      <Filter>API</Filter>
    </ClInclude>
    <ClInclude Include="Include\CKPE.HardwareInfo.h">
      <Filter>API</Filter>
    </ClInclude>
    <ClInclude Include="Include\CKPE.FileUtils.h">
      <Filter>API</Filter>
    </ClInclude>
    <ClInclude Include="Include\CKPE.Process.h">
      <Filter>API</Filter>
    </ClInclude>
    <ClInclude Include="Include\CKPE.Detours.h">
      <Filter>API</Filter>
    </ClInclude>
    <ClInclude Include="..\Dependencies\iw\iw.h">
      <Filter>_depend\iw</Filter>
    </ClInclude>
    <ClInclude Include="Include\CKPE.SafeWrite.h">
      <Filter>API</Filter>
    </ClInclude>
    <ClInclude Include="Include\CKPE.Patterns.h">
      <Filter>API</Filter>
    </ClInclude>
    <ClInclude Include="Include\CKPE.Segment.h">
      <Filter>API</Filter>
    </ClInclude>
    <ClInclude Include="Include\CKPE.PEDirectory.h">
      <Filter>API</Filter>
    </ClInclude>
    <ClInclude Include="Include\CKPE.Exception.h">
      <Filter>API</Filter>
    </ClInclude>
    <ClInclude Include="Include\CKPE.DirUtils.h">
      <Filter>API</Filter>
    </ClInclude>
    <ClInclude Include="Include\CKPE.SmartPointer.h">
      <Filter>API</Filter>
    </ClInclude>
    <ClInclude Include="Include\CKPE.HashUtils.h">
      <Filter>API</Filter>
    </ClInclude>
    <ClInclude Include="Include\CKPE.Stream.h">
      <Filter>API</Filter>
    </ClInclude>
    <ClInclude Include="Include\CKPE.Timer.h">
      <Filter>API</Filter>
    </ClInclude>
    <ClInclude Include="Include\CKPE.GDIPlus.h">
      <Filter>API</Filter>
    </ClInclude>
  </ItemGroup>
  <ItemGroup>
    <Text Include="build_version.txt" />
  </ItemGroup>
</Project>