<?xml version="1.0" encoding="utf-8"?>
<Project ToolsVersion="4.0" xmlns="http://schemas.microsoft.com/developer/msbuild/2003">
  <ItemGroup>
    <ClCompile Include="dllmain.cpp" />
    <ClCompile Include="Src\CKPE.SkyrimSE.VersionLists.cpp">
      <Filter>API</Filter>
    </ClCompile>
    <ClCompile Include="Src\CKPE.SkyrimSE.Runner.cpp">
      <Filter>API</Filter>
    </ClCompile>
    <ClCompile Include="Src\Patches\CKPE.SkyrimSE.Patch.AllowMultipleWindowAndMaster.cpp">
      <Filter>Patches</Filter>
    </ClCompile>
    <ClCompile Include="Src\Patches\CKPE.SkyrimSE.Patch.AllowCreateBitArray.cpp">
      <Filter>Patches</Filter>
    </ClCompile>
    <ClCompile Include="Src\Patches\CKPE.SkyrimSE.Patch.AllowPlayerKnowsCondition.cpp">
      <Filter>Patches</Filter>
    </ClCompile>
    <ClCompile Include="Src\Patches\CKPE.SkyrimSE.Patch.BGSPerkRankArray.cpp">
      <Filter>Patches</Filter>
    </ClCompile>
    <ClCompile Include="Src\Patches\CKPE.SkyrimSE.Patch.Console.cpp">
      <Filter>Patches</Filter>
    </ClCompile>
    <ClCompile Include="Src\Patches\CKPE.SkyrimSE.Patch.BNetConvertUnicodeString.cpp">
      <Filter>Patches</Filter>
    </ClCompile>
    <ClCompile Include="Src\Patches\CKPE.SkyrimSE.Patch.BrokenTerrainEditDlg.cpp">
      <Filter>Patches</Filter>
    </ClCompile>
    <ClCompile Include="Src\Patches\CKPE.SkyrimSE.Patch.CheckD3D11.cpp">
      <Filter>Patches</Filter>
    </ClCompile>
    <ClCompile Include="Src\Patches\CKPE.SkyrimSE.Patch.CheckTextureInMaterial.cpp">
      <Filter>Patches</Filter>
    </ClCompile>
    <ClCompile Include="Src\Patches\CKPE.SkyrimSE.Patch.ChooseSoundFile.cpp">
      <Filter>Patches</Filter>
    </ClCompile>
    <ClCompile Include="Src\Patches\CKPE.SkyrimSE.Patch.CrashAfterMultipleMastersWarning.cpp">
      <Filter>Patches</Filter>
    </ClCompile>
    <ClCompile Include="Src\Patches\CKPE.SkyrimSE.Patch.CrashDuplicateWorldspace.cpp">
      <Filter>Patches</Filter>
    </ClCompile>
    <ClCompile Include="Src\Patches\CKPE.SkyrimSE.Patch.CrashFlowChartX.cpp">
      <Filter>Patches</Filter>
    </ClCompile>
    <ClCompile Include="Src\Patches\CKPE.SkyrimSE.Patch.CrashHairKS.cpp">
      <Filter>Patches</Filter>
    </ClCompile>
    <ClCompile Include="Src\Patches\CKPE.SkyrimSE.Patch.CrashNullptrDXGISurface.cpp">
      <Filter>Patches</Filter>
    </ClCompile>
    <ClCompile Include="Src\Patches\CKPE.SkyrimSE.Patch.CrashNullptrFaceGen.cpp">
      <Filter>Patches</Filter>
    </ClCompile>
    <ClCompile Include="Src\Patches\CKPE.SkyrimSE.Patch.CrashUsingMore16NPCForFaceGen.cpp">
      <Filter>Patches</Filter>
    </ClCompile>
    <ClCompile Include="Src\Patches\CKPE.SkyrimSE.Patch.EnableGameButtonToVC.cpp">
      <Filter>Patches</Filter>
    </ClCompile>
    <ClCompile Include="Src\Patches\CKPE.SkyrimSE.Patch.FixActorDlg.cpp">
      <Filter>Patches</Filter>
    </ClCompile>
    <ClCompile Include="Src\Patches\CKPE.SkyrimSE.Patch.FixBGSEntryPointFunctionDataTwoValue.cpp">
      <Filter>Patches</Filter>
    </ClCompile>
    <ClCompile Include="Src\Patches\CKPE.SkyrimSE.Patch.FixBrightLightColor.cpp">
      <Filter>Patches</Filter>
    </ClCompile>
    <ClCompile Include="Src\Patches\CKPE.SkyrimSE.Patch.FixBSShadowDirectionalLight.cpp">
      <Filter>Patches</Filter>
    </ClCompile>
    <ClCompile Include="Src\Patches\CKPE.SkyrimSE.Patch.FixClassDlg.cpp">
      <Filter>Patches</Filter>
    </ClCompile>
    <ClCompile Include="Src\Patches\CKPE.SkyrimSE.Patch.FixCrashDuplicateForm.cpp">
      <Filter>Patches</Filter>
    </ClCompile>
    <ClCompile Include="Src\Patches\CKPE.SkyrimSE.Patch.FixCrashInArmorAddon.cpp">
      <Filter>Patches</Filter>
    </ClCompile>
    <ClCompile Include="Src\Patches\CKPE.SkyrimSE.Patch.FixCrashLightingShader.cpp">
      <Filter>Patches</Filter>
    </ClCompile>
    <ClCompile Include="Src\Patches\CKPE.SkyrimSE.Patch.FixCrashMakeXYZCircles.cpp">
      <Filter>Patches</Filter>
    </ClCompile>
    <ClCompile Include="Src\Patches\CKPE.SkyrimSE.Patch.FixCrashPluginTXT.cpp">
      <Filter>Patches</Filter>
    </ClCompile>
    <ClCompile Include="Src\Patches\CKPE.SkyrimSE.Patch.FixCrashTabControl.cpp">
      <Filter>Patches</Filter>
    </ClCompile>
    <ClCompile Include="Src\Patches\CKPE.SkyrimSE.Patch.FixDataDlgWithPluginTXT.cpp">
      <Filter>Patches</Filter>
    </ClCompile>
    <ClCompile Include="Src\Patches\CKPE.SkyrimSE.Patch.FixDialogueBranch.cpp">
      <Filter>Patches</Filter>
    </ClCompile>
    <ClCompile Include="Src\Patches\CKPE.SkyrimSE.Patch.FixFileInUse.cpp">
      <Filter>Patches</Filter>
    </ClCompile>
    <ClCompile Include="Src\Patches\CKPE.SkyrimSE.Patch.FixIconsScriptProp.cpp">
      <Filter>Patches</Filter>
    </ClCompile>
    <ClCompile Include="Src\Patches\CKPE.SkyrimSE.Patch.FixLoadMore32KAnimation.cpp">
      <Filter>Patches</Filter>
    </ClCompile>
    <ClCompile Include="Src\Patches\CKPE.SkyrimSE.Patch.FixMemoryLeakActorDlg.cpp">
      <Filter>Patches</Filter>
    </ClCompile>
    <ClCompile Include="Src\Patches\CKPE.SkyrimSE.Patch.FixMoveToTopic.cpp">
      <Filter>Patches</Filter>
    </ClCompile>
    <ClCompile Include="Src\Patches\CKPE.SkyrimSE.Patch.FixMusicTrackForm.cpp">
      <Filter>Patches</Filter>
    </ClCompile>
    <ClCompile Include="Src\Patches\CKPE.SkyrimSE.Patch.FixNiSkinInstance.cpp">
      <Filter>Patches</Filter>
    </ClCompile>
    <ClCompile Include="Src\Patches\CKPE.SkyrimSE.Patch.FixObjectPalette.cpp">
      <Filter>Patches</Filter>
    </ClCompile>
    <ClCompile Include="Src\Patches\CKPE.SkyrimSE.Patch.FixParamsATXT.cpp">
      <Filter>Patches</Filter>
    </ClCompile>
    <ClCompile Include="Src\Patches\CKPE.SkyrimSE.Patch.FixRaceDlg.cpp">
      <Filter>Patches</Filter>
    </ClCompile>
    <ClCompile Include="Src\Patches\CKPE.SkyrimSE.Patch.FixRemoteDesktop.cpp">
      <Filter>Patches</Filter>
    </ClCompile>
    <ClCompile Include="Src\Patches\CKPE.SkyrimSE.Patch.FixSpellEffectsDuration.cpp">
      <Filter>Patches</Filter>
    </ClCompile>
    <ClCompile Include="Src\Patches\CKPE.SkyrimSE.Patch.FixSelectedPackageData.cpp">
      <Filter>Patches</Filter>
    </ClCompile>
    <ClCompile Include="Src\Patches\CKPE.SkyrimSE.Patch.FixReverbParameters.cpp">
      <Filter>Patches</Filter>
    </ClCompile>
    <ClCompile Include="Src\Patches\CKPE.SkyrimSE.Patch.FixUnableToFindVariable.cpp">
      <Filter>Patches</Filter>
    </ClCompile>
    <ClCompile Include="Src\Patches\CKPE.SkyrimSE.Patch.FixVertexNormals.cpp">
      <Filter>Patches</Filter>
    </ClCompile>
    <ClCompile Include="Src\Patches\CKPE.SkyrimSE.Patch.FixWaterOrtho.cpp">
      <Filter>Patches</Filter>
    </ClCompile>
    <ClCompile Include="Src\Patches\CKPE.SkyrimSE.Patch.IgnoreGroundHeightTest.cpp">
      <Filter>Patches</Filter>
    </ClCompile>
    <ClCompile Include="Src\Patches\CKPE.SkyrimSE.Patch.IncreaseMaximumNavmesh.cpp">
      <Filter>Patches</Filter>
    </ClCompile>
    <ClCompile Include="Src\Patches\CKPE.SkyrimSE.Patch.NavMeshInfoMap.cpp">
      <Filter>Patches</Filter>
    </ClCompile>
    <ClCompile Include="Src\Patches\CKPE.SkyrimSE.Patch.ResponseIgnoreMax.cpp">
      <Filter>Patches</Filter>
    </ClCompile>
    <ClCompile Include="Src\Patches\CKPE.SkyrimSE.Patch.ShowReloadShadersAlways.cpp">
      <Filter>Patches</Filter>
    </ClCompile>
    <ClCompile Include="Src\Patches\CKPE.SkyrimSE.Patch.TESModelTextureSwapCorrectlyLoad.cpp">
      <Filter>Patches</Filter>
    </ClCompile>
    <ClCompile Include="Src\Patches\CKPE.SkyrimSE.Patch.TESParameters_CTDA.cpp">
      <Filter>Patches</Filter>
    </ClCompile>
    <ClCompile Include="Src\Patches\CKPE.SkyrimSE.Patch.UnEquipSound.cpp">
      <Filter>Patches</Filter>
    </ClCompile>
    <ClCompile Include="Src\Patches\CKPE.SkyrimSE.Patch.WeaponCriticalEffect.cpp">
      <Filter>Patches</Filter>
    </ClCompile>
    <ClCompile Include="Src\Patches\CKPE.SkyrimSE.Patch.RefLinkGeometryHangWorkaround.cpp">
      <Filter>Patches</Filter>
    </ClCompile>
    <ClCompile Include="Src\Patches\CKPE.SkyrimSE.Patch.ReEnableLandShadows.cpp">
      <Filter>Patches</Filter>
    </ClCompile>
    <ClCompile Include="Src\Patches\CKPE.SkyrimSE.Patch.NiCollisionObjectClonedWarning.cpp">
      <Filter>Patches</Filter>
    </ClCompile>
    <ClCompile Include="Src\EditorAPI\NiAPI\NiRTTI.cpp">
      <Filter>EditorAPI\NiAPI</Filter>
    </ClCompile>
    <ClCompile Include="Src\EditorAPI\NiAPI\NiCollisionUtils.cpp">
      <Filter>EditorAPI\NiAPI</Filter>
    </ClCompile>
    <ClCompile Include="Src\EditorAPI\NiAPI\NiMemoryManager.cpp">
      <Filter>EditorAPI\NiAPI</Filter>
    </ClCompile>
    <ClCompile Include="Src\EditorAPI\NiAPI\NiRefObject.cpp">
      <Filter>EditorAPI\NiAPI</Filter>
    </ClCompile>
    <ClCompile Include="Src\EditorAPI\Forms\TESForm.cpp">
      <Filter>EditorAPI\Forms</Filter>
    </ClCompile>
    <ClCompile Include="Src\EditorAPI\BSSpinLock.cpp">
      <Filter>EditorAPI</Filter>
    </ClCompile>
    <ClCompile Include="Src\EditorAPI\BSReadWriteLock.cpp">
      <Filter>EditorAPI</Filter>
    </ClCompile>
    <ClCompile Include="Src\Patches\CKPE.SkyrimSE.Patch.SkipTopicInfoValidation.cpp">
      <Filter>Patches</Filter>
    </ClCompile>
    <ClCompile Include="Src\Patches\CKPE.SkyrimSE.Patch.UIHotkeys.cpp">
      <Filter>Patches</Filter>
    </ClCompile>
    <ClCompile Include="Src\Patches\CKPE.SkyrimSE.Patch.Unicode.cpp">
      <Filter>Patches</Filter>
    </ClCompile>
    <ClCompile Include="Src\Patches\CKPE.SkyrimSE.Patch.VersionControlMergeWorkaround.cpp">
      <Filter>Patches</Filter>
    </ClCompile>
    <ClCompile Include="Src\Patches\CKPE.SkyrimSE.Patch.RenderWindow60FPS.cpp">
      <Filter>Patches</Filter>
    </ClCompile>
    <ClCompile Include="Src\Patches\CKPE.SkyrimSE.Patch.RenameCreationKitApp.cpp">
      <Filter>Patches</Filter>
    </ClCompile>
    <ClCompile Include="Src\Patches\CKPE.SkyrimSE.Patch.PapyrusEditorLimit.cpp">
      <Filter>Patches</Filter>
    </ClCompile>
    <ClCompile Include="Src\Patches\CKPE.SkyrimSE.Patch.MemoryManager.cpp">
      <Filter>Patches</Filter>
    </ClCompile>
    <ClCompile Include="Src\Patches\CKPE.SkyrimSE.Patch.FlowChartX.cpp">
      <Filter>Patches</Filter>
    </ClCompile>
    <ClCompile Include="Src\Patches\CKPE.SkyrimSE.Patch.DisableAssertion.cpp">
      <Filter>Patches</Filter>
    </ClCompile>
    <ClCompile Include="Src\Patches\CKPE.SkyrimSE.Patch.CrashDump.cpp">
      <Filter>Patches</Filter>
    </ClCompile>
    <ClCompile Include="Src\Patches\CKPE.SkyrimSE.Patch.D3D11.cpp">
      <Filter>Patches</Filter>
    </ClCompile>
    <ClCompile Include="Src\EditorAPI\BSGraphicsTypes.cpp">
      <Filter>EditorAPI</Filter>
    </ClCompile>
    <ClCompile Include="Src\EditorAPI\BSShaderProperty.cpp">
      <Filter>EditorAPI</Filter>
    </ClCompile>
    <ClCompile Include="Src\EditorAPI\BSShaderResourceManager.cpp">
      <Filter>EditorAPI</Filter>
    </ClCompile>
    <ClCompile Include="Src\EditorAPI\BSString.cpp">
      <Filter>EditorAPI</Filter>
    </ClCompile>
    <ClCompile Include="Src\EditorAPI\TESDialogSpell.cpp">
      <Filter>EditorAPI</Filter>
    </ClCompile>
    <ClCompile Include="Src\EditorAPI\TESFile.cpp">
      <Filter>EditorAPI</Filter>
    </ClCompile>
    <ClCompile Include="Src\Patches\CKPE.SkyrimSE.Patch.Facegen.cpp">
      <Filter>Patches</Filter>
    </ClCompile>
    <ClCompile Include="Src\Patches\CKPE.SkyrimSE.Patch.DataWindow.cpp">
      <Filter>Patches</Filter>
    </ClCompile>
    <ClCompile Include="Src\Patches\CKPE.SkyrimSE.Patch.RenderWindow.cpp">
      <Filter>Patches</Filter>
    </ClCompile>
    <ClCompile Include="Src\CKPE.SkyrimSE.D3D11ImagespaceAA.cpp">
      <Filter>API</Filter>
    </ClCompile>
    <ClCompile Include="Src\CKPE.SkyrimSE.D3D11Shaders.cpp">
      <Filter>API</Filter>
    </ClCompile>
    <ClCompile Include="..\Dependencies\DirectXTex\src\ScreenGrab11.cpp">
      <Filter>_depend</Filter>
    </ClCompile>
    <ClCompile Include="Src\Patches\CKPE.SkyrimSE.Patch.AllowSaveESMandMasterESP.cpp">
      <Filter>Patches</Filter>
    </ClCompile>
    <ClCompile Include="Src\Patches\CKPE.SkyrimSE.Patch.AlteredFormList.cpp">
      <Filter>Patches</Filter>
    </ClCompile>
    <ClCompile Include="Src\Patches\CKPE.SkyrimSE.Patch.TESDataHandlerHook.cpp">
      <Filter>Patches</Filter>
    </ClCompile>
    <ClCompile Include="Src\Patches\CKPE.SkyrimSE.Patch.SpellEnableCastingAndDeliveryAlways.cpp">
      <Filter>Patches</Filter>
    </ClCompile>
    <ClCompile Include="Src\Patches\CKPE.SkyrimSE.Patch.StableSortForPerks.cpp">
      <Filter>Patches</Filter>
    </ClCompile>
    <ClCompile Include="Src\Patches\CKPE.SkyrimSE.Patch.RemoveUselessMessages.cpp">
      <Filter>Patches</Filter>
    </ClCompile>
    <ClCompile Include="Src\Patches\CKPE.SkyrimSE.Patch.BSPointerHandleManager.cpp">
      <Filter>Patches</Filter>
    </ClCompile>
    <ClCompile Include="Src\Patches\CKPE.SkyrimSE.Patch.ReEnableFog.cpp">
      <Filter>Patches</Filter>
    </ClCompile>
    <ClCompile Include="Src\Patches\CKPE.SkyrimSE.Patch.NewFormat171.cpp">
      <Filter>Patches</Filter>
    </ClCompile>
    <ClCompile Include="Src\Patches\CKPE.SkyrimSE.Patch.BSArchiveManager.cpp">
      <Filter>Patches</Filter>
    </ClCompile>
    <ClCompile Include="Src\Patches\CKPE.SkyrimSE.Patch.FixLoadArchiveActivePlugin.cpp">
      <Filter>Patches</Filter>
    </ClCompile>
    <ClCompile Include="Src\Patches\CKPE.SkyrimSE.Patch.CrashMHDTMoreThan70.cpp">
      <Filter>Patches</Filter>
    </ClCompile>
    <ClCompile Include="Src\Patches\CKPE.SkyrimSE.Patch.CrashMergeForms.cpp">
      <Filter>Patches</Filter>
    </ClCompile>
    <ClCompile Include="Src\Patches\CKPE.SkyrimSE.Patch.CrashSortFunc.cpp">
      <Filter>Patches</Filter>
    </ClCompile>
    <ClCompile Include="Src\Patches\CKPE.SkyrimSE.Patch.CrashTestRadius.cpp">
      <Filter>Patches</Filter>
    </ClCompile>
    <ClCompile Include="Src\Patches\CKPE.SkyrimSE.Patch.CrashUploadBNetModWithArchive.cpp">
      <Filter>Patches</Filter>
    </ClCompile>
    <ClCompile Include="Src\Patches\CKPE.SkyrimSE.Patch.DeferredDlg.cpp">
      <Filter>Patches</Filter>
    </ClCompile>
    <ClCompile Include="Src\Patches\CKPE.SkyrimSE.Patch.FixFormIDsInLoadFile.cpp">
      <Filter>Patches</Filter>
    </ClCompile>
    <ClCompile Include="Src\Patches\CKPE.SkyrimSE.Patch.FixParamsVTXT.cpp">
      <Filter>Patches</Filter>
    </ClCompile>
    <ClCompile Include="Src\Patches\CKPE.SkyrimSE.Patch.FixRenderPass.cpp">
      <Filter>Patches</Filter>
    </ClCompile>
    <ClCompile Include="Src\Patches\CKPE.SkyrimSE.Patch.MemoryLeakBSString.cpp">
      <Filter>Patches</Filter>
    </ClCompile>
    <ClCompile Include="Src\Patches\CKPE.SkyrimSE.Patch.NavMeshPseudoDelete.cpp">
      <Filter>Patches</Filter>
    </ClCompile>
    <ClCompile Include="Src\Patches\CKPE.SkyrimSE.Patch.CrashFootstepSetRemove.cpp">
      <Filter>Patches</Filter>
    </ClCompile>
    <ClCompile Include="Src\Patches\CKPE.SkyrimSE.Patch.LoadOptimization.cpp">
      <Filter>Patches</Filter>
    </ClCompile>
    <ClCompile Include="Src\Patches\CKPE.SkyrimSE.Patch.LoadDDSFile.cpp">
      <Filter>Patches</Filter>
    </ClCompile>
    <ClCompile Include="Src\Patches\CKPE.SkyrimSE.Patch.ObjectWindow.cpp">
      <Filter>Patches</Filter>
    </ClCompile>
    <ClCompile Include="Src\Patches\CKPE.SkyrimSE.Patch.MainWindow.cpp">
      <Filter>Patches</Filter>
    </ClCompile>
    <ClCompile Include="Src\Patches\CKPE.SkyrimSE.Patch.CellViewWindow.cpp">
      <Filter>Patches</Filter>
    </ClCompile>
    <ClCompile Include="Src\Patches\CKPE.SkyrimSE.Patch.ProgressWindow.cpp">
      <Filter>Patches</Filter>
    </ClCompile>
    <ClCompile Include="Src\Patches\CKPE.SkyrimSE.Patch.NavMeshWindow.cpp">
      <Filter>Patches</Filter>
    </ClCompile>
    <ClCompile Include="Src\Patches\CKPE.SkyrimSE.Patch.BNetUploadWindow.cpp">
      <Filter>Patches</Filter>
    </ClCompile>
    <ClCompile Include="Src\Patches\CKPE.SkyrimSE.Patch.AddChangeRef.cpp">
      <Filter>Patches</Filter>
    </ClCompile>
    <ClCompile Include="Src\Patches\CKPE.SkyrimSE.Patch.CrashInventoryIterators.cpp">
      <Filter>Patches</Filter>
    </ClCompile>
    <ClCompile Include="Src\Patches\CKPE.SkyrimSE.Patch.EnableStateParentWorkaround.cpp">
      <Filter>Patches</Filter>
    </ClCompile>
    <ClCompile Include="Src\Patches\CKPE.SkyrimSE.Patch.FixCellViewObjectList.cpp">
      <Filter>Patches</Filter>
    </ClCompile>
    <ClCompile Include="Src\Patches\CKPE.SkyrimSE.Patch.FixIntersectionTriangle.cpp">
      <Filter>Patches</Filter>
    </ClCompile>
    <ClCompile Include="Src\Patches\CKPE.SkyrimSE.Patch.FixSpellDlg.cpp">
      <Filter>Patches</Filter>
    </ClCompile>
    <ClCompile Include="Src\Patches\CKPE.SkyrimSE.Patch.FixWaterType.cpp">
      <Filter>Patches</Filter>
    </ClCompile>
    <ClCompile Include="Src\Patches\CKPE.SkyrimSE.Patch.LipGen.cpp">
      <Filter>Patches</Filter>
    </ClCompile>
    <ClCompile Include="Src\Patches\CKPE.SkyrimSE.Patch.MemoryLeakInPreviewWindow.cpp">
      <Filter>Patches</Filter>
    </ClCompile>
    <ClCompile Include="Src\Patches\CKPE.SkyrimSE.Patch.UpdateUIWhenFogToggled.cpp">
      <Filter>Patches</Filter>
    </ClCompile>
    <ClCompile Include="Src\Patches\CKPE.SkyrimSE.Patch.ModernThemePatchAdditional.cpp">
      <Filter>Patches</Filter>
    </ClCompile>
    <ClCompile Include="Src\Patches\CKPE.SkyrimSE.Patch.RuntimeOptimization.cpp">
      <Filter>Patches</Filter>
    </ClCompile>
    <ClCompile Include="Src\Patches\CKPE.SkyrimSE.Patch.MiscMessages.cpp">
      <Filter>Patches</Filter>
    </ClCompile>
    <ClCompile Include="Src\Patches\CKPE.SkyrimSE.Patch.FixRecordSoundCapture.cpp">
      <Filter>Patches</Filter>
    </ClCompile>
    <ClCompile Include="Src\Patches\CKPE.SkyrimSE.Patch.CrashInvalidStrings.cpp">
      <Filter>Patches</Filter>
    </ClCompile>
    <ClCompile Include="Src\EditorAPI\BaseFormComponent.cpp">
      <Filter>EditorAPI</Filter>
    </ClCompile>
    <ClCompile Include="Src\EditorAPI\BSExtraData.cpp">
      <Filter>EditorAPI</Filter>
    </ClCompile>
  </ItemGroup>
  <ItemGroup>
    <Filter Include="API">
      <UniqueIdentifier>{8d7d4588-e831-422b-8969-11e8c27027fa}</UniqueIdentifier>
    </Filter>
    <Filter Include="Patches">
      <UniqueIdentifier>{f29e8527-fb38-4e74-b15a-ec117511f614}</UniqueIdentifier>
    </Filter>
    <Filter Include="EditorAPI">
      <UniqueIdentifier>{756a1126-b758-4597-9975-5e703fe6b336}</UniqueIdentifier>
    </Filter>
    <Filter Include="EditorAPI\NiAPI">
      <UniqueIdentifier>{1ba36205-7cd3-45c6-b3f4-ea53d3ab0cd9}</UniqueIdentifier>
    </Filter>
    <Filter Include="EditorAPI\Forms">
      <UniqueIdentifier>{9a6969b8-9ecf-42e8-a4bf-908134cc9142}</UniqueIdentifier>
    </Filter>
    <Filter Include="Shaders">
      <UniqueIdentifier>{960c5197-1bf1-4fcc-bcfc-69dc3522533f}</UniqueIdentifier>
    </Filter>
    <Filter Include="Resources">
      <UniqueIdentifier>{f4bf1e3e-2191-4200-bfed-3af28f577ac8}</UniqueIdentifier>
    </Filter>
    <Filter Include="Version">
      <UniqueIdentifier>{6435abc7-0374-4088-8b89-db0e214db9b2}</UniqueIdentifier>
    </Filter>
    <Filter Include="_depend">
      <UniqueIdentifier>{575c950c-925d-44d5-b7ad-b5267af2ab0d}</UniqueIdentifier>
    </Filter>
  </ItemGroup>
  <ItemGroup>
    <ClInclude Include="Include\CKPE.SkyrimSE.VersionLists.h">
      <Filter>API</Filter>
    </ClInclude>
    <ClInclude Include="Include\CKPE.SkyrimSE.Runner.h">
      <Filter>API</Filter>
    </ClInclude>
    <ClInclude Include="Include\Patches\CKPE.SkyrimSE.Patch.AllowMultipleWindowAndMaster.h">
      <Filter>Patches</Filter>
    </ClInclude>
    <ClInclude Include="Include\Patches\CKPE.SkyrimSE.Patch.AllowCreateBitArray.h">
      <Filter>Patches</Filter>
    </ClInclude>
    <ClInclude Include="Include\Patches\CKPE.SkyrimSE.Patch.AllowPlayerKnowsCondition.h">
      <Filter>Patches</Filter>
    </ClInclude>
    <ClInclude Include="Include\Patches\CKPE.SkyrimSE.Patch.BGSPerkRankArray.h">
      <Filter>Patches</Filter>
    </ClInclude>
    <ClInclude Include="Include\Patches\CKPE.SkyrimSE.Patch.Console.h">
      <Filter>Patches</Filter>
    </ClInclude>
    <ClInclude Include="Include\Patches\CKPE.SkyrimSE.Patch.BNetConvertUnicodeString.h">
      <Filter>Patches</Filter>
    </ClInclude>
    <ClInclude Include="Include\Patches\CKPE.SkyrimSE.Patch.BrokenTerrainEditDlg.h">
      <Filter>Patches</Filter>
    </ClInclude>
    <ClInclude Include="Include\Patches\CKPE.SkyrimSE.Patch.CheckD3D11.h">
      <Filter>Patches</Filter>
    </ClInclude>
    <ClInclude Include="Include\Patches\CKPE.SkyrimSE.Patch.CheckTextureInMaterial.h">
      <Filter>Patches</Filter>
    </ClInclude>
    <ClInclude Include="Include\Patches\CKPE.SkyrimSE.Patch.ChooseSoundFile.h">
      <Filter>Patches</Filter>
    </ClInclude>
    <ClInclude Include="Include\Patches\CKPE.SkyrimSE.Patch.CrashAfterMultipleMastersWarning.h">
      <Filter>Patches</Filter>
    </ClInclude>
    <ClInclude Include="Include\Patches\CKPE.SkyrimSE.Patch.CrashDuplicateWorldspace.h">
      <Filter>Patches</Filter>
    </ClInclude>
    <ClInclude Include="Include\Patches\CKPE.SkyrimSE.Patch.CrashFlowChartX.h">
      <Filter>Patches</Filter>
    </ClInclude>
    <ClInclude Include="Include\Patches\CKPE.SkyrimSE.Patch.CrashHairKS.h">
      <Filter>Patches</Filter>
    </ClInclude>
    <ClInclude Include="Include\Patches\CKPE.SkyrimSE.Patch.CrashNullptrDXGISurface.h">
      <Filter>Patches</Filter>
    </ClInclude>
    <ClInclude Include="Include\Patches\CKPE.SkyrimSE.Patch.CrashNullptrFaceGen.h">
      <Filter>Patches</Filter>
    </ClInclude>
    <ClInclude Include="Include\Patches\CKPE.SkyrimSE.Patch.CrashUsingMore16NPCForFaceGen.h">
      <Filter>Patches</Filter>
    </ClInclude>
    <ClInclude Include="Include\Patches\CKPE.SkyrimSE.Patch.EnableGameButtonToVC.h">
      <Filter>Patches</Filter>
    </ClInclude>
    <ClInclude Include="Include\Patches\CKPE.SkyrimSE.Patch.FixActorDlg.h">
      <Filter>Patches</Filter>
    </ClInclude>
    <ClInclude Include="Include\Patches\CKPE.SkyrimSE.Patch.FixBGSEntryPointFunctionDataTwoValue.h">
      <Filter>Patches</Filter>
    </ClInclude>
    <ClInclude Include="Include\Patches\CKPE.SkyrimSE.Patch.FixBrightLightColor.h">
      <Filter>Patches</Filter>
    </ClInclude>
    <ClInclude Include="Include\Patches\CKPE.SkyrimSE.Patch.FixBSShadowDirectionalLight.h">
      <Filter>Patches</Filter>
    </ClInclude>
    <ClInclude Include="Include\Patches\CKPE.SkyrimSE.Patch.FixClassDlg.h">
      <Filter>Patches</Filter>
    </ClInclude>
    <ClInclude Include="Include\Patches\CKPE.SkyrimSE.Patch.FixCrashDuplicateForm.h">
      <Filter>Patches</Filter>
    </ClInclude>
    <ClInclude Include="Include\Patches\CKPE.SkyrimSE.Patch.FixCrashInArmorAddon.h">
      <Filter>Patches</Filter>
    </ClInclude>
    <ClInclude Include="Include\Patches\CKPE.SkyrimSE.Patch.FixCrashLightingShader.h">
      <Filter>Patches</Filter>
    </ClInclude>
    <ClInclude Include="Include\Patches\CKPE.SkyrimSE.Patch.FixCrashMakeXYZCircles.h">
      <Filter>Patches</Filter>
    </ClInclude>
    <ClInclude Include="Include\Patches\CKPE.SkyrimSE.Patch.FixCrashPluginTXT.h">
      <Filter>Patches</Filter>
    </ClInclude>
    <ClInclude Include="Include\Patches\CKPE.SkyrimSE.Patch.FixCrashTabControl.h">
      <Filter>Patches</Filter>
    </ClInclude>
    <ClInclude Include="Include\Patches\CKPE.SkyrimSE.Patch.FixDataDlgWithPluginTXT.h">
      <Filter>Patches</Filter>
    </ClInclude>
    <ClInclude Include="Include\Patches\CKPE.SkyrimSE.Patch.FixDialogueBranch.h">
      <Filter>Patches</Filter>
    </ClInclude>
    <ClInclude Include="Include\Patches\CKPE.SkyrimSE.Patch.FixFileInUse.h">
      <Filter>Patches</Filter>
    </ClInclude>
    <ClInclude Include="Include\Patches\CKPE.SkyrimSE.Patch.FixIconsScriptProp.h">
      <Filter>Patches</Filter>
    </ClInclude>
    <ClInclude Include="Include\Patches\CKPE.SkyrimSE.Patch.FixLoadMore32KAnimation.h">
      <Filter>Patches</Filter>
    </ClInclude>
    <ClInclude Include="Include\Patches\CKPE.SkyrimSE.Patch.FixMemoryLeakActorDlg.h">
      <Filter>Patches</Filter>
    </ClInclude>
    <ClInclude Include="Include\Patches\CKPE.SkyrimSE.Patch.FixMoveToTopic.h">
      <Filter>Patches</Filter>
    </ClInclude>
    <ClInclude Include="Include\Patches\CKPE.SkyrimSE.Patch.FixMusicTrackForm.h">
      <Filter>Patches</Filter>
    </ClInclude>
    <ClInclude Include="Include\Patches\CKPE.SkyrimSE.Patch.FixNiSkinInstance.h">
      <Filter>Patches</Filter>
    </ClInclude>
    <ClInclude Include="Include\Patches\CKPE.SkyrimSE.Patch.FixObjectPalette.h">
      <Filter>Patches</Filter>
    </ClInclude>
    <ClInclude Include="Include\Patches\CKPE.SkyrimSE.Patch.FixParamsATXT.h">
      <Filter>Patches</Filter>
    </ClInclude>
    <ClInclude Include="Include\Patches\CKPE.SkyrimSE.Patch.FixRaceDlg.h">
      <Filter>Patches</Filter>
    </ClInclude>
    <ClInclude Include="Include\Patches\CKPE.SkyrimSE.Patch.FixRemoteDesktop.h">
      <Filter>Patches</Filter>
    </ClInclude>
    <ClInclude Include="Include\Patches\CKPE.SkyrimSE.Patch.FixSpellEffectsDuration.h">
      <Filter>Patches</Filter>
    </ClInclude>
    <ClInclude Include="Include\Patches\CKPE.SkyrimSE.Patch.FixSelectedPackageData.h">
      <Filter>Patches</Filter>
    </ClInclude>
    <ClInclude Include="Include\Patches\CKPE.SkyrimSE.Patch.FixReverbParameters.h">
      <Filter>Patches</Filter>
    </ClInclude>
    <ClInclude Include="Include\Patches\CKPE.SkyrimSE.Patch.FixUnableToFindVariable.h">
      <Filter>Patches</Filter>
    </ClInclude>
    <ClInclude Include="Include\Patches\CKPE.SkyrimSE.Patch.FixVertexNormals.h">
      <Filter>Patches</Filter>
    </ClInclude>
    <ClInclude Include="Include\Patches\CKPE.SkyrimSE.Patch.FixWaterOrtho.h">
      <Filter>Patches</Filter>
    </ClInclude>
    <ClInclude Include="Include\Patches\CKPE.SkyrimSE.Patch.IgnoreGroundHeightTest.h">
      <Filter>Patches</Filter>
    </ClInclude>
    <ClInclude Include="Include\Patches\CKPE.SkyrimSE.Patch.IncreaseMaximumNavmesh.h">
      <Filter>Patches</Filter>
    </ClInclude>
    <ClInclude Include="Include\Patches\CKPE.SkyrimSE.Patch.NavMeshInfoMap.h">
      <Filter>Patches</Filter>
    </ClInclude>
    <ClInclude Include="Include\Patches\CKPE.SkyrimSE.Patch.ResponseIgnoreMax.h">
      <Filter>Patches</Filter>
    </ClInclude>
    <ClInclude Include="Include\Patches\CKPE.SkyrimSE.Patch.ShowReloadShadersAlways.h">
      <Filter>Patches</Filter>
    </ClInclude>
    <ClInclude Include="Include\Patches\CKPE.SkyrimSE.Patch.TESModelTextureSwapCorrectlyLoad.h">
      <Filter>Patches</Filter>
    </ClInclude>
    <ClInclude Include="Include\Patches\CKPE.SkyrimSE.Patch.TESParameters_CTDA.h">
      <Filter>Patches</Filter>
    </ClInclude>
    <ClInclude Include="Include\Patches\CKPE.SkyrimSE.Patch.UnEquipSound.h">
      <Filter>Patches</Filter>
    </ClInclude>
    <ClInclude Include="Include\Patches\CKPE.SkyrimSE.Patch.WeaponCriticalEffect.h">
      <Filter>Patches</Filter>
    </ClInclude>
    <ClInclude Include="Include\Patches\CKPE.SkyrimSE.Patch.RefLinkGeometryHangWorkaround.h">
      <Filter>Patches</Filter>
    </ClInclude>
    <ClInclude Include="Include\Patches\CKPE.SkyrimSE.Patch.ReEnableLandShadows.h">
      <Filter>Patches</Filter>
    </ClInclude>
    <ClInclude Include="Include\Patches\CKPE.SkyrimSE.Patch.NiCollisionObjectClonedWarning.h">
      <Filter>Patches</Filter>
    </ClInclude>
    <ClInclude Include="Include\EditorAPI\NiAPI\NiPoint.h">
      <Filter>EditorAPI\NiAPI</Filter>
    </ClInclude>
    <ClInclude Include="Include\EditorAPI\NiAPI\NiPointer.h">
      <Filter>EditorAPI\NiAPI</Filter>
    </ClInclude>
    <ClInclude Include="Include\EditorAPI\NiAPI\NiProperty.h">
      <Filter>EditorAPI\NiAPI</Filter>
    </ClInclude>
    <ClInclude Include="Include\EditorAPI\NiAPI\NiRefObject.h">
      <Filter>EditorAPI\NiAPI</Filter>
    </ClInclude>
    <ClInclude Include="Include\EditorAPI\NiAPI\NiRTTI.h">
      <Filter>EditorAPI\NiAPI</Filter>
    </ClInclude>
    <ClInclude Include="Include\EditorAPI\NiAPI\NiSkinInstance.h">
      <Filter>EditorAPI\NiAPI</Filter>
    </ClInclude>
    <ClInclude Include="Include\EditorAPI\NiAPI\NiSourceTexture.h">
      <Filter>EditorAPI\NiAPI</Filter>
    </ClInclude>
    <ClInclude Include="Include\EditorAPI\NiAPI\NiTexture.h">
      <Filter>EditorAPI\NiAPI</Filter>
    </ClInclude>
    <ClInclude Include="Include\EditorAPI\NiAPI\NiTMap.h">
      <Filter>EditorAPI\NiAPI</Filter>
    </ClInclude>
    <ClInclude Include="Include\EditorAPI\NiAPI\NiTransform.h">
      <Filter>EditorAPI\NiAPI</Filter>
    </ClInclude>
    <ClInclude Include="Include\EditorAPI\NiAPI\NiTSimpleArray.h">
      <Filter>EditorAPI\NiAPI</Filter>
    </ClInclude>
    <ClInclude Include="Include\EditorAPI\NiAPI\NiTypes.h">
      <Filter>EditorAPI\NiAPI</Filter>
    </ClInclude>
    <ClInclude Include="Include\EditorAPI\NiAPI\NiTObjectArray.h">
      <Filter>EditorAPI\NiAPI</Filter>
    </ClInclude>
    <ClInclude Include="Include\EditorAPI\NiAPI\NiAVObject.h">
      <Filter>EditorAPI\NiAPI</Filter>
    </ClInclude>
    <ClInclude Include="Include\EditorAPI\NiAPI\NiCollisionUtils.h">
      <Filter>EditorAPI\NiAPI</Filter>
    </ClInclude>
    <ClInclude Include="Include\EditorAPI\NiAPI\NiColor.h">
      <Filter>EditorAPI\NiAPI</Filter>
    </ClInclude>
    <ClInclude Include="Include\EditorAPI\NiAPI\NiMatrix.h">
      <Filter>EditorAPI\NiAPI</Filter>
    </ClInclude>
    <ClInclude Include="Include\EditorAPI\NiAPI\NiMemoryManager.h">
      <Filter>EditorAPI\NiAPI</Filter>
    </ClInclude>
    <ClInclude Include="Include\EditorAPI\NiAPI\NiNode.h">
      <Filter>EditorAPI\NiAPI</Filter>
    </ClInclude>
    <ClInclude Include="Include\EditorAPI\NiAPI\NiObject.h">
      <Filter>EditorAPI\NiAPI</Filter>
    </ClInclude>
    <ClInclude Include="Include\EditorAPI\NiAPI\NiObjectNET.h">
      <Filter>EditorAPI\NiAPI</Filter>
    </ClInclude>
    <ClInclude Include="Include\EditorAPI\NiAPI\NiPick.h">
      <Filter>EditorAPI\NiAPI</Filter>
    </ClInclude>
    <ClInclude Include="Include\EditorAPI\BSTArray.h">
      <Filter>EditorAPI</Filter>
    </ClInclude>
    <ClInclude Include="Include\EditorAPI\BSTList.h">
      <Filter>EditorAPI</Filter>
    </ClInclude>
    <ClInclude Include="Include\EditorAPI\Forms\TESForm.h">
      <Filter>EditorAPI\Forms</Filter>
    </ClInclude>
    <ClInclude Include="Include\EditorAPI\BSReadWriteLock.h">
      <Filter>EditorAPI</Filter>
    </ClInclude>
    <ClInclude Include="Include\EditorAPI\BSStringCache.h">
      <Filter>EditorAPI</Filter>
    </ClInclude>
    <ClInclude Include="Include\EditorAPI\BSFixedString.h">
      <Filter>EditorAPI</Filter>
    </ClInclude>
    <ClInclude Include="Include\EditorAPI\BSEntryString.h">
      <Filter>EditorAPI</Filter>
    </ClInclude>
    <ClInclude Include="Include\EditorAPI\BGSLocalizedString.h">
      <Filter>EditorAPI</Filter>
    </ClInclude>
    <ClInclude Include="Include\Patches\CKPE.SkyrimSE.Patch.SkipTopicInfoValidation.h">
      <Filter>Patches</Filter>
    </ClInclude>
    <ClInclude Include="Include\Patches\CKPE.SkyrimSE.Patch.UIHotkeys.h">
      <Filter>Patches</Filter>
    </ClInclude>
    <ClInclude Include="Include\Patches\CKPE.SkyrimSE.Patch.Unicode.h">
      <Filter>Patches</Filter>
    </ClInclude>
    <ClInclude Include="Include\Patches\CKPE.SkyrimSE.Patch.VersionControlMergeWorkaround.h">
      <Filter>Patches</Filter>
    </ClInclude>
    <ClInclude Include="Include\Patches\CKPE.SkyrimSE.Patch.RenderWindow60FPS.h">
      <Filter>Patches</Filter>
    </ClInclude>
    <ClInclude Include="Include\Patches\CKPE.SkyrimSE.Patch.RenameCreationKitApp.h">
      <Filter>Patches</Filter>
    </ClInclude>
    <ClInclude Include="Include\Patches\CKPE.SkyrimSE.Patch.PapyrusEditorLimit.h">
      <Filter>Patches</Filter>
    </ClInclude>
    <ClInclude Include="Include\Patches\CKPE.SkyrimSE.Patch.MemoryManager.h">
      <Filter>Patches</Filter>
    </ClInclude>
    <ClInclude Include="Include\Patches\CKPE.SkyrimSE.Patch.FlowChartX.h">
      <Filter>Patches</Filter>
    </ClInclude>
    <ClInclude Include="Include\Patches\CKPE.SkyrimSE.Patch.DisableAssertion.h">
      <Filter>Patches</Filter>
    </ClInclude>
    <ClInclude Include="Include\Patches\CKPE.SkyrimSE.Patch.CrashDump.h">
      <Filter>Patches</Filter>
    </ClInclude>
    <ClInclude Include="Include\Patches\CKPE.SkyrimSE.Patch.D3D11.h">
      <Filter>Patches</Filter>
    </ClInclude>
    <ClInclude Include="Include\EditorAPI\Forms\BGSImpactDataSet.h">
      <Filter>EditorAPI\Forms</Filter>
    </ClInclude>
    <ClInclude Include="Include\EditorAPI\Forms\BGSMaterialType.h">
      <Filter>EditorAPI\Forms</Filter>
    </ClInclude>
    <ClInclude Include="Include\EditorAPI\Forms\BGSSounds.h">
      <Filter>EditorAPI\Forms</Filter>
    </ClInclude>
    <ClInclude Include="Include\EditorAPI\Forms\BGSVoiceType.h">
      <Filter>EditorAPI\Forms</Filter>
    </ClInclude>
    <ClInclude Include="Include\EditorAPI\Forms\BGSFootstepSet.h">
      <Filter>EditorAPI\Forms</Filter>
    </ClInclude>
    <ClInclude Include="Include\EditorAPI\Forms\BGSImpactData.h">
      <Filter>EditorAPI\Forms</Filter>
    </ClInclude>
    <ClInclude Include="Include\EditorAPI\BSEffectShaderMaterial.h">
      <Filter>EditorAPI</Filter>
    </ClInclude>
    <ClInclude Include="Include\EditorAPI\BSDynamicTriShape.h">
      <Filter>EditorAPI</Filter>
    </ClInclude>
    <ClInclude Include="Include\EditorAPI\BSGraphicsTypes.h">
      <Filter>EditorAPI</Filter>
    </ClInclude>
    <ClInclude Include="Include\EditorAPI\BSShaderMaterial.h">
      <Filter>EditorAPI</Filter>
    </ClInclude>
    <ClInclude Include="Include\EditorAPI\BSShaderProperty.h">
      <Filter>EditorAPI</Filter>
    </ClInclude>
    <ClInclude Include="Include\EditorAPI\BSShaderResourceManager.h">
      <Filter>EditorAPI</Filter>
    </ClInclude>
    <ClInclude Include="Include\EditorAPI\BSTriShape.h">
      <Filter>EditorAPI</Filter>
    </ClInclude>
    <ClInclude Include="Include\EditorAPI\BSGeometry.h">
      <Filter>EditorAPI</Filter>
    </ClInclude>
    <ClInclude Include="Include\EditorAPI\BSResources.h">
      <Filter>EditorAPI</Filter>
    </ClInclude>
    <ClInclude Include="Include\EditorAPI\BGSRenderWindow.h">
      <Filter>EditorAPI</Filter>
    </ClInclude>
    <ClInclude Include="Include\EditorAPI\BGSRenderWindowCamera.h">
      <Filter>EditorAPI</Filter>
    </ClInclude>
    <ClInclude Include="Include\EditorAPI\Forms\TESObjectLIGH.h">
      <Filter>EditorAPI\Forms</Filter>
    </ClInclude>
    <ClInclude Include="Include\EditorAPI\Forms\TESObjectREFR.h">
      <Filter>EditorAPI\Forms</Filter>
    </ClInclude>
    <ClInclude Include="Include\EditorAPI\Forms\TESTopic.h">
      <Filter>EditorAPI\Forms</Filter>
    </ClInclude>
    <ClInclude Include="Include\EditorAPI\Forms\TESTopicInfo.h">
      <Filter>EditorAPI\Forms</Filter>
    </ClInclude>
    <ClInclude Include="Include\EditorAPI\Forms\TESWaterForm.h">
      <Filter>EditorAPI\Forms</Filter>
    </ClInclude>
    <ClInclude Include="Include\EditorAPI\Forms\TESLandTexture.h">
      <Filter>EditorAPI\Forms</Filter>
    </ClInclude>
    <ClInclude Include="Include\EditorAPI\Forms\TESObjectCELL.h">
      <Filter>EditorAPI\Forms</Filter>
    </ClInclude>
    <ClInclude Include="Include\EditorAPI\Forms\TESObjectLAND.h">
      <Filter>EditorAPI\Forms</Filter>
    </ClInclude>
    <ClInclude Include="Include\EditorAPI\BSString.h">
      <Filter>EditorAPI</Filter>
    </ClInclude>
    <ClInclude Include="Include\EditorAPI\TESWater.h">
      <Filter>EditorAPI</Filter>
    </ClInclude>
    <ClInclude Include="Include\EditorAPI\TESDialogSpell.h">
      <Filter>EditorAPI</Filter>
    </ClInclude>
    <ClInclude Include="Include\EditorAPI\TESFile.h">
      <Filter>EditorAPI</Filter>
    </ClInclude>
    <ClInclude Include="Include\EditorAPI\TESDataHandler.h">
      <Filter>EditorAPI</Filter>
    </ClInclude>
    <ClInclude Include="Include\EditorAPI\BSGraphicsRenderTargetManager.h">
      <Filter>EditorAPI</Filter>
    </ClInclude>
    <ClInclude Include="Include\EditorAPI\BSPointerHandleManager.h">
      <Filter>EditorAPI</Filter>
    </ClInclude>
    <ClInclude Include="Include\EditorAPI\BSHandleRefObject.h">
      <Filter>EditorAPI</Filter>
    </ClInclude>
    <ClInclude Include="Include\EditorAPI\BGSPickHandler.h">
      <Filter>EditorAPI</Filter>
    </ClInclude>
    <ClInclude Include="Include\EditorAPI\BGSClasses.h">
      <Filter>EditorAPI</Filter>
    </ClInclude>
    <ClInclude Include="Include\Patches\CKPE.SkyrimSE.Patch.Facegen.h">
      <Filter>Patches</Filter>
    </ClInclude>
    <ClInclude Include="Include\Patches\CKPE.SkyrimSE.Patch.DataWindow.h">
      <Filter>Patches</Filter>
    </ClInclude>
    <ClInclude Include="Include\Patches\CKPE.SkyrimSE.Patch.RenderWindow.h">
      <Filter>Patches</Filter>
    </ClInclude>
    <ClInclude Include="Include\CKPE.SkyrimSE.D3D11ImagespaceAA.h">
      <Filter>API</Filter>
    </ClInclude>
    <ClInclude Include="Include\CKPE.SkyrimSE.D3D11Shaders.h">
      <Filter>API</Filter>
    </ClInclude>
    <ClInclude Include="resource.h">
      <Filter>Resources</Filter>
    </ClInclude>
    <ClInclude Include="..\Dependencies\DirectXTex\include\ScreenGrab11.h">
      <Filter>_depend</Filter>
    </ClInclude>
    <ClInclude Include="Include\Patches\CKPE.SkyrimSE.Patch.AllowSaveESMandMasterESP.h">
      <Filter>Patches</Filter>
    </ClInclude>
    <ClInclude Include="Include\Patches\CKPE.SkyrimSE.Patch.AlteredFormList.h">
      <Filter>Patches</Filter>
    </ClInclude>
    <ClInclude Include="Include\Patches\CKPE.SkyrimSE.Patch.TESDataHandlerHook.h">
      <Filter>Patches</Filter>
    </ClInclude>
    <ClInclude Include="Include\Patches\CKPE.SkyrimSE.Patch.SpellEnableCastingAndDeliveryAlways.h">
      <Filter>Patches</Filter>
    </ClInclude>
    <ClInclude Include="Include\Patches\CKPE.SkyrimSE.Patch.StableSortForPerks.h">
      <Filter>Patches</Filter>
    </ClInclude>
    <ClInclude Include="Include\Patches\CKPE.SkyrimSE.Patch.RemoveUselessMessages.h">
      <Filter>Patches</Filter>
    </ClInclude>
    <ClInclude Include="Include\Patches\CKPE.SkyrimSE.Patch.BSPointerHandleManager.h">
      <Filter>Patches</Filter>
    </ClInclude>
    <ClInclude Include="Include\Patches\CKPE.SkyrimSE.Patch.ReEnableFog.h">
      <Filter>Patches</Filter>
    </ClInclude>
    <ClInclude Include="Include\Patches\CKPE.SkyrimSE.Patch.NewFormat171.h">
      <Filter>Patches</Filter>
    </ClInclude>
    <ClInclude Include="Include\Patches\CKPE.SkyrimSE.Patch.BSArchiveManager.h">
      <Filter>Patches</Filter>
    </ClInclude>
    <ClInclude Include="Include\Patches\CKPE.SkyrimSE.Patch.FixLoadArchiveActivePlugin.h">
      <Filter>Patches</Filter>
    </ClInclude>
    <ClInclude Include="Include\Patches\CKPE.SkyrimSE.Patch.CrashMHDTMoreThan70.h">
      <Filter>Patches</Filter>
    </ClInclude>
    <ClInclude Include="Include\Patches\CKPE.SkyrimSE.Patch.CrashMergeForms.h">
      <Filter>Patches</Filter>
    </ClInclude>
    <ClInclude Include="Include\Patches\CKPE.SkyrimSE.Patch.CrashSortFunc.h">
      <Filter>Patches</Filter>
    </ClInclude>
    <ClInclude Include="Include\Patches\CKPE.SkyrimSE.Patch.CrashTestRadius.h">
      <Filter>Patches</Filter>
    </ClInclude>
    <ClInclude Include="Include\Patches\CKPE.SkyrimSE.Patch.CrashUploadBNetModWithArchive.h">
      <Filter>Patches</Filter>
    </ClInclude>
    <ClInclude Include="Include\Patches\CKPE.SkyrimSE.Patch.DeferredDlg.h">
      <Filter>Patches</Filter>
    </ClInclude>
    <ClInclude Include="Include\Patches\CKPE.SkyrimSE.Patch.FixFormIDsInLoadFile.h">
      <Filter>Patches</Filter>
    </ClInclude>
    <ClInclude Include="Include\Patches\CKPE.SkyrimSE.Patch.FixParamsVTXT.h">
      <Filter>Patches</Filter>
    </ClInclude>
    <ClInclude Include="Include\Patches\CKPE.SkyrimSE.Patch.FixRenderPass.h">
      <Filter>Patches</Filter>
    </ClInclude>
    <ClInclude Include="Include\Patches\CKPE.SkyrimSE.Patch.MemoryLeakBSString.h">
      <Filter>Patches</Filter>
    </ClInclude>
    <ClInclude Include="Include\Patches\CKPE.SkyrimSE.Patch.NavMeshPseudoDelete.h">
      <Filter>Patches</Filter>
    </ClInclude>
    <ClInclude Include="Include\Patches\CKPE.SkyrimSE.Patch.CrashFootstepSetRemove.h">
      <Filter>Patches</Filter>
    </ClInclude>
    <ClInclude Include="Include\Patches\CKPE.SkyrimSE.Patch.LoadOptimization.h">
      <Filter>Patches</Filter>
    </ClInclude>
    <ClInclude Include="Include\Patches\CKPE.SkyrimSE.Patch.LoadDDSFile.h">
      <Filter>Patches</Filter>
    </ClInclude>
    <ClInclude Include="Include\EditorAPI\BSFile.h">
      <Filter>EditorAPI</Filter>
    </ClInclude>
    <ClInclude Include="Include\Patches\CKPE.SkyrimSE.Patch.ObjectWindow.h">
      <Filter>Patches</Filter>
    </ClInclude>
    <ClInclude Include="Include\Patches\CKPE.SkyrimSE.Patch.MainWindow.h">
      <Filter>Patches</Filter>
    </ClInclude>
    <ClInclude Include="Include\Patches\CKPE.SkyrimSE.Patch.CellViewWindow.h">
      <Filter>Patches</Filter>
    </ClInclude>
    <ClInclude Include="Include\Patches\CKPE.SkyrimSE.Patch.ProgressWindow.h">
      <Filter>Patches</Filter>
    </ClInclude>
    <ClInclude Include="Include\Patches\CKPE.SkyrimSE.Patch.NavMeshWindow.h">
      <Filter>Patches</Filter>
    </ClInclude>
    <ClInclude Include="Include\Patches\CKPE.SkyrimSE.Patch.BNetUploadWindow.h">
      <Filter>Patches</Filter>
    </ClInclude>
    <ClInclude Include="Include\Patches\CKPE.SkyrimSE.Patch.AddChangeRef.h">
      <Filter>Patches</Filter>
    </ClInclude>
    <ClInclude Include="Include\Patches\CKPE.SkyrimSE.Patch.CrashInventoryIterators.h">
      <Filter>Patches</Filter>
    </ClInclude>
    <ClInclude Include="Include\Patches\CKPE.SkyrimSE.Patch.EnableStateParentWorkaround.h">
      <Filter>Patches</Filter>
    </ClInclude>
    <ClInclude Include="Include\Patches\CKPE.SkyrimSE.Patch.FixCellViewObjectList.h">
      <Filter>Patches</Filter>
    </ClInclude>
    <ClInclude Include="Include\Patches\CKPE.SkyrimSE.Patch.FixIntersectionTriangle.h">
      <Filter>Patches</Filter>
    </ClInclude>
    <ClInclude Include="Include\Patches\CKPE.SkyrimSE.Patch.FixSpellDlg.h">
      <Filter>Patches</Filter>
    </ClInclude>
    <ClInclude Include="Include\Patches\CKPE.SkyrimSE.Patch.FixWaterType.h">
      <Filter>Patches</Filter>
    </ClInclude>
    <ClInclude Include="Include\Patches\CKPE.SkyrimSE.Patch.LipGen.h">
      <Filter>Patches</Filter>
    </ClInclude>
    <ClInclude Include="Include\Patches\CKPE.SkyrimSE.Patch.MemoryLeakInPreviewWindow.h">
      <Filter>Patches</Filter>
    </ClInclude>
    <ClInclude Include="Include\Patches\CKPE.SkyrimSE.Patch.UpdateUIWhenFogToggled.h">
      <Filter>Patches</Filter>
    </ClInclude>
    <ClInclude Include="Include\Patches\CKPE.SkyrimSE.Patch.ModernThemePatchAdditional.h">
      <Filter>Patches</Filter>
    </ClInclude>
    <ClInclude Include="Include\Patches\CKPE.SkyrimSE.Patch.RuntimeOptimization.h">
      <Filter>Patches</Filter>
    </ClInclude>
    <ClInclude Include="Include\EditorAPI\NiAPI\NiFlags.h">
      <Filter>EditorAPI\NiAPI</Filter>
    </ClInclude>
    <ClInclude Include="Include\EditorAPI\BSSystemFile.h">
      <Filter>EditorAPI</Filter>
    </ClInclude>
    <ClInclude Include="Include\Patches\CKPE.SkyrimSE.Patch.MiscMessages.h">
      <Filter>Patches</Filter>
    </ClInclude>
    <ClInclude Include="Include\Patches\CKPE.SkyrimSE.Patch.FixRecordSoundCapture.h">
      <Filter>Patches</Filter>
    </ClInclude>
    <ClInclude Include="Include\Patches\CKPE.SkyrimSE.Patch.CrashInvalidStrings.h">
      <Filter>Patches</Filter>
    </ClInclude>
    <ClInclude Include="Include\EditorAPI\BSLock.h">
      <Filter>EditorAPI</Filter>
    </ClInclude>
    <ClInclude Include="Include\EditorAPI\BaseFormComponent.h">
      <Filter>EditorAPI</Filter>
    </ClInclude>
    <ClInclude Include="Include\EditorAPI\TESFullName.h">
      <Filter>EditorAPI</Filter>
    </ClInclude>
    <ClInclude Include="Include\EditorAPI\BSSpinLock.h">
      <Filter>EditorAPI</Filter>
    </ClInclude>
    <ClInclude Include="Include\EditorAPI\BSExtraData.h">
      <Filter>EditorAPI</Filter>
    </ClInclude>
    <ClInclude Include="Include\EditorAPI\BGSPrimitive.h">
      <Filter>EditorAPI</Filter>
    </ClInclude>
    <ClInclude Include="Include\EditorAPI\BSLines.h">
      <Filter>EditorAPI</Filter>
    </ClInclude>
    <ClInclude Include="Include\EditorAPI\BSFadeNode.h">
      <Filter>EditorAPI</Filter>
    </ClInclude>
    <ClInclude Include="Include\EditorAPI\BSOcclusionPlane.h">
      <Filter>EditorAPI</Filter>
    </ClInclude>
  </ItemGroup>
  <ItemGroup>
    <ResourceCompile Include="resource.rc">
      <Filter>Resources</Filter>
    </ResourceCompile>
    <ResourceCompile Include="resource_version.rc">
      <Filter>Version</Filter>
    </ResourceCompile>
  </ItemGroup>
  <ItemGroup>
    <FxCompile Include="..\Shaders\TAA_PS.hlsl">
      <Filter>Shaders</Filter>
    </FxCompile>
    <FxCompile Include="..\Shaders\FXAA_PS.hlsl">
      <Filter>Shaders</Filter>
    </FxCompile>
    <FxCompile Include="..\Shaders\FXAA_VS.hlsl">
      <Filter>Shaders</Filter>
    </FxCompile>
  </ItemGroup>
  <ItemGroup>
    <Text Include="build_version.txt">
      <Filter>Version</Filter>
    </Text>
  </ItemGroup>
</Project>