<?xml version="1.0" encoding="utf-8"?>
<Project ToolsVersion="4.0" xmlns="http://schemas.microsoft.com/developer/msbuild/2003">
  <ItemGroup>
    <ClCompile Include="dllmain.cpp" />
    <ClCompile Include="Src\CKPE.SkyrimSE.VersionLists.cpp">
      <Filter>API</Filter>
    </ClCompile>
    <ClCompile Include="Src\CKPE.SkyrimSE.Runner.cpp">
      <Filter>API</Filter>
    </ClCompile>
    <ClCompile Include="Src\Patches\CKPE.SkyrimSE.Patch.AllowMultipleWindowAndMaster.cpp">
      <Filter>Patches</Filter>
    </ClCompile>
  </ItemGroup>
  <ItemGroup>
    <Filter Include="API">
      <UniqueIdentifier>{8d7d4588-e831-422b-8969-11e8c27027fa}</UniqueIdentifier>
    </Filter>
    <Filter Include="Patches">
      <UniqueIdentifier>{f29e8527-fb38-4e74-b15a-ec117511f614}</UniqueIdentifier>
    </Filter>
    <Filter Include="SkyrimSEAPI">
      <UniqueIdentifier>{756a1126-b758-4597-9975-5e703fe6b336}</UniqueIdentifier>
    </Filter>
  </ItemGroup>
  <ItemGroup>
    <ClInclude Include="Include\CKPE.SkyrimSE.VersionLists.h">
      <Filter>API</Filter>
    </ClInclude>
    <ClInclude Include="Include\CKPE.SkyrimSE.Runner.h">
      <Filter>API</Filter>
    </ClInclude>
    <ClInclude Include="Include\Patches\CKPE.SkyrimSE.Patch.AllowMultipleWindowAndMaster.h">
      <Filter>Patches</Filter>
    </ClInclude>
  </ItemGroup>
  <ItemGroup>
    <ResourceCompile Include="resource_version.rc" />
  </ItemGroup>
  <ItemGroup>
    <Text Include="build_version.txt" />
  </ItemGroup>
</Project>