<?xml version="1.0" encoding="utf-8"?>
<Project ToolsVersion="4.0" xmlns="http://schemas.microsoft.com/developer/msbuild/2003">
  <ItemGroup>
    <ClCompile Include="dllmain.cpp" />
    <ClCompile Include="Src\CKPE.Starfield.VersionLists.cpp">
      <Filter>API</Filter>
    </ClCompile>
    <ClCompile Include="Src\CKPE.Starfield.Runner.cpp">
      <Filter>API</Filter>
    </ClCompile>
    <ClCompile Include="Src\Patches\CKPE.Starfield.Patch.AllowMultipleWindowAndMaster.cpp">
      <Filter>Patches</Filter>
    </ClCompile>
    <ClCompile Include="Src\Patches\CKPE.Starfield.Patch.RemoveCheckDriver.cpp">
      <Filter>Patches</Filter>
    </ClCompile>
    <ClCompile Include="Src\Patches\CKPE.Starfield.Patch.RunAppWithoutNet.cpp">
      <Filter>Patches</Filter>
    </ClCompile>
    <ClCompile Include="Src\Patches\CKPE.Starfield.Patch.CellViewWindow.cpp">
      <Filter>Patches</Filter>
    </ClCompile>
    <ClCompile Include="Src\Patches\CKPE.Starfield.Patch.MemoryManager.cpp">
      <Filter>Patches</Filter>
    </ClCompile>
    <ClCompile Include="Src\EditorAPI\BSString.cpp">
      <Filter>EditorAPI</Filter>
    </ClCompile>
    <ClCompile Include="Src\EditorAPI\BSSimpleLock.cpp">
      <Filter>EditorAPI</Filter>
    </ClCompile>
    <ClCompile Include="Src\EditorAPI\BSSpinLock.cpp">
      <Filter>EditorAPI</Filter>
    </ClCompile>
    <ClCompile Include="Src\EditorAPI\NiAPI\NiMemoryManager.cpp">
      <Filter>EditorAPI\NiAPI</Filter>
    </ClCompile>
  </ItemGroup>
  <ItemGroup>
    <Filter Include="API">
      <UniqueIdentifier>{8d7d4588-e831-422b-8969-11e8c27027fa}</UniqueIdentifier>
    </Filter>
    <Filter Include="Patches">
      <UniqueIdentifier>{3321cb66-f02c-41eb-b161-58b9c1fe856a}</UniqueIdentifier>
    </Filter>
    <Filter Include="EditorAPI">
      <UniqueIdentifier>{abb0447e-2dc9-4164-b499-045d8e1d4d05}</UniqueIdentifier>
    </Filter>
    <Filter Include="Version">
      <UniqueIdentifier>{f36cf06f-c45e-44a6-82d7-271575e5f223}</UniqueIdentifier>
    </Filter>
    <Filter Include="EditorAPI\NiAPI">
      <UniqueIdentifier>{2b674e23-8536-4174-b7ac-d52e42336517}</UniqueIdentifier>
    </Filter>
    <Filter Include="EditorAPI\Forms">
      <UniqueIdentifier>{174145f0-a3c1-4616-896c-a278ea5bc157}</UniqueIdentifier>
    </Filter>
  </ItemGroup>
  <ItemGroup>
    <ClInclude Include="Include\CKPE.Starfield.VersionLists.h">
      <Filter>API</Filter>
    </ClInclude>
    <ClInclude Include="Include\CKPE.Starfield.Runner.h">
      <Filter>API</Filter>
    </ClInclude>
    <ClInclude Include="Include\Patches\CKPE.Starfield.Patch.AllowMultipleWindowAndMaster.h">
      <Filter>Patches</Filter>
    </ClInclude>
    <ClInclude Include="resource_version.h">
      <Filter>Version</Filter>
    </ClInclude>
    <ClInclude Include="Include\Patches\CKPE.Starfield.Patch.RemoveCheckDriver.h">
      <Filter>Patches</Filter>
    </ClInclude>
    <ClInclude Include="Include\Patches\CKPE.Starfield.Patch.RunAppWithoutNet.h">
      <Filter>Patches</Filter>
    </ClInclude>
    <ClInclude Include="Include\Patches\CKPE.Starfield.Patch.CellViewWindow.h">
      <Filter>Patches</Filter>
    </ClInclude>
    <ClInclude Include="Include\Patches\CKPE.Starfield.Patch.MemoryManager.h">
      <Filter>Patches</Filter>
    </ClInclude>
    <ClInclude Include="Include\EditorAPI\BSTArray.h">
      <Filter>EditorAPI</Filter>
    </ClInclude>
    <ClInclude Include="Include\EditorAPI\BSTList.h">
      <Filter>EditorAPI</Filter>
    </ClInclude>
    <ClInclude Include="Include\EditorAPI\BSSimpleLock.h">
      <Filter>EditorAPI</Filter>
    </ClInclude>
    <ClInclude Include="Include\EditorAPI\BSSpinLock.h">
      <Filter>EditorAPI</Filter>
    </ClInclude>
    <ClInclude Include="Include\EditorAPI\BSString.h">
      <Filter>EditorAPI</Filter>
    </ClInclude>
    <ClInclude Include="Include\EditorAPI\BSStringCache.h">
      <Filter>EditorAPI</Filter>
    </ClInclude>
    <ClInclude Include="Include\EditorAPI\NiAPI\NiMemoryManager.h">
      <Filter>EditorAPI\NiAPI</Filter>
    </ClInclude>
  </ItemGroup>
  <ItemGroup>
    <ResourceCompile Include="resource_version.rc">
      <Filter>Version</Filter>
    </ResourceCompile>
  </ItemGroup>
  <ItemGroup>
    <Text Include="build_version.txt">
      <Filter>Version</Filter>
    </Text>
  </ItemGroup>
</Project>